// !$*UTF8*$!
{
    archiveVersion = 1;
    classes = {
    };
    objectVersion = 46;
    objects = {

/* Begin PBXAggregateTarget section */
		D17998CCD179A83E00000006 /* ejs.mod */ = {
			isa = PBXAggregateTarget;
			buildConfigurationList = D17998CCD179A83E00000005 /* Build configuration list for PBXAggregateTarget "ejs.mod" */;
			buildPhases = (
				D17998CCD179A83E00000007,
			);
			dependencies = (
				D17998CCD179A83E00000008 /* PBXTargetDependency ejsc */,
				D17998CCD179A83E00000009 /* PBXTargetDependency Prep */,
			);
			name = ejs.mod;
			productName = ejs.mod;
		};
		D17998CCD179A83E0000000B /* http-ca-crt */ = {
			isa = PBXAggregateTarget;
			buildConfigurationList = D17998CCD179A83E0000000A /* Build configuration list for PBXAggregateTarget "http-ca-crt" */;
			buildPhases = (
				D17998CCD179A83E0000000C,
			);
			dependencies = (
				D17998CCD179A83E0000000D /* PBXTargetDependency Prep */,
			);
			name = http-ca-crt;
			productName = http-ca-crt;
		};
		D17998CCD179A83E0000000F /* me-core */ = {
			isa = PBXAggregateTarget;
			buildConfigurationList = D17998CCD179A83E0000000E /* Build configuration list for PBXAggregateTarget "me-core" */;
			buildPhases = (
				D17998CCD179A83E00000010,
			);
			dependencies = (
				D17998CCD179A83E00000011 /* PBXTargetDependency Prep */,
			);
			name = me-core;
			productName = me-core;
		};
		D17998CCD179A83E00000013 /* All */ = {
			isa = PBXAggregateTarget;
			buildConfigurationList = D17998CCD179A83E00000012 /* Build configuration list for PBXAggregateTarget "All" */;
			buildPhases = (
				
			);
			dependencies = (
				D17998CCD179A83E00000014 /* PBXTargetDependency ejs.mod */,
				D17998CCD179A83E00000015 /* PBXTargetDependency ejsc */,
				D17998CCD179A83E00000016 /* PBXTargetDependency ejscmd */,
				D17998CCD179A83E00000017 /* PBXTargetDependency http-ca-crt */,
				D17998CCD179A83E00000018 /* PBXTargetDependency httpcmd */,
				D17998CCD179A83E00000019 /* PBXTargetDependency libejs */,
				D17998CCD179A83E0000001A /* PBXTargetDependency libest */,
				D17998CCD179A83E0000001B /* PBXTargetDependency libhttp */,
				D17998CCD179A83E0000001C /* PBXTargetDependency libmpr */,
				D17998CCD179A83E0000001D /* PBXTargetDependency libmprssl */,
				D17998CCD179A83E0000001E /* PBXTargetDependency libpcre */,
				D17998CCD179A83E0000001F /* PBXTargetDependency libzlib */,
				D17998CCD179A83E00000020 /* PBXTargetDependency me */,
				D17998CCD179A83E00000021 /* PBXTargetDependency me-core */,
			);
			name = All;
			productName = All;
		};
		D17998CCD179A83E00000023 /* Prep */ = {
			isa = PBXAggregateTarget;
			buildConfigurationList = D17998CCD179A83E00000022 /* Build configuration list for PBXAggregateTarget "Prep" */;
			buildPhases = (
				D17998CCD179A83E00000024,
			);
			dependencies = (
			);
			name = Prep;
			productName = Prep;
		};
/* End PBXAggregateTarget section */

/* Begin PBXBuildFile section */
		D17998CCD179A83E00000025 /* ejsc.c in Sources */ = {isa = PBXBuildFile; fileRef = D17998CCD179A83E00000026 /* ejsc.c */; };
		D17998CCD179A83E00000027 /* ejs.c in Sources */ = {isa = PBXBuildFile; fileRef = D17998CCD179A83E00000028 /* ejs.c */; };
		D17998CCD179A83E00000029 /* http.c in Sources */ = {isa = PBXBuildFile; fileRef = D17998CCD179A83E0000002A /* http.c */; };
		D17998CCD179A83E0000002B /* ejsLib.c in Sources */ = {isa = PBXBuildFile; fileRef = D17998CCD179A83E0000002C /* ejsLib.c */; };
		D17998CCD179A83E0000002D /* estLib.c in Sources */ = {isa = PBXBuildFile; fileRef = D17998CCD179A83E0000002E /* estLib.c */; };
		D17998CCD179A83E0000002F /* httpLib.c in Sources */ = {isa = PBXBuildFile; fileRef = D17998CCD179A83E00000030 /* httpLib.c */; };
		D17998CCD179A83E00000031 /* mprLib.c in Sources */ = {isa = PBXBuildFile; fileRef = D17998CCD179A83E00000032 /* mprLib.c */; };
		D17998CCD179A83E00000033 /* mprSsl.c in Sources */ = {isa = PBXBuildFile; fileRef = D17998CCD179A83E00000034 /* mprSsl.c */; };
		D17998CCD179A83E00000035 /* pcre.c in Sources */ = {isa = PBXBuildFile; fileRef = D17998CCD179A83E00000036 /* pcre.c */; };
		D17998CCD179A83E00000037 /* zlib.c in Sources */ = {isa = PBXBuildFile; fileRef = D17998CCD179A83E00000038 /* zlib.c */; };
		D17998CCD179A83E00000039 /* me.c in Sources */ = {isa = PBXBuildFile; fileRef = D17998CCD179A83E0000003A /* me.c */; };
		D17998CCD179A83E0000003B /* libejs.dylib for ejsc */ = {isa = PBXBuildFile; fileRef = D17998CCD179A83E0000003C; };
		D17998CCD179A83E0000003D /* libhttp.dylib for ejsc */ = {isa = PBXBuildFile; fileRef = D17998CCD179A83E0000003E; };
		D17998CCD179A83E0000003F /* libmpr.dylib for ejsc */ = {isa = PBXBuildFile; fileRef = D17998CCD179A83E00000040; };
		D17998CCD179A83E00000041 /* libpcre.dylib for ejsc */ = {isa = PBXBuildFile; fileRef = D17998CCD179A83E00000042; };
		D17998CCD179A83E00000043 /* libzlib.dylib for ejsc */ = {isa = PBXBuildFile; fileRef = D17998CCD179A83E00000044; };
		D17998CCD179A83E00000045 /* libejs.dylib for ejscmd */ = {isa = PBXBuildFile; fileRef = D17998CCD179A83E0000003C; };
		D17998CCD179A83E00000046 /* libhttp.dylib for ejscmd */ = {isa = PBXBuildFile; fileRef = D17998CCD179A83E0000003E; };
		D17998CCD179A83E00000047 /* libmpr.dylib for ejscmd */ = {isa = PBXBuildFile; fileRef = D17998CCD179A83E00000040; };
		D17998CCD179A83E00000048 /* libpcre.dylib for ejscmd */ = {isa = PBXBuildFile; fileRef = D17998CCD179A83E00000042; };
		D17998CCD179A83E00000049 /* libzlib.dylib for ejscmd */ = {isa = PBXBuildFile; fileRef = D17998CCD179A83E00000044; };
		D17998CCD179A83E0000004A /* libhttp.dylib for httpcmd */ = {isa = PBXBuildFile; fileRef = D17998CCD179A83E0000003E; };
		D17998CCD179A83E0000004B /* libmpr.dylib for httpcmd */ = {isa = PBXBuildFile; fileRef = D17998CCD179A83E00000040; };
		D17998CCD179A83E0000004C /* libpcre.dylib for httpcmd */ = {isa = PBXBuildFile; fileRef = D17998CCD179A83E00000042; };
		D17998CCD179A83E0000004D /* libhttp.dylib for libejs */ = {isa = PBXBuildFile; fileRef = D17998CCD179A83E0000003E; };
		D17998CCD179A83E0000004E /* libmpr.dylib for libejs */ = {isa = PBXBuildFile; fileRef = D17998CCD179A83E00000040; };
		D17998CCD179A83E0000004F /* libpcre.dylib for libejs */ = {isa = PBXBuildFile; fileRef = D17998CCD179A83E00000042; };
		D17998CCD179A83E00000050 /* libzlib.dylib for libejs */ = {isa = PBXBuildFile; fileRef = D17998CCD179A83E00000044; };
		D17998CCD179A83E00000051 /* libmpr.dylib for libhttp */ = {isa = PBXBuildFile; fileRef = D17998CCD179A83E00000040; };
		D17998CCD179A83E00000052 /* libpcre.dylib for libhttp */ = {isa = PBXBuildFile; fileRef = D17998CCD179A83E00000042; };
		D17998CCD179A83E00000053 /* libmpr.dylib for libmprssl */ = {isa = PBXBuildFile; fileRef = D17998CCD179A83E00000040; };
		D17998CCD179A83E00000054 /* libest.dylib for libmprssl */ = {isa = PBXBuildFile; fileRef = D17998CCD179A83E00000055; };
		D17998CCD179A83E00000056 /* libmpr.dylib for me */ = {isa = PBXBuildFile; fileRef = D17998CCD179A83E00000040; };
		D17998CCD179A83E00000057 /* libhttp.dylib for me */ = {isa = PBXBuildFile; fileRef = D17998CCD179A83E0000003E; };
		D17998CCD179A83E00000058 /* libpcre.dylib for me */ = {isa = PBXBuildFile; fileRef = D17998CCD179A83E00000042; };
		D17998CCD179A83E00000059 /* libejs.dylib for me */ = {isa = PBXBuildFile; fileRef = D17998CCD179A83E0000003C; };
		D17998CCD179A83E0000005A /* libzlib.dylib for me */ = {isa = PBXBuildFile; fileRef = D17998CCD179A83E00000044; };
/* End PBXBuildFile section */

/* Begin PBXContainerItemProxy section */
		D17998CCD179A83E0000005B /* PBXContainerItemProxy Prep from ejs.mod */ = {
			isa = PBXContainerItemProxy;
			containerPortal = D17998CCD179A83E00000001 /* Project object */;
			proxyType = 1;
			remoteGlobalIDString = D17998CCD179A83E00000023;
			remoteInfo = Prep;
		};
		D17998CCD179A83E0000005C /* PBXContainerItemProxy libmpr from ejs.mod */ = {
			isa = PBXContainerItemProxy;
			containerPortal = D17998CCD179A83E00000001 /* Project object */;
			proxyType = 1;
			remoteGlobalIDString = D17998CCD179A83E0000005D;
			remoteInfo = libmpr;
		};
		D17998CCD179A83E0000005E /* PBXContainerItemProxy libpcre from ejs.mod */ = {
			isa = PBXContainerItemProxy;
			containerPortal = D17998CCD179A83E00000001 /* Project object */;
			proxyType = 1;
			remoteGlobalIDString = D17998CCD179A83E0000005F;
			remoteInfo = libpcre;
		};
		D17998CCD179A83E00000060 /* PBXContainerItemProxy libhttp from ejs.mod */ = {
			isa = PBXContainerItemProxy;
			containerPortal = D17998CCD179A83E00000001 /* Project object */;
			proxyType = 1;
			remoteGlobalIDString = D17998CCD179A83E00000061;
			remoteInfo = libhttp;
		};
		D17998CCD179A83E00000062 /* PBXContainerItemProxy libzlib from ejs.mod */ = {
			isa = PBXContainerItemProxy;
			containerPortal = D17998CCD179A83E00000001 /* Project object */;
			proxyType = 1;
			remoteGlobalIDString = D17998CCD179A83E00000063;
			remoteInfo = libzlib;
		};
		D17998CCD179A83E00000064 /* PBXContainerItemProxy libejs from ejs.mod */ = {
			isa = PBXContainerItemProxy;
			containerPortal = D17998CCD179A83E00000001 /* Project object */;
			proxyType = 1;
			remoteGlobalIDString = D17998CCD179A83E00000065;
			remoteInfo = libejs;
		};
		D17998CCD179A83E00000066 /* PBXContainerItemProxy ejsc from ejs.mod */ = {
			isa = PBXContainerItemProxy;
			containerPortal = D17998CCD179A83E00000001 /* Project object */;
			proxyType = 1;
			remoteGlobalIDString = D17998CCD179A83E00000067;
			remoteInfo = ejsc;
		};
		D17998CCD179A83E00000068 /* PBXContainerItemProxy Prep from ejsc */ = {
			isa = PBXContainerItemProxy;
			containerPortal = D17998CCD179A83E00000001 /* Project object */;
			proxyType = 1;
			remoteGlobalIDString = D17998CCD179A83E00000023;
			remoteInfo = Prep;
		};
		D17998CCD179A83E00000069 /* PBXContainerItemProxy libmpr from ejsc */ = {
			isa = PBXContainerItemProxy;
			containerPortal = D17998CCD179A83E00000001 /* Project object */;
			proxyType = 1;
			remoteGlobalIDString = D17998CCD179A83E0000005D;
			remoteInfo = libmpr;
		};
		D17998CCD179A83E0000006A /* PBXContainerItemProxy libpcre from ejsc */ = {
			isa = PBXContainerItemProxy;
			containerPortal = D17998CCD179A83E00000001 /* Project object */;
			proxyType = 1;
			remoteGlobalIDString = D17998CCD179A83E0000005F;
			remoteInfo = libpcre;
		};
		D17998CCD179A83E0000006B /* PBXContainerItemProxy libhttp from ejsc */ = {
			isa = PBXContainerItemProxy;
			containerPortal = D17998CCD179A83E00000001 /* Project object */;
			proxyType = 1;
			remoteGlobalIDString = D17998CCD179A83E00000061;
			remoteInfo = libhttp;
		};
		D17998CCD179A83E0000006C /* PBXContainerItemProxy libzlib from ejsc */ = {
			isa = PBXContainerItemProxy;
			containerPortal = D17998CCD179A83E00000001 /* Project object */;
			proxyType = 1;
			remoteGlobalIDString = D17998CCD179A83E00000063;
			remoteInfo = libzlib;
		};
		D17998CCD179A83E0000006D /* PBXContainerItemProxy libejs from ejsc */ = {
			isa = PBXContainerItemProxy;
			containerPortal = D17998CCD179A83E00000001 /* Project object */;
			proxyType = 1;
			remoteGlobalIDString = D17998CCD179A83E00000065;
			remoteInfo = libejs;
		};
		D17998CCD179A83E0000006E /* PBXContainerItemProxy Prep from ejscmd */ = {
			isa = PBXContainerItemProxy;
			containerPortal = D17998CCD179A83E00000001 /* Project object */;
			proxyType = 1;
			remoteGlobalIDString = D17998CCD179A83E00000023;
			remoteInfo = Prep;
		};
		D17998CCD179A83E0000006F /* PBXContainerItemProxy libmpr from ejscmd */ = {
			isa = PBXContainerItemProxy;
			containerPortal = D17998CCD179A83E00000001 /* Project object */;
			proxyType = 1;
			remoteGlobalIDString = D17998CCD179A83E0000005D;
			remoteInfo = libmpr;
		};
		D17998CCD179A83E00000070 /* PBXContainerItemProxy libpcre from ejscmd */ = {
			isa = PBXContainerItemProxy;
			containerPortal = D17998CCD179A83E00000001 /* Project object */;
			proxyType = 1;
			remoteGlobalIDString = D17998CCD179A83E0000005F;
			remoteInfo = libpcre;
		};
		D17998CCD179A83E00000071 /* PBXContainerItemProxy libhttp from ejscmd */ = {
			isa = PBXContainerItemProxy;
			containerPortal = D17998CCD179A83E00000001 /* Project object */;
			proxyType = 1;
			remoteGlobalIDString = D17998CCD179A83E00000061;
			remoteInfo = libhttp;
		};
		D17998CCD179A83E00000072 /* PBXContainerItemProxy libzlib from ejscmd */ = {
			isa = PBXContainerItemProxy;
			containerPortal = D17998CCD179A83E00000001 /* Project object */;
			proxyType = 1;
			remoteGlobalIDString = D17998CCD179A83E00000063;
			remoteInfo = libzlib;
		};
		D17998CCD179A83E00000073 /* PBXContainerItemProxy libejs from ejscmd */ = {
			isa = PBXContainerItemProxy;
			containerPortal = D17998CCD179A83E00000001 /* Project object */;
			proxyType = 1;
			remoteGlobalIDString = D17998CCD179A83E00000065;
			remoteInfo = libejs;
		};
		D17998CCD179A83E00000074 /* PBXContainerItemProxy Prep from http-ca-crt */ = {
			isa = PBXContainerItemProxy;
			containerPortal = D17998CCD179A83E00000001 /* Project object */;
			proxyType = 1;
			remoteGlobalIDString = D17998CCD179A83E00000023;
			remoteInfo = Prep;
		};
		D17998CCD179A83E00000075 /* PBXContainerItemProxy Prep from httpcmd */ = {
			isa = PBXContainerItemProxy;
			containerPortal = D17998CCD179A83E00000001 /* Project object */;
			proxyType = 1;
			remoteGlobalIDString = D17998CCD179A83E00000023;
			remoteInfo = Prep;
		};
		D17998CCD179A83E00000076 /* PBXContainerItemProxy libmpr from httpcmd */ = {
			isa = PBXContainerItemProxy;
			containerPortal = D17998CCD179A83E00000001 /* Project object */;
			proxyType = 1;
			remoteGlobalIDString = D17998CCD179A83E0000005D;
			remoteInfo = libmpr;
		};
		D17998CCD179A83E00000077 /* PBXContainerItemProxy libpcre from httpcmd */ = {
			isa = PBXContainerItemProxy;
			containerPortal = D17998CCD179A83E00000001 /* Project object */;
			proxyType = 1;
			remoteGlobalIDString = D17998CCD179A83E0000005F;
			remoteInfo = libpcre;
		};
		D17998CCD179A83E00000078 /* PBXContainerItemProxy libhttp from httpcmd */ = {
			isa = PBXContainerItemProxy;
			containerPortal = D17998CCD179A83E00000001 /* Project object */;
			proxyType = 1;
			remoteGlobalIDString = D17998CCD179A83E00000061;
			remoteInfo = libhttp;
		};
		D17998CCD179A83E00000079 /* PBXContainerItemProxy Prep from libejs */ = {
			isa = PBXContainerItemProxy;
			containerPortal = D17998CCD179A83E00000001 /* Project object */;
			proxyType = 1;
			remoteGlobalIDString = D17998CCD179A83E00000023;
			remoteInfo = Prep;
		};
		D17998CCD179A83E0000007A /* PBXContainerItemProxy libmpr from libejs */ = {
			isa = PBXContainerItemProxy;
			containerPortal = D17998CCD179A83E00000001 /* Project object */;
			proxyType = 1;
			remoteGlobalIDString = D17998CCD179A83E0000005D;
			remoteInfo = libmpr;
		};
		D17998CCD179A83E0000007B /* PBXContainerItemProxy libpcre from libejs */ = {
			isa = PBXContainerItemProxy;
			containerPortal = D17998CCD179A83E00000001 /* Project object */;
			proxyType = 1;
			remoteGlobalIDString = D17998CCD179A83E0000005F;
			remoteInfo = libpcre;
		};
		D17998CCD179A83E0000007C /* PBXContainerItemProxy libhttp from libejs */ = {
			isa = PBXContainerItemProxy;
			containerPortal = D17998CCD179A83E00000001 /* Project object */;
			proxyType = 1;
			remoteGlobalIDString = D17998CCD179A83E00000061;
			remoteInfo = libhttp;
		};
		D17998CCD179A83E0000007D /* PBXContainerItemProxy libzlib from libejs */ = {
			isa = PBXContainerItemProxy;
			containerPortal = D17998CCD179A83E00000001 /* Project object */;
			proxyType = 1;
			remoteGlobalIDString = D17998CCD179A83E00000063;
			remoteInfo = libzlib;
		};
		D17998CCD179A83E0000007E /* PBXContainerItemProxy Prep from libest */ = {
			isa = PBXContainerItemProxy;
			containerPortal = D17998CCD179A83E00000001 /* Project object */;
			proxyType = 1;
			remoteGlobalIDString = D17998CCD179A83E00000023;
			remoteInfo = Prep;
		};
		D17998CCD179A83E0000007F /* PBXContainerItemProxy Prep from libhttp */ = {
			isa = PBXContainerItemProxy;
			containerPortal = D17998CCD179A83E00000001 /* Project object */;
			proxyType = 1;
			remoteGlobalIDString = D17998CCD179A83E00000023;
			remoteInfo = Prep;
		};
		D17998CCD179A83E00000080 /* PBXContainerItemProxy libmpr from libhttp */ = {
			isa = PBXContainerItemProxy;
			containerPortal = D17998CCD179A83E00000001 /* Project object */;
			proxyType = 1;
			remoteGlobalIDString = D17998CCD179A83E0000005D;
			remoteInfo = libmpr;
		};
		D17998CCD179A83E00000081 /* PBXContainerItemProxy libpcre from libhttp */ = {
			isa = PBXContainerItemProxy;
			containerPortal = D17998CCD179A83E00000001 /* Project object */;
			proxyType = 1;
			remoteGlobalIDString = D17998CCD179A83E0000005F;
			remoteInfo = libpcre;
		};
		D17998CCD179A83E00000082 /* PBXContainerItemProxy Prep from libmpr */ = {
			isa = PBXContainerItemProxy;
			containerPortal = D17998CCD179A83E00000001 /* Project object */;
			proxyType = 1;
			remoteGlobalIDString = D17998CCD179A83E00000023;
			remoteInfo = Prep;
		};
		D17998CCD179A83E00000083 /* PBXContainerItemProxy Prep from libmprssl */ = {
			isa = PBXContainerItemProxy;
			containerPortal = D17998CCD179A83E00000001 /* Project object */;
			proxyType = 1;
			remoteGlobalIDString = D17998CCD179A83E00000023;
			remoteInfo = Prep;
		};
		D17998CCD179A83E00000084 /* PBXContainerItemProxy libmpr from libmprssl */ = {
			isa = PBXContainerItemProxy;
			containerPortal = D17998CCD179A83E00000001 /* Project object */;
			proxyType = 1;
			remoteGlobalIDString = D17998CCD179A83E0000005D;
			remoteInfo = libmpr;
		};
		D17998CCD179A83E00000085 /* PBXContainerItemProxy libest from libmprssl */ = {
			isa = PBXContainerItemProxy;
			containerPortal = D17998CCD179A83E00000001 /* Project object */;
			proxyType = 1;
			remoteGlobalIDString = D17998CCD179A83E00000086;
			remoteInfo = libest;
		};
		D17998CCD179A83E00000087 /* PBXContainerItemProxy Prep from libpcre */ = {
			isa = PBXContainerItemProxy;
			containerPortal = D17998CCD179A83E00000001 /* Project object */;
			proxyType = 1;
			remoteGlobalIDString = D17998CCD179A83E00000023;
			remoteInfo = Prep;
		};
		D17998CCD179A83E00000088 /* PBXContainerItemProxy Prep from libzlib */ = {
			isa = PBXContainerItemProxy;
			containerPortal = D17998CCD179A83E00000001 /* Project object */;
			proxyType = 1;
			remoteGlobalIDString = D17998CCD179A83E00000023;
			remoteInfo = Prep;
		};
		D17998CCD179A83E00000089 /* PBXContainerItemProxy Prep from me */ = {
			isa = PBXContainerItemProxy;
			containerPortal = D17998CCD179A83E00000001 /* Project object */;
			proxyType = 1;
			remoteGlobalIDString = D17998CCD179A83E00000023;
			remoteInfo = Prep;
		};
		D17998CCD179A83E0000008A /* PBXContainerItemProxy libmpr from me */ = {
			isa = PBXContainerItemProxy;
			containerPortal = D17998CCD179A83E00000001 /* Project object */;
			proxyType = 1;
			remoteGlobalIDString = D17998CCD179A83E0000005D;
			remoteInfo = libmpr;
		};
		D17998CCD179A83E0000008B /* PBXContainerItemProxy libpcre from me */ = {
			isa = PBXContainerItemProxy;
			containerPortal = D17998CCD179A83E00000001 /* Project object */;
			proxyType = 1;
			remoteGlobalIDString = D17998CCD179A83E0000005F;
			remoteInfo = libpcre;
		};
		D17998CCD179A83E0000008C /* PBXContainerItemProxy libhttp from me */ = {
			isa = PBXContainerItemProxy;
			containerPortal = D17998CCD179A83E00000001 /* Project object */;
			proxyType = 1;
			remoteGlobalIDString = D17998CCD179A83E00000061;
			remoteInfo = libhttp;
		};
		D17998CCD179A83E0000008D /* PBXContainerItemProxy libzlib from me */ = {
			isa = PBXContainerItemProxy;
			containerPortal = D17998CCD179A83E00000001 /* Project object */;
			proxyType = 1;
			remoteGlobalIDString = D17998CCD179A83E00000063;
			remoteInfo = libzlib;
		};
		D17998CCD179A83E0000008E /* PBXContainerItemProxy libejs from me */ = {
			isa = PBXContainerItemProxy;
			containerPortal = D17998CCD179A83E00000001 /* Project object */;
			proxyType = 1;
			remoteGlobalIDString = D17998CCD179A83E00000065;
			remoteInfo = libejs;
		};
		D17998CCD179A83E0000008F /* PBXContainerItemProxy ejsc from me */ = {
			isa = PBXContainerItemProxy;
			containerPortal = D17998CCD179A83E00000001 /* Project object */;
			proxyType = 1;
			remoteGlobalIDString = D17998CCD179A83E00000067;
			remoteInfo = ejsc;
		};
		D17998CCD179A83E00000090 /* PBXContainerItemProxy Prep from me-core */ = {
			isa = PBXContainerItemProxy;
			containerPortal = D17998CCD179A83E00000001 /* Project object */;
			proxyType = 1;
			remoteGlobalIDString = D17998CCD179A83E00000023;
			remoteInfo = Prep;
		};
		D17998CCD179A83E00000091 /* PBXContainerItemProxy Prep from All */ = {
			isa = PBXContainerItemProxy;
			containerPortal = D17998CCD179A83E00000001 /* Project object */;
			proxyType = 1;
			remoteGlobalIDString = D17998CCD179A83E00000023;
			remoteInfo = Prep;
		};
		D17998CCD179A83E00000092 /* PBXContainerItemProxy libmpr from All */ = {
			isa = PBXContainerItemProxy;
			containerPortal = D17998CCD179A83E00000001 /* Project object */;
			proxyType = 1;
			remoteGlobalIDString = D17998CCD179A83E0000005D;
			remoteInfo = libmpr;
		};
		D17998CCD179A83E00000093 /* PBXContainerItemProxy libpcre from All */ = {
			isa = PBXContainerItemProxy;
			containerPortal = D17998CCD179A83E00000001 /* Project object */;
			proxyType = 1;
			remoteGlobalIDString = D17998CCD179A83E0000005F;
			remoteInfo = libpcre;
		};
		D17998CCD179A83E00000094 /* PBXContainerItemProxy libhttp from All */ = {
			isa = PBXContainerItemProxy;
			containerPortal = D17998CCD179A83E00000001 /* Project object */;
			proxyType = 1;
			remoteGlobalIDString = D17998CCD179A83E00000061;
			remoteInfo = libhttp;
		};
		D17998CCD179A83E00000095 /* PBXContainerItemProxy libzlib from All */ = {
			isa = PBXContainerItemProxy;
			containerPortal = D17998CCD179A83E00000001 /* Project object */;
			proxyType = 1;
			remoteGlobalIDString = D17998CCD179A83E00000063;
			remoteInfo = libzlib;
		};
		D17998CCD179A83E00000096 /* PBXContainerItemProxy libejs from All */ = {
			isa = PBXContainerItemProxy;
			containerPortal = D17998CCD179A83E00000001 /* Project object */;
			proxyType = 1;
			remoteGlobalIDString = D17998CCD179A83E00000065;
			remoteInfo = libejs;
		};
		D17998CCD179A83E00000097 /* PBXContainerItemProxy ejsc from All */ = {
			isa = PBXContainerItemProxy;
			containerPortal = D17998CCD179A83E00000001 /* Project object */;
			proxyType = 1;
			remoteGlobalIDString = D17998CCD179A83E00000067;
			remoteInfo = ejsc;
		};
		D17998CCD179A83E00000098 /* PBXContainerItemProxy ejs.mod from All */ = {
			isa = PBXContainerItemProxy;
			containerPortal = D17998CCD179A83E00000001 /* Project object */;
			proxyType = 1;
			remoteGlobalIDString = D17998CCD179A83E00000006;
			remoteInfo = ejs.mod;
		};
		D17998CCD179A83E00000099 /* PBXContainerItemProxy ejscmd from All */ = {
			isa = PBXContainerItemProxy;
			containerPortal = D17998CCD179A83E00000001 /* Project object */;
			proxyType = 1;
			remoteGlobalIDString = D17998CCD179A83E0000009A;
			remoteInfo = ejscmd;
		};
		D17998CCD179A83E0000009B /* PBXContainerItemProxy http-ca-crt from All */ = {
			isa = PBXContainerItemProxy;
			containerPortal = D17998CCD179A83E00000001 /* Project object */;
			proxyType = 1;
			remoteGlobalIDString = D17998CCD179A83E0000000B;
			remoteInfo = http-ca-crt;
		};
		D17998CCD179A83E0000009C /* PBXContainerItemProxy httpcmd from All */ = {
			isa = PBXContainerItemProxy;
			containerPortal = D17998CCD179A83E00000001 /* Project object */;
			proxyType = 1;
			remoteGlobalIDString = D17998CCD179A83E0000009D;
			remoteInfo = httpcmd;
		};
		D17998CCD179A83E0000009E /* PBXContainerItemProxy libest from All */ = {
			isa = PBXContainerItemProxy;
			containerPortal = D17998CCD179A83E00000001 /* Project object */;
			proxyType = 1;
			remoteGlobalIDString = D17998CCD179A83E00000086;
			remoteInfo = libest;
		};
		D17998CCD179A83E0000009F /* PBXContainerItemProxy libmprssl from All */ = {
			isa = PBXContainerItemProxy;
			containerPortal = D17998CCD179A83E00000001 /* Project object */;
			proxyType = 1;
			remoteGlobalIDString = D17998CCD179A83E000000A0;
			remoteInfo = libmprssl;
		};
		D17998CCD179A83E000000A1 /* PBXContainerItemProxy me from All */ = {
			isa = PBXContainerItemProxy;
			containerPortal = D17998CCD179A83E00000001 /* Project object */;
			proxyType = 1;
			remoteGlobalIDString = D17998CCD179A83E000000A2;
			remoteInfo = me;
		};
		D17998CCD179A83E000000A3 /* PBXContainerItemProxy me-core from All */ = {
			isa = PBXContainerItemProxy;
			containerPortal = D17998CCD179A83E00000001 /* Project object */;
			proxyType = 1;
			remoteGlobalIDString = D17998CCD179A83E0000000F;
			remoteInfo = me-core;
		};
/* End PBXContainerItemProxy section */

/* Begin PBXFileReference section */
		D17998CCD179A83E00000026 /* ejsc.c */ = {isa = PBXFileReference; fileEncoding = 4; lastKnownFileType = sourcecode.c.c; name = ejsc.c; path = src/paks/ejs/ejsc.c; sourceTree = "<group>"; };
		D17998CCD179A83E000000A4 /* me.h */ = {isa = PBXFileReference; fileEncoding = 4; lastKnownFileType = sourcecode.c.h; name = me.h; path = macosx-x64-default/inc/me.h; sourceTree = "<group>"; };
		D17998CCD179A83E000000A5 /* ejs.h */ = {isa = PBXFileReference; fileEncoding = 4; lastKnownFileType = sourcecode.c.h; name = ejs.h; path = macosx-x64-default/inc/ejs.h; sourceTree = "<group>"; };
		D17998CCD179A83E000000A6 /* ejsc */ = {isa = PBXFileReference; explicitFileType = "compiled.mach-o.executable"; includeInIndex = 0; path = ejsc; sourceTree = BUILT_PRODUCTS_DIR; };
		D17998CCD179A83E00000028 /* ejs.c */ = {isa = PBXFileReference; fileEncoding = 4; lastKnownFileType = sourcecode.c.c; name = ejs.c; path = src/paks/ejs/ejs.c; sourceTree = "<group>"; };
		D17998CCD179A83E000000A7 /* ejscmd */ = {isa = PBXFileReference; explicitFileType = "compiled.mach-o.executable"; includeInIndex = 0; path = ejs; sourceTree = BUILT_PRODUCTS_DIR; };
		D17998CCD179A83E0000002A /* http.c */ = {isa = PBXFileReference; fileEncoding = 4; lastKnownFileType = sourcecode.c.c; name = http.c; path = src/paks/http/http.c; sourceTree = "<group>"; };
		D17998CCD179A83E000000A8 /* http.h */ = {isa = PBXFileReference; fileEncoding = 4; lastKnownFileType = sourcecode.c.h; name = http.h; path = macosx-x64-default/inc/http.h; sourceTree = "<group>"; };
		D17998CCD179A83E000000A9 /* httpcmd */ = {isa = PBXFileReference; explicitFileType = "compiled.mach-o.executable"; includeInIndex = 0; path = http; sourceTree = BUILT_PRODUCTS_DIR; };
		D17998CCD179A83E0000002C /* ejsLib.c */ = {isa = PBXFileReference; fileEncoding = 4; lastKnownFileType = sourcecode.c.c; name = ejsLib.c; path = src/paks/ejs/ejsLib.c; sourceTree = "<group>"; };
		D17998CCD179A83E000000AA /* mpr.h */ = {isa = PBXFileReference; fileEncoding = 4; lastKnownFileType = sourcecode.c.h; name = mpr.h; path = macosx-x64-default/inc/mpr.h; sourceTree = "<group>"; };
		D17998CCD179A83E000000AB /* pcre.h */ = {isa = PBXFileReference; fileEncoding = 4; lastKnownFileType = sourcecode.c.h; name = pcre.h; path = macosx-x64-default/inc/pcre.h; sourceTree = "<group>"; };
		D17998CCD179A83E000000AC /* osdep.h */ = {isa = PBXFileReference; fileEncoding = 4; lastKnownFileType = sourcecode.c.h; name = osdep.h; path = macosx-x64-default/inc/osdep.h; sourceTree = "<group>"; };
		D17998CCD179A83E000000AD /* ejs.slots.h */ = {isa = PBXFileReference; fileEncoding = 4; lastKnownFileType = sourcecode.c.h; name = ejs.slots.h; path = macosx-x64-default/inc/ejs.slots.h; sourceTree = "<group>"; };
		D17998CCD179A83E000000AE /* zlib.h */ = {isa = PBXFileReference; fileEncoding = 4; lastKnownFileType = sourcecode.c.h; name = zlib.h; path = macosx-x64-default/inc/zlib.h; sourceTree = "<group>"; };
		D17998CCD179A83E0000003C /* libejs */ = {isa = PBXFileReference; explicitFileType = "compiled.mach-o.dylib"; includeInIndex = 0; path = libejs.dylib; sourceTree = BUILT_PRODUCTS_DIR; };
		D17998CCD179A83E0000002E /* estLib.c */ = {isa = PBXFileReference; fileEncoding = 4; lastKnownFileType = sourcecode.c.c; name = estLib.c; path = src/paks/est/estLib.c; sourceTree = "<group>"; };
		D17998CCD179A83E000000AF /* est.h */ = {isa = PBXFileReference; fileEncoding = 4; lastKnownFileType = sourcecode.c.h; name = est.h; path = macosx-x64-default/inc/est.h; sourceTree = "<group>"; };
		D17998CCD179A83E00000055 /* libest */ = {isa = PBXFileReference; explicitFileType = "compiled.mach-o.dylib"; includeInIndex = 0; path = libest.dylib; sourceTree = BUILT_PRODUCTS_DIR; };
		D17998CCD179A83E00000030 /* httpLib.c */ = {isa = PBXFileReference; fileEncoding = 4; lastKnownFileType = sourcecode.c.c; name = httpLib.c; path = src/paks/http/httpLib.c; sourceTree = "<group>"; };
		D17998CCD179A83E0000003E /* libhttp */ = {isa = PBXFileReference; explicitFileType = "compiled.mach-o.dylib"; includeInIndex = 0; path = libhttp.dylib; sourceTree = BUILT_PRODUCTS_DIR; };
		D17998CCD179A83E00000032 /* mprLib.c */ = {isa = PBXFileReference; fileEncoding = 4; lastKnownFileType = sourcecode.c.c; name = mprLib.c; path = src/paks/mpr/mprLib.c; sourceTree = "<group>"; };
		D17998CCD179A83E00000040 /* libmpr */ = {isa = PBXFileReference; explicitFileType = "compiled.mach-o.dylib"; includeInIndex = 0; path = libmpr.dylib; sourceTree = BUILT_PRODUCTS_DIR; };
		D17998CCD179A83E00000034 /* mprSsl.c */ = {isa = PBXFileReference; fileEncoding = 4; lastKnownFileType = sourcecode.c.c; name = mprSsl.c; path = src/paks/mpr/mprSsl.c; sourceTree = "<group>"; };
		D17998CCD179A83E000000B0 /* libmprssl */ = {isa = PBXFileReference; explicitFileType = "compiled.mach-o.dylib"; includeInIndex = 0; path = libmprssl.dylib; sourceTree = BUILT_PRODUCTS_DIR; };
		D17998CCD179A83E00000036 /* pcre.c */ = {isa = PBXFileReference; fileEncoding = 4; lastKnownFileType = sourcecode.c.c; name = pcre.c; path = src/paks/pcre/pcre.c; sourceTree = "<group>"; };
		D17998CCD179A83E00000042 /* libpcre */ = {isa = PBXFileReference; explicitFileType = "compiled.mach-o.dylib"; includeInIndex = 0; path = libpcre.dylib; sourceTree = BUILT_PRODUCTS_DIR; };
		D17998CCD179A83E00000038 /* zlib.c */ = {isa = PBXFileReference; fileEncoding = 4; lastKnownFileType = sourcecode.c.c; name = zlib.c; path = src/paks/zlib/zlib.c; sourceTree = "<group>"; };
		D17998CCD179A83E00000044 /* libzlib */ = {isa = PBXFileReference; explicitFileType = "compiled.mach-o.dylib"; includeInIndex = 0; path = libzlib.dylib; sourceTree = BUILT_PRODUCTS_DIR; };
		D17998CCD179A83E0000003A /* me.c */ = {isa = PBXFileReference; fileEncoding = 4; lastKnownFileType = sourcecode.c.c; name = me.c; path = src/me.c; sourceTree = "<group>"; };
		D17998CCD179A83E000000B1 /* me */ = {isa = PBXFileReference; explicitFileType = "compiled.mach-o.executable"; includeInIndex = 0; path = me; sourceTree = BUILT_PRODUCTS_DIR; };
/* End PBXFileReference section */

/* Begin PBXFrameworksBuildPhase section */
		D17998CCD179A83E000000B2 /* Frameworks and Libraries for ejsc */ = {
            isa = PBXFrameworksBuildPhase;
            buildActionMask = 2147483647;
            files = (
				D17998CCD179A83E0000003B /* libejs */,
				D17998CCD179A83E0000003D /* libhttp */,
				D17998CCD179A83E0000003F /* libmpr */,
				D17998CCD179A83E00000041 /* libpcre */,
				D17998CCD179A83E00000043 /* libzlib */,				
            );
            runOnlyForDeploymentPostprocessing = 0;
        };
		D17998CCD179A83E000000B3 /* Frameworks and Libraries for ejscmd */ = {
            isa = PBXFrameworksBuildPhase;
            buildActionMask = 2147483647;
            files = (
				D17998CCD179A83E00000045 /* libejs */,
				D17998CCD179A83E00000046 /* libhttp */,
				D17998CCD179A83E00000047 /* libmpr */,
				D17998CCD179A83E00000048 /* libpcre */,
				D17998CCD179A83E00000049 /* libzlib */,				
            );
            runOnlyForDeploymentPostprocessing = 0;
        };
		D17998CCD179A83E000000B4 /* Frameworks and Libraries for httpcmd */ = {
            isa = PBXFrameworksBuildPhase;
            buildActionMask = 2147483647;
            files = (
				D17998CCD179A83E0000004A /* libhttp */,
				D17998CCD179A83E0000004B /* libmpr */,
				D17998CCD179A83E0000004C /* libpcre */,				
            );
            runOnlyForDeploymentPostprocessing = 0;
        };
		D17998CCD179A83E000000B5 /* Frameworks and Libraries for libejs */ = {
            isa = PBXFrameworksBuildPhase;
            buildActionMask = 2147483647;
            files = (
				D17998CCD179A83E0000004D /* libhttp */,
				D17998CCD179A83E0000004E /* libmpr */,
				D17998CCD179A83E0000004F /* libpcre */,
				D17998CCD179A83E00000050 /* libzlib */,				
            );
            runOnlyForDeploymentPostprocessing = 0;
        };
		D17998CCD179A83E000000B6 /* Frameworks and Libraries for libest */ = {
            isa = PBXFrameworksBuildPhase;
            buildActionMask = 2147483647;
            files = (
				
            );
            runOnlyForDeploymentPostprocessing = 0;
        };
		D17998CCD179A83E000000B7 /* Frameworks and Libraries for libhttp */ = {
            isa = PBXFrameworksBuildPhase;
            buildActionMask = 2147483647;
            files = (
				D17998CCD179A83E00000051 /* libmpr */,
				D17998CCD179A83E00000052 /* libpcre */,				
            );
            runOnlyForDeploymentPostprocessing = 0;
        };
		D17998CCD179A83E000000B8 /* Frameworks and Libraries for libmpr */ = {
            isa = PBXFrameworksBuildPhase;
            buildActionMask = 2147483647;
            files = (
				
            );
            runOnlyForDeploymentPostprocessing = 0;
        };
		D17998CCD179A83E000000B9 /* Frameworks and Libraries for libmprssl */ = {
            isa = PBXFrameworksBuildPhase;
            buildActionMask = 2147483647;
            files = (
				D17998CCD179A83E00000053 /* libmpr */,
				D17998CCD179A83E00000054 /* libest */,				
            );
            runOnlyForDeploymentPostprocessing = 0;
        };
		D17998CCD179A83E000000BA /* Frameworks and Libraries for libpcre */ = {
            isa = PBXFrameworksBuildPhase;
            buildActionMask = 2147483647;
            files = (
				
            );
            runOnlyForDeploymentPostprocessing = 0;
        };
		D17998CCD179A83E000000BB /* Frameworks and Libraries for libzlib */ = {
            isa = PBXFrameworksBuildPhase;
            buildActionMask = 2147483647;
            files = (
				
            );
            runOnlyForDeploymentPostprocessing = 0;
        };
		D17998CCD179A83E000000BC /* Frameworks and Libraries for me */ = {
            isa = PBXFrameworksBuildPhase;
            buildActionMask = 2147483647;
            files = (
				D17998CCD179A83E00000056 /* libmpr */,
				D17998CCD179A83E00000057 /* libhttp */,
				D17998CCD179A83E00000058 /* libpcre */,
				D17998CCD179A83E00000059 /* libejs */,
				D17998CCD179A83E0000005A /* libzlib */,				
            );
            runOnlyForDeploymentPostprocessing = 0;
        };
/* End PBXFrameworksBuildPhase section */

/* Begin PBXGroup section */
		D17998CCD179A83E000000BD /* Top Group */ = {
            isa = PBXGroup;
            children = (
				D17998CCD179A83E000000BE /* libejs */,
				D17998CCD179A83E000000BF /* libest */,
				D17998CCD179A83E000000C0 /* libhttp */,
				D17998CCD179A83E000000C1 /* libmpr */,
				D17998CCD179A83E000000C2 /* libmprssl */,
				D17998CCD179A83E000000C3 /* libpcre */,
				D17998CCD179A83E000000C4 /* libzlib */,
				D17998CCD179A83E000000C5 /* ejsc */,
				D17998CCD179A83E000000C6 /* ejscmd */,
				D17998CCD179A83E000000C7 /* httpcmd */,
				D17998CCD179A83E000000C8 /* me */,
				D17998CCD179A83E000000C9 /* Products */,
			);
            sourceTree = "<group>";
        };
		D17998CCD179A83E000000C5 /* ejsc */ = {
            isa = PBXGroup;
            children = (
				D17998CCD179A83E000000A4 /* me.h */,
				D17998CCD179A83E000000A5 /* ejs.h */,
				D17998CCD179A83E00000026 /* ejsc.c */,
			);
            name = "ejsc";
            path = ..;
            sourceTree = SOURCE_ROOT;
        };
		D17998CCD179A83E000000C6 /* ejscmd */ = {
            isa = PBXGroup;
            children = (
				D17998CCD179A83E000000A4 /* me.h */,
				D17998CCD179A83E000000A5 /* ejs.h */,
				D17998CCD179A83E00000028 /* ejs.c */,
			);
            name = "ejscmd";
            path = ..;
            sourceTree = SOURCE_ROOT;
        };
		D17998CCD179A83E000000C7 /* httpcmd */ = {
            isa = PBXGroup;
            children = (
				D17998CCD179A83E000000A4 /* me.h */,
				D17998CCD179A83E000000A8 /* http.h */,
				D17998CCD179A83E0000002A /* http.c */,
			);
            name = "httpcmd";
            path = ..;
            sourceTree = SOURCE_ROOT;
        };
		D17998CCD179A83E000000BE /* libejs */ = {
            isa = PBXGroup;
            children = (
				D17998CCD179A83E000000A4 /* me.h */,
				D17998CCD179A83E000000A5 /* ejs.h */,
				D17998CCD179A83E000000AA /* mpr.h */,
				D17998CCD179A83E000000AB /* pcre.h */,
				D17998CCD179A83E000000AC /* osdep.h */,
				D17998CCD179A83E000000A8 /* http.h */,
				D17998CCD179A83E000000AD /* ejs.slots.h */,
				D17998CCD179A83E000000AE /* zlib.h */,
				D17998CCD179A83E0000002C /* ejsLib.c */,
			);
            name = "libejs";
            path = ..;
            sourceTree = SOURCE_ROOT;
        };
		D17998CCD179A83E000000BF /* libest */ = {
            isa = PBXGroup;
            children = (
				D17998CCD179A83E000000A4 /* me.h */,
				D17998CCD179A83E000000AF /* est.h */,
				D17998CCD179A83E000000AC /* osdep.h */,
				D17998CCD179A83E0000002E /* estLib.c */,
			);
            name = "libest";
            path = ..;
            sourceTree = SOURCE_ROOT;
        };
		D17998CCD179A83E000000C0 /* libhttp */ = {
            isa = PBXGroup;
            children = (
				D17998CCD179A83E000000A4 /* me.h */,
				D17998CCD179A83E000000A8 /* http.h */,
				D17998CCD179A83E000000AA /* mpr.h */,
				D17998CCD179A83E00000030 /* httpLib.c */,
			);
            name = "libhttp";
            path = ..;
            sourceTree = SOURCE_ROOT;
        };
		D17998CCD179A83E000000C1 /* libmpr */ = {
            isa = PBXGroup;
            children = (
				D17998CCD179A83E000000A4 /* me.h */,
				D17998CCD179A83E000000AA /* mpr.h */,
				D17998CCD179A83E000000AC /* osdep.h */,
				D17998CCD179A83E00000032 /* mprLib.c */,
			);
            name = "libmpr";
            path = ..;
            sourceTree = SOURCE_ROOT;
        };
		D17998CCD179A83E000000C2 /* libmprssl */ = {
            isa = PBXGroup;
            children = (
				D17998CCD179A83E000000A4 /* me.h */,
				D17998CCD179A83E000000AA /* mpr.h */,
				D17998CCD179A83E000000AF /* est.h */,
				D17998CCD179A83E00000034 /* mprSsl.c */,
			);
            name = "libmprssl";
            path = ..;
            sourceTree = SOURCE_ROOT;
        };
		D17998CCD179A83E000000C3 /* libpcre */ = {
            isa = PBXGroup;
            children = (
				D17998CCD179A83E000000A4 /* me.h */,
				D17998CCD179A83E000000AB /* pcre.h */,
				D17998CCD179A83E00000036 /* pcre.c */,
			);
            name = "libpcre";
            path = ..;
            sourceTree = SOURCE_ROOT;
        };
		D17998CCD179A83E000000C4 /* libzlib */ = {
            isa = PBXGroup;
            children = (
				D17998CCD179A83E000000A4 /* me.h */,
				D17998CCD179A83E000000AE /* zlib.h */,
				D17998CCD179A83E00000038 /* zlib.c */,
			);
            name = "libzlib";
            path = ..;
            sourceTree = SOURCE_ROOT;
        };
		D17998CCD179A83E000000C8 /* me */ = {
            isa = PBXGroup;
            children = (
				D17998CCD179A83E000000A4 /* me.h */,
				D17998CCD179A83E000000A5 /* ejs.h */,
				D17998CCD179A83E0000003A /* me.c */,
			);
            name = "me";
            path = ..;
            sourceTree = SOURCE_ROOT;
        };
		D17998CCD179A83E000000C9 /* Products */ = {
            isa = PBXGroup;
            children = (
				D17998CCD179A83E000000A6 /* ejsc */,
				D17998CCD179A83E000000A7 /* ejscmd */,
				D17998CCD179A83E000000A9 /* httpcmd */,
				D17998CCD179A83E0000003C /* libejs */,
				D17998CCD179A83E00000055 /* libest */,
				D17998CCD179A83E0000003E /* libhttp */,
				D17998CCD179A83E00000040 /* libmpr */,
				D17998CCD179A83E000000B0 /* libmprssl */,
				D17998CCD179A83E00000042 /* libpcre */,
				D17998CCD179A83E00000044 /* libzlib */,
				D17998CCD179A83E000000B1 /* me */,
			);
            name = "Products";
            path = ..;
            sourceTree = SOURCE_ROOT;
        };
/* End PBXGroup section */

/* Begin PBXNativeTarget section */
		D17998CCD179A83E00000067 /* ejsc */ = {
			isa = PBXNativeTarget;
			buildConfigurationList = D17998CCD179A83E000000CB /* Build configuration list for PBXNativeTarget "ejsc" */;
			buildPhases = (
				D17998CCD179A83E000000CA /* Sources */,
				D17998CCD179A83E000000B2 /* Frameworks */,
			);
			buildRules = (
			);
			dependencies = (
				D17998CCD179A83E000000CC /* Prep */,
				D17998CCD179A83E000000CD /* libmpr */,
				D17998CCD179A83E000000CE /* libpcre */,
				D17998CCD179A83E000000CF /* libhttp */,
				D17998CCD179A83E000000D0 /* libzlib */,
				D17998CCD179A83E000000D1 /* libejs */,				
			);
			name = ejsc;
			productName = me;
			productReference = D17998CCD179A83E000000A6 /* ejsc */;
			productType = "com.apple.product-type.tool";
		};
		D17998CCD179A83E0000009A /* ejscmd */ = {
			isa = PBXNativeTarget;
			buildConfigurationList = D17998CCD179A83E000000D3 /* Build configuration list for PBXNativeTarget "ejscmd" */;
			buildPhases = (
				D17998CCD179A83E000000D2 /* Sources */,
				D17998CCD179A83E000000B3 /* Frameworks */,
			);
			buildRules = (
			);
			dependencies = (
				D17998CCD179A83E000000D4 /* Prep */,
				D17998CCD179A83E000000D5 /* libmpr */,
				D17998CCD179A83E000000D6 /* libpcre */,
				D17998CCD179A83E000000D7 /* libhttp */,
				D17998CCD179A83E000000D8 /* libzlib */,
				D17998CCD179A83E000000D9 /* libejs */,				
			);
			name = ejscmd;
			productName = me;
			productReference = D17998CCD179A83E000000A7 /* ejscmd */;
			productType = "com.apple.product-type.tool";
		};
		D17998CCD179A83E0000009D /* httpcmd */ = {
			isa = PBXNativeTarget;
			buildConfigurationList = D17998CCD179A83E000000DB /* Build configuration list for PBXNativeTarget "httpcmd" */;
			buildPhases = (
				D17998CCD179A83E000000DA /* Sources */,
				D17998CCD179A83E000000B4 /* Frameworks */,
			);
			buildRules = (
			);
			dependencies = (
				D17998CCD179A83E000000DC /* Prep */,
				D17998CCD179A83E000000DD /* libmpr */,
				D17998CCD179A83E000000DE /* libpcre */,
				D17998CCD179A83E000000DF /* libhttp */,				
			);
			name = httpcmd;
			productName = me;
			productReference = D17998CCD179A83E000000A9 /* httpcmd */;
			productType = "com.apple.product-type.tool";
		};
		D17998CCD179A83E00000065 /* libejs */ = {
			isa = PBXNativeTarget;
			buildConfigurationList = D17998CCD179A83E000000E1 /* Build configuration list for PBXNativeTarget "libejs" */;
			buildPhases = (
				D17998CCD179A83E000000E0 /* Sources */,
				D17998CCD179A83E000000B5 /* Frameworks */,
			);
			buildRules = (
			);
			dependencies = (
				D17998CCD179A83E000000E2 /* Prep */,
				D17998CCD179A83E000000E3 /* libmpr */,
				D17998CCD179A83E000000E4 /* libpcre */,
				D17998CCD179A83E000000E5 /* libhttp */,
				D17998CCD179A83E000000E6 /* libzlib */,				
			);
			name = libejs;
			productName = me;
			productReference = D17998CCD179A83E0000003C /* libejs */;
			productType = "com.apple.product-type.library.dynamic";
		};
		D17998CCD179A83E00000086 /* libest */ = {
			isa = PBXNativeTarget;
			buildConfigurationList = D17998CCD179A83E000000E8 /* Build configuration list for PBXNativeTarget "libest" */;
			buildPhases = (
				D17998CCD179A83E000000E7 /* Sources */,
				D17998CCD179A83E000000B6 /* Frameworks */,
			);
			buildRules = (
			);
			dependencies = (
				D17998CCD179A83E000000E9 /* Prep */,				
			);
			name = libest;
			productName = me;
			productReference = D17998CCD179A83E00000055 /* libest */;
			productType = "com.apple.product-type.library.dynamic";
		};
		D17998CCD179A83E00000061 /* libhttp */ = {
			isa = PBXNativeTarget;
			buildConfigurationList = D17998CCD179A83E000000EB /* Build configuration list for PBXNativeTarget "libhttp" */;
			buildPhases = (
				D17998CCD179A83E000000EA /* Sources */,
				D17998CCD179A83E000000B7 /* Frameworks */,
			);
			buildRules = (
			);
			dependencies = (
				D17998CCD179A83E000000EC /* Prep */,
				D17998CCD179A83E000000ED /* libmpr */,
				D17998CCD179A83E000000EE /* libpcre */,				
			);
			name = libhttp;
			productName = me;
			productReference = D17998CCD179A83E0000003E /* libhttp */;
			productType = "com.apple.product-type.library.dynamic";
		};
		D17998CCD179A83E0000005D /* libmpr */ = {
			isa = PBXNativeTarget;
			buildConfigurationList = D17998CCD179A83E000000F0 /* Build configuration list for PBXNativeTarget "libmpr" */;
			buildPhases = (
				D17998CCD179A83E000000EF /* Sources */,
				D17998CCD179A83E000000B8 /* Frameworks */,
			);
			buildRules = (
			);
			dependencies = (
				D17998CCD179A83E000000F1 /* Prep */,				
			);
			name = libmpr;
			productName = me;
			productReference = D17998CCD179A83E00000040 /* libmpr */;
			productType = "com.apple.product-type.library.dynamic";
		};
		D17998CCD179A83E000000A0 /* libmprssl */ = {
			isa = PBXNativeTarget;
			buildConfigurationList = D17998CCD179A83E000000F3 /* Build configuration list for PBXNativeTarget "libmprssl" */;
			buildPhases = (
				D17998CCD179A83E000000F2 /* Sources */,
				D17998CCD179A83E000000B9 /* Frameworks */,
			);
			buildRules = (
			);
			dependencies = (
				D17998CCD179A83E000000F4 /* Prep */,
				D17998CCD179A83E000000F5 /* libmpr */,
				D17998CCD179A83E000000F6 /* libest */,				
			);
			name = libmprssl;
			productName = me;
			productReference = D17998CCD179A83E000000B0 /* libmprssl */;
			productType = "com.apple.product-type.library.dynamic";
		};
		D17998CCD179A83E0000005F /* libpcre */ = {
			isa = PBXNativeTarget;
			buildConfigurationList = D17998CCD179A83E000000F8 /* Build configuration list for PBXNativeTarget "libpcre" */;
			buildPhases = (
				D17998CCD179A83E000000F7 /* Sources */,
				D17998CCD179A83E000000BA /* Frameworks */,
			);
			buildRules = (
			);
			dependencies = (
				D17998CCD179A83E000000F9 /* Prep */,				
			);
			name = libpcre;
			productName = me;
			productReference = D17998CCD179A83E00000042 /* libpcre */;
			productType = "com.apple.product-type.library.dynamic";
		};
		D17998CCD179A83E00000063 /* libzlib */ = {
			isa = PBXNativeTarget;
			buildConfigurationList = D17998CCD179A83E000000FB /* Build configuration list for PBXNativeTarget "libzlib" */;
			buildPhases = (
				D17998CCD179A83E000000FA /* Sources */,
				D17998CCD179A83E000000BB /* Frameworks */,
			);
			buildRules = (
			);
			dependencies = (
				D17998CCD179A83E000000FC /* Prep */,				
			);
			name = libzlib;
			productName = me;
			productReference = D17998CCD179A83E00000044 /* libzlib */;
			productType = "com.apple.product-type.library.dynamic";
		};
		D17998CCD179A83E000000A2 /* me */ = {
			isa = PBXNativeTarget;
			buildConfigurationList = D17998CCD179A83E000000FE /* Build configuration list for PBXNativeTarget "me" */;
			buildPhases = (
				D17998CCD179A83E000000FD /* Sources */,
				D17998CCD179A83E000000BC /* Frameworks */,
			);
			buildRules = (
			);
			dependencies = (
				D17998CCD179A83E000000FF /* Prep */,
				D17998CCD179A83E00000100 /* libmpr */,
				D17998CCD179A83E00000101 /* libpcre */,
				D17998CCD179A83E00000102 /* libhttp */,
				D17998CCD179A83E00000103 /* libzlib */,
				D17998CCD179A83E00000104 /* libejs */,
				D17998CCD179A83E00000105 /* ejsc */,				
			);
			name = me;
			productName = me;
			productReference = D17998CCD179A83E000000B1 /* me */;
			productType = "com.apple.product-type.tool";
		};
/* End PBXNativeTarget section */

/* Begin PBXShellScriptBuildPhase section */
		D17998CCD179A83E00000007 /* ShellScript for ejs.mod */ = {
			isa = PBXShellScriptBuildPhase;
			buildActionMask = 2147483647;
			files = (
			);
			inputPaths = (
../src/paks/ejs/ejs.es
			);
			outputPaths = (
../macosx-x64-default/bin/ejs.mod
			);
			runOnlyForDeploymentPostprocessing = 0;
			shellPath = /bin/bash;
			shellScript = "PATH=$PATH:/usr/local/bin
cd ../src/paks/ejs
../../../macosx-x64-default/bin/ejsc --out ../../../macosx-x64-default/bin/ejs.mod --optimize 9 --bind --require null ejs.es";
		};
		D17998CCD179A83E0000000C /* ShellScript for http-ca-crt */ = {
			isa = PBXShellScriptBuildPhase;
			buildActionMask = 2147483647;
			files = (
			);
			inputPaths = (
../src/paks/http/ca.crt
			);
			outputPaths = (
../macosx-x64-default/bin/ca.crt
			);
			runOnlyForDeploymentPostprocessing = 0;
			shellPath = /bin/bash;
			shellScript = "PATH=$PATH:/usr/local/bin
cd ../src/paks/http
mkdir -p ../../${OUT_DIR}/bin
cp -r ca.crt ../../${OUT_DIR}/bin/ca.crt
";
		};
		D17998CCD179A83E00000010 /* ShellScript for me-core */ = {
			isa = PBXShellScriptBuildPhase;
			buildActionMask = 2147483647;
			files = (
			);
			inputPaths = (
../src/configure/appweb.me,
../src/configure/compiler.me,
../src/configure/lib.me,
../src/configure/link.me,
../src/configure/rc.me,
../src/configure/vxworks.me,
../src/configure/winsdk.me,
../src/configure.es,
../src/generate.es,
../src/me.es,
../src/os/freebsd.me,
../src/os/gcc.me,
../src/os/linux.me,
../src/os/macosx.me,
../src/os/solaris.me,
../src/os/unix.me,
../src/os/vxworks.me,
../src/os/windows.me,
../src/simple.me,
../src/standard.me,
../src/vstudio.es,
../src/xcode.es
			);
			outputPaths = (
../macosx-x64-default/bin/.updated
			);
			runOnlyForDeploymentPostprocessing = 0;
			shellPath = /bin/bash;
			shellScript = "PATH=$PATH:/usr/local/bin
cd ..
mkdir -p macosx-x64-default/bin/configure
cp -r src/configure/appweb.me macosx-x64-default/bin/configure/appweb.me
mkdir -p macosx-x64-default/bin/configure
cp -r src/configure/compiler.me macosx-x64-default/bin/configure/compiler.me
mkdir -p macosx-x64-default/bin/configure
cp -r src/configure/lib.me macosx-x64-default/bin/configure/lib.me
mkdir -p macosx-x64-default/bin/configure
cp -r src/configure/link.me macosx-x64-default/bin/configure/link.me
mkdir -p macosx-x64-default/bin/configure
cp -r src/configure/rc.me macosx-x64-default/bin/configure/rc.me
mkdir -p macosx-x64-default/bin/configure
cp -r src/configure/vxworks.me macosx-x64-default/bin/configure/vxworks.me
mkdir -p macosx-x64-default/bin/configure
cp -r src/configure/winsdk.me macosx-x64-default/bin/configure/winsdk.me
mkdir -p macosx-x64-default/bin
cp -r src/configure.es macosx-x64-default/bin/configure.es
mkdir -p macosx-x64-default/bin
cp -r src/generate.es macosx-x64-default/bin/generate.es
mkdir -p macosx-x64-default/bin
cp -r src/me.es macosx-x64-default/bin/me.es
mkdir -p macosx-x64-default/bin/os
cp -r src/os/freebsd.me macosx-x64-default/bin/os/freebsd.me
mkdir -p macosx-x64-default/bin/os
cp -r src/os/gcc.me macosx-x64-default/bin/os/gcc.me
mkdir -p macosx-x64-default/bin/os
cp -r src/os/linux.me macosx-x64-default/bin/os/linux.me
mkdir -p macosx-x64-default/bin/os
cp -r src/os/macosx.me macosx-x64-default/bin/os/macosx.me
mkdir -p macosx-x64-default/bin/os
cp -r src/os/solaris.me macosx-x64-default/bin/os/solaris.me
mkdir -p macosx-x64-default/bin/os
cp -r src/os/unix.me macosx-x64-default/bin/os/unix.me
mkdir -p macosx-x64-default/bin/os
cp -r src/os/vxworks.me macosx-x64-default/bin/os/vxworks.me
mkdir -p macosx-x64-default/bin/os
cp -r src/os/windows.me macosx-x64-default/bin/os/windows.me
mkdir -p macosx-x64-default/bin
cp -r src/simple.me macosx-x64-default/bin/simple.me
mkdir -p macosx-x64-default/bin
cp -r src/standard.me macosx-x64-default/bin/standard.me
mkdir -p macosx-x64-default/bin
cp -r src/vstudio.es macosx-x64-default/bin/vstudio.es
mkdir -p macosx-x64-default/bin
cp -r src/xcode.es macosx-x64-default/bin/xcode.es
touch macosx-x64-default/bin/.updated
";
		};
		D17998CCD179A83E00000024 /* ShellScript for Prep */ = {
			isa = PBXShellScriptBuildPhase;
			buildActionMask = 2147483647;
			files = (
			);
			inputPaths = (

			);
			outputPaths = (

			);
			runOnlyForDeploymentPostprocessing = 0;
			shellPath = /bin/bash;
			shellScript = "PATH=$PATH:/usr/local/bin
[ ! -x ${INC_DIR} ] && mkdir -p ${INC_DIR} ${OBJ_DIR} ${LIB_DIR} ${BIN_DIR}
[ ! -f ${INC_DIR}/me.h ] && cp me-macosx-default-me.h ${INC_DIR}/me.h
[ ! -f ${INC_DIR}/osdep.h ] && cp ${SRC_DIR}/src/paks/osdep/osdep.h ${INC_DIR}/osdep.h
if ! diff ${INC_DIR}/me.h me-macosx-default-me.h >/dev/null ; then
cp me-macosx-default-me.h ${INC_DIR}/me.h
fi
if [ ../src/paks/ejs/ejs.h -nt ${OUT_DIR}/inc/ejs.h ] ; then
cp ../src/paks/ejs/ejs.h ${OUT_DIR}/inc/ejs.h
fi
if [ ../src/paks/ejs/ejs.slots.h -nt ${OUT_DIR}/inc/ejs.slots.h ] ; then
cp ../src/paks/ejs/ejs.slots.h ${OUT_DIR}/inc/ejs.slots.h
fi
if [ ../src/paks/ejs/ejsByteGoto.h -nt ${OUT_DIR}/inc/ejsByteGoto.h ] ; then
cp ../src/paks/ejs/ejsByteGoto.h ${OUT_DIR}/inc/ejsByteGoto.h
fi
if [ ../src/paks/est/est.h -nt ${OUT_DIR}/inc/est.h ] ; then
cp ../src/paks/est/est.h ${OUT_DIR}/inc/est.h
fi
if [ ../src/paks/http/http.h -nt ${OUT_DIR}/inc/http.h ] ; then
cp ../src/paks/http/http.h ${OUT_DIR}/inc/http.h
fi
if [ ../src/paks/mpr/mpr.h -nt ${OUT_DIR}/inc/mpr.h ] ; then
cp ../src/paks/mpr/mpr.h ${OUT_DIR}/inc/mpr.h
fi
if [ ../src/paks/pcre/pcre.h -nt ${OUT_DIR}/inc/pcre.h ] ; then
cp ../src/paks/pcre/pcre.h ${OUT_DIR}/inc/pcre.h
fi
if [ ../src/paks/zlib/zlib.h -nt ${OUT_DIR}/inc/zlib.h ] ; then
cp ../src/paks/zlib/zlib.h ${OUT_DIR}/inc/zlib.h
fi";
		};
/* End PBXShellScriptBuildPhase section */

/* Begin PBXProject section */
		D17998CCD179A83E00000001 /* Project object */ = {
			isa = PBXProject;
			attributes = {
				LastUpgradeCheck = 0430;
				ORGANIZATIONNAME = "embedthis";
			};
			buildConfigurationList = D17998CCD179A83E00000002 /* Build configuration list for PBXProject "me" */;
			compatibilityVersion = "Xcode 3.2";
			developmentRegion = English;
			hasScannedForEncodings = 0;
			knownRegions = (
				en,
			);
			mainGroup = D17998CCD179A83E000000BD;
			productRefGroup = D17998CCD179A83E000000C9 /* Products */;
			projectDirPath = "";
			projectRoot = "";
			targets = (
				D17998CCD179A83E00000013 /* All */,
				D17998CCD179A83E00000023 /* Prep */,
				D17998CCD179A83E00000065 /* libejs */,
				D17998CCD179A83E00000086 /* libest */,
				D17998CCD179A83E00000061 /* libhttp */,
				D17998CCD179A83E0000005D /* libmpr */,
				D17998CCD179A83E000000A0 /* libmprssl */,
				D17998CCD179A83E0000005F /* libpcre */,
				D17998CCD179A83E00000063 /* libzlib */,
				D17998CCD179A83E00000067 /* ejsc */,
				D17998CCD179A83E0000009A /* ejscmd */,
				D17998CCD179A83E0000009D /* httpcmd */,
				D17998CCD179A83E000000A2 /* me */,
				D17998CCD179A83E00000006 /* ejs.mod */,
				D17998CCD179A83E0000000B /* http-ca-crt */,
				D17998CCD179A83E0000000F /* me-core */,
			);
		};
/* End PBXProject section */

/* Begin PBXSourcesBuildPhase section */
		D17998CCD179A83E000000CA /* ejsc Sources */ = {
			isa = PBXSourcesBuildPhase;
			buildActionMask = 2147483647;
			files = (
				D17998CCD179A83E00000025 /* ejsc.c in Sources */,
			);
			runOnlyForDeploymentPostprocessing = 0;
		};
		D17998CCD179A83E000000D2 /* ejscmd Sources */ = {
			isa = PBXSourcesBuildPhase;
			buildActionMask = 2147483647;
			files = (
				D17998CCD179A83E00000027 /* ejs.c in Sources */,
			);
			runOnlyForDeploymentPostprocessing = 0;
		};
		D17998CCD179A83E000000DA /* httpcmd Sources */ = {
			isa = PBXSourcesBuildPhase;
			buildActionMask = 2147483647;
			files = (
				D17998CCD179A83E00000029 /* http.c in Sources */,
			);
			runOnlyForDeploymentPostprocessing = 0;
		};
		D17998CCD179A83E000000E0 /* libejs Sources */ = {
			isa = PBXSourcesBuildPhase;
			buildActionMask = 2147483647;
			files = (
				D17998CCD179A83E0000002B /* ejsLib.c in Sources */,
			);
			runOnlyForDeploymentPostprocessing = 0;
		};
		D17998CCD179A83E000000E7 /* libest Sources */ = {
			isa = PBXSourcesBuildPhase;
			buildActionMask = 2147483647;
			files = (
				D17998CCD179A83E0000002D /* estLib.c in Sources */,
			);
			runOnlyForDeploymentPostprocessing = 0;
		};
		D17998CCD179A83E000000EA /* libhttp Sources */ = {
			isa = PBXSourcesBuildPhase;
			buildActionMask = 2147483647;
			files = (
				D17998CCD179A83E0000002F /* httpLib.c in Sources */,
			);
			runOnlyForDeploymentPostprocessing = 0;
		};
		D17998CCD179A83E000000EF /* libmpr Sources */ = {
			isa = PBXSourcesBuildPhase;
			buildActionMask = 2147483647;
			files = (
				D17998CCD179A83E00000031 /* mprLib.c in Sources */,
			);
			runOnlyForDeploymentPostprocessing = 0;
		};
		D17998CCD179A83E000000F2 /* libmprssl Sources */ = {
			isa = PBXSourcesBuildPhase;
			buildActionMask = 2147483647;
			files = (
				D17998CCD179A83E00000033 /* mprSsl.c in Sources */,
			);
			runOnlyForDeploymentPostprocessing = 0;
		};
		D17998CCD179A83E000000F7 /* libpcre Sources */ = {
			isa = PBXSourcesBuildPhase;
			buildActionMask = 2147483647;
			files = (
				D17998CCD179A83E00000035 /* pcre.c in Sources */,
			);
			runOnlyForDeploymentPostprocessing = 0;
		};
		D17998CCD179A83E000000FA /* libzlib Sources */ = {
			isa = PBXSourcesBuildPhase;
			buildActionMask = 2147483647;
			files = (
				D17998CCD179A83E00000037 /* zlib.c in Sources */,
			);
			runOnlyForDeploymentPostprocessing = 0;
		};
		D17998CCD179A83E000000FD /* me Sources */ = {
			isa = PBXSourcesBuildPhase;
			buildActionMask = 2147483647;
			files = (
				D17998CCD179A83E00000039 /* me.c in Sources */,
			);
			runOnlyForDeploymentPostprocessing = 0;
		};
/* End PBXSourcesBuildPhase section */

/* Begin PBXTargetDependency section */
		D17998CCD179A83E00000009 /* PBXTargetDependency ejs.mod depends on Prep */ = {
			isa = PBXTargetDependency;
			target = D17998CCD179A83E00000023 /* Prep */;
			targetProxy = D17998CCD179A83E0000005B /* PBXContainerItemProxy */;
		};
		D17998CCD179A83E00000106 /* PBXTargetDependency ejs.mod depends on libmpr */ = {
			isa = PBXTargetDependency;
			target = D17998CCD179A83E0000005D /* libmpr */;
			targetProxy = D17998CCD179A83E0000005C /* PBXContainerItemProxy */;
		};
		D17998CCD179A83E00000107 /* PBXTargetDependency ejs.mod depends on libpcre */ = {
			isa = PBXTargetDependency;
			target = D17998CCD179A83E0000005F /* libpcre */;
			targetProxy = D17998CCD179A83E0000005E /* PBXContainerItemProxy */;
		};
		D17998CCD179A83E00000108 /* PBXTargetDependency ejs.mod depends on libhttp */ = {
			isa = PBXTargetDependency;
			target = D17998CCD179A83E00000061 /* libhttp */;
			targetProxy = D17998CCD179A83E00000060 /* PBXContainerItemProxy */;
		};
		D17998CCD179A83E00000109 /* PBXTargetDependency ejs.mod depends on libzlib */ = {
			isa = PBXTargetDependency;
			target = D17998CCD179A83E00000063 /* libzlib */;
			targetProxy = D17998CCD179A83E00000062 /* PBXContainerItemProxy */;
		};
		D17998CCD179A83E0000010A /* PBXTargetDependency ejs.mod depends on libejs */ = {
			isa = PBXTargetDependency;
			target = D17998CCD179A83E00000065 /* libejs */;
			targetProxy = D17998CCD179A83E00000064 /* PBXContainerItemProxy */;
		};
		D17998CCD179A83E00000008 /* PBXTargetDependency ejs.mod depends on ejsc */ = {
			isa = PBXTargetDependency;
			target = D17998CCD179A83E00000067 /* ejsc */;
			targetProxy = D17998CCD179A83E00000066 /* PBXContainerItemProxy */;
		};
		D17998CCD179A83E000000CC /* PBXTargetDependency ejsc depends on Prep */ = {
			isa = PBXTargetDependency;
			target = D17998CCD179A83E00000023 /* Prep */;
			targetProxy = D17998CCD179A83E00000068 /* PBXContainerItemProxy */;
		};
		D17998CCD179A83E000000CD /* PBXTargetDependency ejsc depends on libmpr */ = {
			isa = PBXTargetDependency;
			target = D17998CCD179A83E0000005D /* libmpr */;
			targetProxy = D17998CCD179A83E00000069 /* PBXContainerItemProxy */;
		};
		D17998CCD179A83E000000CE /* PBXTargetDependency ejsc depends on libpcre */ = {
			isa = PBXTargetDependency;
			target = D17998CCD179A83E0000005F /* libpcre */;
			targetProxy = D17998CCD179A83E0000006A /* PBXContainerItemProxy */;
		};
		D17998CCD179A83E000000CF /* PBXTargetDependency ejsc depends on libhttp */ = {
			isa = PBXTargetDependency;
			target = D17998CCD179A83E00000061 /* libhttp */;
			targetProxy = D17998CCD179A83E0000006B /* PBXContainerItemProxy */;
		};
		D17998CCD179A83E000000D0 /* PBXTargetDependency ejsc depends on libzlib */ = {
			isa = PBXTargetDependency;
			target = D17998CCD179A83E00000063 /* libzlib */;
			targetProxy = D17998CCD179A83E0000006C /* PBXContainerItemProxy */;
		};
		D17998CCD179A83E000000D1 /* PBXTargetDependency ejsc depends on libejs */ = {
			isa = PBXTargetDependency;
			target = D17998CCD179A83E00000065 /* libejs */;
			targetProxy = D17998CCD179A83E0000006D /* PBXContainerItemProxy */;
		};
		D17998CCD179A83E000000D4 /* PBXTargetDependency ejscmd depends on Prep */ = {
			isa = PBXTargetDependency;
			target = D17998CCD179A83E00000023 /* Prep */;
			targetProxy = D17998CCD179A83E0000006E /* PBXContainerItemProxy */;
		};
		D17998CCD179A83E000000D5 /* PBXTargetDependency ejscmd depends on libmpr */ = {
			isa = PBXTargetDependency;
			target = D17998CCD179A83E0000005D /* libmpr */;
			targetProxy = D17998CCD179A83E0000006F /* PBXContainerItemProxy */;
		};
		D17998CCD179A83E000000D6 /* PBXTargetDependency ejscmd depends on libpcre */ = {
			isa = PBXTargetDependency;
			target = D17998CCD179A83E0000005F /* libpcre */;
			targetProxy = D17998CCD179A83E00000070 /* PBXContainerItemProxy */;
		};
		D17998CCD179A83E000000D7 /* PBXTargetDependency ejscmd depends on libhttp */ = {
			isa = PBXTargetDependency;
			target = D17998CCD179A83E00000061 /* libhttp */;
			targetProxy = D17998CCD179A83E00000071 /* PBXContainerItemProxy */;
		};
		D17998CCD179A83E000000D8 /* PBXTargetDependency ejscmd depends on libzlib */ = {
			isa = PBXTargetDependency;
			target = D17998CCD179A83E00000063 /* libzlib */;
			targetProxy = D17998CCD179A83E00000072 /* PBXContainerItemProxy */;
		};
		D17998CCD179A83E000000D9 /* PBXTargetDependency ejscmd depends on libejs */ = {
			isa = PBXTargetDependency;
			target = D17998CCD179A83E00000065 /* libejs */;
			targetProxy = D17998CCD179A83E00000073 /* PBXContainerItemProxy */;
		};
		D17998CCD179A83E0000000D /* PBXTargetDependency http-ca-crt depends on Prep */ = {
			isa = PBXTargetDependency;
			target = D17998CCD179A83E00000023 /* Prep */;
			targetProxy = D17998CCD179A83E00000074 /* PBXContainerItemProxy */;
		};
		D17998CCD179A83E000000DC /* PBXTargetDependency httpcmd depends on Prep */ = {
			isa = PBXTargetDependency;
			target = D17998CCD179A83E00000023 /* Prep */;
			targetProxy = D17998CCD179A83E00000075 /* PBXContainerItemProxy */;
		};
		D17998CCD179A83E000000DD /* PBXTargetDependency httpcmd depends on libmpr */ = {
			isa = PBXTargetDependency;
			target = D17998CCD179A83E0000005D /* libmpr */;
			targetProxy = D17998CCD179A83E00000076 /* PBXContainerItemProxy */;
		};
		D17998CCD179A83E000000DE /* PBXTargetDependency httpcmd depends on libpcre */ = {
			isa = PBXTargetDependency;
			target = D17998CCD179A83E0000005F /* libpcre */;
			targetProxy = D17998CCD179A83E00000077 /* PBXContainerItemProxy */;
		};
		D17998CCD179A83E000000DF /* PBXTargetDependency httpcmd depends on libhttp */ = {
			isa = PBXTargetDependency;
			target = D17998CCD179A83E00000061 /* libhttp */;
			targetProxy = D17998CCD179A83E00000078 /* PBXContainerItemProxy */;
		};
		D17998CCD179A83E000000E2 /* PBXTargetDependency libejs depends on Prep */ = {
			isa = PBXTargetDependency;
			target = D17998CCD179A83E00000023 /* Prep */;
			targetProxy = D17998CCD179A83E00000079 /* PBXContainerItemProxy */;
		};
		D17998CCD179A83E000000E3 /* PBXTargetDependency libejs depends on libmpr */ = {
			isa = PBXTargetDependency;
			target = D17998CCD179A83E0000005D /* libmpr */;
			targetProxy = D17998CCD179A83E0000007A /* PBXContainerItemProxy */;
		};
		D17998CCD179A83E000000E4 /* PBXTargetDependency libejs depends on libpcre */ = {
			isa = PBXTargetDependency;
			target = D17998CCD179A83E0000005F /* libpcre */;
			targetProxy = D17998CCD179A83E0000007B /* PBXContainerItemProxy */;
		};
		D17998CCD179A83E000000E5 /* PBXTargetDependency libejs depends on libhttp */ = {
			isa = PBXTargetDependency;
			target = D17998CCD179A83E00000061 /* libhttp */;
			targetProxy = D17998CCD179A83E0000007C /* PBXContainerItemProxy */;
		};
		D17998CCD179A83E000000E6 /* PBXTargetDependency libejs depends on libzlib */ = {
			isa = PBXTargetDependency;
			target = D17998CCD179A83E00000063 /* libzlib */;
			targetProxy = D17998CCD179A83E0000007D /* PBXContainerItemProxy */;
		};
		D17998CCD179A83E000000E9 /* PBXTargetDependency libest depends on Prep */ = {
			isa = PBXTargetDependency;
			target = D17998CCD179A83E00000023 /* Prep */;
			targetProxy = D17998CCD179A83E0000007E /* PBXContainerItemProxy */;
		};
		D17998CCD179A83E000000EC /* PBXTargetDependency libhttp depends on Prep */ = {
			isa = PBXTargetDependency;
			target = D17998CCD179A83E00000023 /* Prep */;
			targetProxy = D17998CCD179A83E0000007F /* PBXContainerItemProxy */;
		};
		D17998CCD179A83E000000ED /* PBXTargetDependency libhttp depends on libmpr */ = {
			isa = PBXTargetDependency;
			target = D17998CCD179A83E0000005D /* libmpr */;
			targetProxy = D17998CCD179A83E00000080 /* PBXContainerItemProxy */;
		};
		D17998CCD179A83E000000EE /* PBXTargetDependency libhttp depends on libpcre */ = {
			isa = PBXTargetDependency;
			target = D17998CCD179A83E0000005F /* libpcre */;
			targetProxy = D17998CCD179A83E00000081 /* PBXContainerItemProxy */;
		};
		D17998CCD179A83E000000F1 /* PBXTargetDependency libmpr depends on Prep */ = {
			isa = PBXTargetDependency;
			target = D17998CCD179A83E00000023 /* Prep */;
			targetProxy = D17998CCD179A83E00000082 /* PBXContainerItemProxy */;
		};
		D17998CCD179A83E000000F4 /* PBXTargetDependency libmprssl depends on Prep */ = {
			isa = PBXTargetDependency;
			target = D17998CCD179A83E00000023 /* Prep */;
			targetProxy = D17998CCD179A83E00000083 /* PBXContainerItemProxy */;
		};
		D17998CCD179A83E000000F5 /* PBXTargetDependency libmprssl depends on libmpr */ = {
			isa = PBXTargetDependency;
			target = D17998CCD179A83E0000005D /* libmpr */;
			targetProxy = D17998CCD179A83E00000084 /* PBXContainerItemProxy */;
		};
		D17998CCD179A83E000000F6 /* PBXTargetDependency libmprssl depends on libest */ = {
			isa = PBXTargetDependency;
			target = D17998CCD179A83E00000086 /* libest */;
			targetProxy = D17998CCD179A83E00000085 /* PBXContainerItemProxy */;
		};
		D17998CCD179A83E000000F9 /* PBXTargetDependency libpcre depends on Prep */ = {
			isa = PBXTargetDependency;
			target = D17998CCD179A83E00000023 /* Prep */;
			targetProxy = D17998CCD179A83E00000087 /* PBXContainerItemProxy */;
		};
		D17998CCD179A83E000000FC /* PBXTargetDependency libzlib depends on Prep */ = {
			isa = PBXTargetDependency;
			target = D17998CCD179A83E00000023 /* Prep */;
			targetProxy = D17998CCD179A83E00000088 /* PBXContainerItemProxy */;
		};
		D17998CCD179A83E000000FF /* PBXTargetDependency me depends on Prep */ = {
			isa = PBXTargetDependency;
			target = D17998CCD179A83E00000023 /* Prep */;
			targetProxy = D17998CCD179A83E00000089 /* PBXContainerItemProxy */;
		};
		D17998CCD179A83E00000100 /* PBXTargetDependency me depends on libmpr */ = {
			isa = PBXTargetDependency;
			target = D17998CCD179A83E0000005D /* libmpr */;
			targetProxy = D17998CCD179A83E0000008A /* PBXContainerItemProxy */;
		};
		D17998CCD179A83E00000101 /* PBXTargetDependency me depends on libpcre */ = {
			isa = PBXTargetDependency;
			target = D17998CCD179A83E0000005F /* libpcre */;
			targetProxy = D17998CCD179A83E0000008B /* PBXContainerItemProxy */;
		};
		D17998CCD179A83E00000102 /* PBXTargetDependency me depends on libhttp */ = {
			isa = PBXTargetDependency;
			target = D17998CCD179A83E00000061 /* libhttp */;
			targetProxy = D17998CCD179A83E0000008C /* PBXContainerItemProxy */;
		};
		D17998CCD179A83E00000103 /* PBXTargetDependency me depends on libzlib */ = {
			isa = PBXTargetDependency;
			target = D17998CCD179A83E00000063 /* libzlib */;
			targetProxy = D17998CCD179A83E0000008D /* PBXContainerItemProxy */;
		};
		D17998CCD179A83E00000104 /* PBXTargetDependency me depends on libejs */ = {
			isa = PBXTargetDependency;
			target = D17998CCD179A83E00000065 /* libejs */;
			targetProxy = D17998CCD179A83E0000008E /* PBXContainerItemProxy */;
		};
		D17998CCD179A83E00000105 /* PBXTargetDependency me depends on ejsc */ = {
			isa = PBXTargetDependency;
			target = D17998CCD179A83E00000067 /* ejsc */;
			targetProxy = D17998CCD179A83E0000008F /* PBXContainerItemProxy */;
		};
		D17998CCD179A83E00000011 /* PBXTargetDependency me-core depends on Prep */ = {
			isa = PBXTargetDependency;
			target = D17998CCD179A83E00000023 /* Prep */;
			targetProxy = D17998CCD179A83E00000090 /* PBXContainerItemProxy */;
		};
		D17998CCD179A83E0000010B /* PBXTargetDependency All depends on Prep */ = {
			isa = PBXTargetDependency;
			target = D17998CCD179A83E00000023 /* Prep */;
			targetProxy = D17998CCD179A83E00000091 /* PBXContainerItemProxy */;
		};
		D17998CCD179A83E0000001C /* PBXTargetDependency All depends on libmpr */ = {
			isa = PBXTargetDependency;
			target = D17998CCD179A83E0000005D /* libmpr */;
			targetProxy = D17998CCD179A83E00000092 /* PBXContainerItemProxy */;
		};
		D17998CCD179A83E0000001E /* PBXTargetDependency All depends on libpcre */ = {
			isa = PBXTargetDependency;
			target = D17998CCD179A83E0000005F /* libpcre */;
			targetProxy = D17998CCD179A83E00000093 /* PBXContainerItemProxy */;
		};
		D17998CCD179A83E0000001B /* PBXTargetDependency All depends on libhttp */ = {
			isa = PBXTargetDependency;
			target = D17998CCD179A83E00000061 /* libhttp */;
			targetProxy = D17998CCD179A83E00000094 /* PBXContainerItemProxy */;
		};
		D17998CCD179A83E0000001F /* PBXTargetDependency All depends on libzlib */ = {
			isa = PBXTargetDependency;
			target = D17998CCD179A83E00000063 /* libzlib */;
			targetProxy = D17998CCD179A83E00000095 /* PBXContainerItemProxy */;
		};
		D17998CCD179A83E00000019 /* PBXTargetDependency All depends on libejs */ = {
			isa = PBXTargetDependency;
			target = D17998CCD179A83E00000065 /* libejs */;
			targetProxy = D17998CCD179A83E00000096 /* PBXContainerItemProxy */;
		};
		D17998CCD179A83E00000015 /* PBXTargetDependency All depends on ejsc */ = {
			isa = PBXTargetDependency;
			target = D17998CCD179A83E00000067 /* ejsc */;
			targetProxy = D17998CCD179A83E00000097 /* PBXContainerItemProxy */;
		};
		D17998CCD179A83E00000014 /* PBXTargetDependency All depends on ejs.mod */ = {
			isa = PBXTargetDependency;
			target = D17998CCD179A83E00000006 /* ejs.mod */;
			targetProxy = D17998CCD179A83E00000098 /* PBXContainerItemProxy */;
		};
		D17998CCD179A83E00000016 /* PBXTargetDependency All depends on ejscmd */ = {
			isa = PBXTargetDependency;
			target = D17998CCD179A83E0000009A /* ejscmd */;
			targetProxy = D17998CCD179A83E00000099 /* PBXContainerItemProxy */;
		};
		D17998CCD179A83E00000017 /* PBXTargetDependency All depends on http-ca-crt */ = {
			isa = PBXTargetDependency;
			target = D17998CCD179A83E0000000B /* http-ca-crt */;
			targetProxy = D17998CCD179A83E0000009B /* PBXContainerItemProxy */;
		};
		D17998CCD179A83E00000018 /* PBXTargetDependency All depends on httpcmd */ = {
			isa = PBXTargetDependency;
			target = D17998CCD179A83E0000009D /* httpcmd */;
			targetProxy = D17998CCD179A83E0000009C /* PBXContainerItemProxy */;
		};
		D17998CCD179A83E0000001A /* PBXTargetDependency All depends on libest */ = {
			isa = PBXTargetDependency;
			target = D17998CCD179A83E00000086 /* libest */;
			targetProxy = D17998CCD179A83E0000009E /* PBXContainerItemProxy */;
		};
		D17998CCD179A83E0000001D /* PBXTargetDependency All depends on libmprssl */ = {
			isa = PBXTargetDependency;
			target = D17998CCD179A83E000000A0 /* libmprssl */;
			targetProxy = D17998CCD179A83E0000009F /* PBXContainerItemProxy */;
		};
		D17998CCD179A83E00000020 /* PBXTargetDependency All depends on me */ = {
			isa = PBXTargetDependency;
			target = D17998CCD179A83E000000A2 /* me */;
			targetProxy = D17998CCD179A83E000000A1 /* PBXContainerItemProxy */;
		};
		D17998CCD179A83E00000021 /* PBXTargetDependency All depends on me-core */ = {
			isa = PBXTargetDependency;
			target = D17998CCD179A83E0000000F /* me-core */;
			targetProxy = D17998CCD179A83E000000A3 /* PBXContainerItemProxy */;
		};
/* End PBXTargetDependency section */

/* Begin XCBuildConfiguration section */
		D17998CCD179A83E00000003 /* Debug */ = {
			isa = XCBuildConfiguration;
			buildSettings = {

                /* Common Settings */
				ALWAYS_SEARCH_USER_PATHS = NO;
                ONLY_ACTIVE_ARCH = YES;
                CURRENT_PROJECT_VERSION = 0.8.0;
                DYLIB_COMPATIBILITY_VERSION = "$(CURRENT_PROJECT_VERSION)";
                DYLIB_CURRENT_VERSION = "$(CURRENT_PROJECT_VERSION)";
				GCC_C_LANGUAGE_STANDARD = gnu99;
				GCC_VERSION = com.apple.compilers.llvm.clang.1_0;
				GCC_WARN_ABOUT_RETURN_TYPE = YES;
                LD_DYLIB_INSTALL_NAME = "@rpath/$(EXECUTABLE_PATH)";
				MACOSX_DEPLOYMENT_TARGET = 10.7;
				SDKROOT = macosx;

                OUT_DIR = "../macosx-x64-default";
                BIN_DIR = "../macosx-x64-default/bin";
                LIB_DIR = "../macosx-x64-default/bin";
                INC_DIR = "../macosx-x64-default/inc";
                OBJ_DIR = "../macosx-x64-default/obj";
                SRC_DIR = "..";

                CONFIGURATION_TEMP_DIR = "$(OBJ_DIR)/tmp/$(CONFIGURATION)";
                CONFIGURATION_BUILD_DIR = "$(BIN_DIR)";
                INSTALL_PATH = "/usr/lib/me";
                DSTROOT = "/tmp/me.dst";
                OBJROOT = "$(OBJ_DIR)";
                SYMROOT = "$(BIN_DIR)";
				GCC_WARN_64_TO_32_ME_CONVERSION = YES;
				GCC_WARN_64_TO_32_ME_CONVERSION = YES;
				GCC_WARN_UNUSED_VARIABLE = NO;
				GCC_WARN_UNUSED_FUNCTION = NO;
				GCC_WARN_UNUSED_LABEL = NO;
				GCC_WARN_64_TO_32_ME_CONVERSION = YES;
				GCC_WARN_64_TO_32_ME_CONVERSION = YES;
				GCC_WARN_UNUSED_VARIABLE = NO;
				GCC_WARN_UNUSED_FUNCTION = NO;
				GCC_WARN_UNUSED_LABEL = NO;

                /* Debug Settings */
				COPY_PHASE_STRIP = NO;
				GCC_OPTIMIZATION_LEVEL = 0;
				GCC_SYMBOLS_PRIVATE_EXTERN = NO;
				HEADER_SEARCH_PATHS = (
					"../macosx-x64-default/inc",
					"$(inherited)"
				);
				GCC_PREPROCESSOR_DEFINITIONS = (
					"ME_DEBUG",
					"$(inherited)"
				);
				LIBRARY_SEARCH_PATHS = (
					"../macosx-x64-default/bin",
					"$(inherited)"
				);
				OTHER_LDFLAGS = (
					"-Wl,-rpath,@executable_path/",
					"-Wl,-rpath,@loader_path/",
					"-ldl",
					"-lpthread",
					"-lm",
					"$(inherited)"
				);

			};
			name = Debug;
		};
		D17998CCD179A83E00000004 /* Release */ = {
			isa = XCBuildConfiguration;
			buildSettings = {

                /* Common Settings */
				ALWAYS_SEARCH_USER_PATHS = NO;
                ONLY_ACTIVE_ARCH = YES;
                CURRENT_PROJECT_VERSION = 0.8.0;
                DYLIB_COMPATIBILITY_VERSION = "$(CURRENT_PROJECT_VERSION)";
                DYLIB_CURRENT_VERSION = "$(CURRENT_PROJECT_VERSION)";
				GCC_C_LANGUAGE_STANDARD = gnu99;
				GCC_VERSION = com.apple.compilers.llvm.clang.1_0;
				GCC_WARN_ABOUT_RETURN_TYPE = YES;
                LD_DYLIB_INSTALL_NAME = "@rpath/$(EXECUTABLE_PATH)";
				MACOSX_DEPLOYMENT_TARGET = 10.7;
				SDKROOT = macosx;

                OUT_DIR = "../macosx-x64-default";
                BIN_DIR = "../macosx-x64-default/bin";
                LIB_DIR = "../macosx-x64-default/bin";
                INC_DIR = "../macosx-x64-default/inc";
                OBJ_DIR = "../macosx-x64-default/obj";
                SRC_DIR = "..";

                CONFIGURATION_TEMP_DIR = "$(OBJ_DIR)/tmp/$(CONFIGURATION)";
                CONFIGURATION_BUILD_DIR = "$(BIN_DIR)";
                INSTALL_PATH = "/usr/lib/me";
                DSTROOT = "/tmp/me.dst";
                OBJROOT = "$(OBJ_DIR)";
                SYMROOT = "$(BIN_DIR)";
				GCC_WARN_64_TO_32_ME_CONVERSION = YES;
				GCC_WARN_64_TO_32_ME_CONVERSION = YES;
				GCC_WARN_UNUSED_VARIABLE = NO;
				GCC_WARN_UNUSED_FUNCTION = NO;
				GCC_WARN_UNUSED_LABEL = NO;
				GCC_WARN_64_TO_32_ME_CONVERSION = YES;
				GCC_WARN_64_TO_32_ME_CONVERSION = YES;
				GCC_WARN_UNUSED_VARIABLE = NO;
				GCC_WARN_UNUSED_FUNCTION = NO;
				GCC_WARN_UNUSED_LABEL = NO;

                /* Release Settings */
				COPY_PHASE_STRIP = YES;
				DEBUG_INFORMATION_FORMAT = "dwarf-with-dsym";
				GCC_OPTIMIZATION_LEVEL = s;
                GCC_WARN_UNINITIALIZED_AUTOS = NO;
				HEADER_SEARCH_PATHS = (
					"../macosx-x64-default/inc",
					"$(inherited)"
				);

				LIBRARY_SEARCH_PATHS = (
					"../macosx-x64-default/bin",
					"$(inherited)"
				);
				OTHER_LDFLAGS = (
					"-Wl,-rpath,@executable_path/",
					"-Wl,-rpath,@loader_path/",
					"-ldl",
					"-lpthread",
					"-lm",
					"$(inherited)"
				);

			};
			name = Release;
		};
		D17998CCD179A83E0000010C /* Debug */ = {
			isa = XCBuildConfiguration;
			buildSettings = {
				PRODUCT_NAME = ejs.mod;

				GCC_PREPROCESSOR_DEFINITIONS = (
					"ME_DEBUG",
					"$(inherited)"
				);
			};
			name = Debug;
		};
		D17998CCD179A83E0000010D /* Release */ = {
			isa = XCBuildConfiguration;
			buildSettings = {
				PRODUCT_NAME = ejs.mod;


			};
			name = Release;
		};
		D17998CCD179A83E0000010E /* Debug */ = {
			isa = XCBuildConfiguration;
			buildSettings = {
				PRODUCT_NAME = ejsc;

				GCC_PREPROCESSOR_DEFINITIONS = (
					"ME_DEBUG",
					"$(inherited)"
				);
			};
			name = Debug;
		};
		D17998CCD179A83E0000010F /* Release */ = {
			isa = XCBuildConfiguration;
			buildSettings = {
				PRODUCT_NAME = ejsc;


			};
			name = Release;
		};
		D17998CCD179A83E00000110 /* Debug */ = {
			isa = XCBuildConfiguration;
			buildSettings = {
				PRODUCT_NAME = ejs;

				GCC_PREPROCESSOR_DEFINITIONS = (
					"ME_DEBUG",
					"$(inherited)"
				);
				OTHER_LDFLAGS = (
					"-ledit",
					"$(inherited)"
				);

			};
			name = Debug;
		};
		D17998CCD179A83E00000111 /* Release */ = {
			isa = XCBuildConfiguration;
			buildSettings = {
				PRODUCT_NAME = ejs;

				OTHER_LDFLAGS = (
					"-ledit",
					"$(inherited)"
				);

			};
			name = Release;
		};
		D17998CCD179A83E00000112 /* Debug */ = {
			isa = XCBuildConfiguration;
			buildSettings = {
				PRODUCT_NAME = http-ca-crt;

				GCC_PREPROCESSOR_DEFINITIONS = (
					"ME_DEBUG",
					"$(inherited)"
				);
			};
			name = Debug;
		};
		D17998CCD179A83E00000113 /* Release */ = {
			isa = XCBuildConfiguration;
			buildSettings = {
				PRODUCT_NAME = http-ca-crt;


			};
			name = Release;
		};
		D17998CCD179A83E00000114 /* Debug */ = {
			isa = XCBuildConfiguration;
			buildSettings = {
				PRODUCT_NAME = http;

				GCC_PREPROCESSOR_DEFINITIONS = (
					"ME_DEBUG",
					"$(inherited)"
				);
			};
			name = Debug;
		};
		D17998CCD179A83E00000115 /* Release */ = {
			isa = XCBuildConfiguration;
			buildSettings = {
				PRODUCT_NAME = http;


			};
			name = Release;
		};
		D17998CCD179A83E00000116 /* Debug */ = {
			isa = XCBuildConfiguration;
			buildSettings = {
				PRODUCT_NAME = libejs;

				GCC_PREPROCESSOR_DEFINITIONS = (
					"ME_DEBUG",
					"$(inherited)"
				);
			};
			name = Debug;
		};
		D17998CCD179A83E00000117 /* Release */ = {
			isa = XCBuildConfiguration;
			buildSettings = {
				PRODUCT_NAME = libejs;


			};
			name = Release;
		};
		D17998CCD179A83E00000118 /* Debug */ = {
			isa = XCBuildConfiguration;
			buildSettings = {
				PRODUCT_NAME = libest;

				GCC_PREPROCESSOR_DEFINITIONS = (
					"ME_DEBUG",
					"$(inherited)"
				);
			};
			name = Debug;
		};
		D17998CCD179A83E00000119 /* Release */ = {
			isa = XCBuildConfiguration;
			buildSettings = {
				PRODUCT_NAME = libest;


			};
			name = Release;
		};
		D17998CCD179A83E0000011A /* Debug */ = {
			isa = XCBuildConfiguration;
			buildSettings = {
				PRODUCT_NAME = libhttp;

				GCC_PREPROCESSOR_DEFINITIONS = (
					"ME_DEBUG",
					"$(inherited)"
				);
			};
			name = Debug;
		};
		D17998CCD179A83E0000011B /* Release */ = {
			isa = XCBuildConfiguration;
			buildSettings = {
				PRODUCT_NAME = libhttp;


			};
			name = Release;
		};
		D17998CCD179A83E0000011C /* Debug */ = {
			isa = XCBuildConfiguration;
			buildSettings = {
				PRODUCT_NAME = libmpr;

				GCC_PREPROCESSOR_DEFINITIONS = (
					"ME_DEBUG",
					"$(inherited)"
				);
			};
			name = Debug;
		};
		D17998CCD179A83E0000011D /* Release */ = {
			isa = XCBuildConfiguration;
			buildSettings = {
				PRODUCT_NAME = libmpr;


			};
			name = Release;
		};
		D17998CCD179A83E0000011E /* Debug */ = {
			isa = XCBuildConfiguration;
			buildSettings = {
				PRODUCT_NAME = libmprssl;

				GCC_PREPROCESSOR_DEFINITIONS = (
					"ME_DEBUG",
					"$(inherited)"
				);
			};
			name = Debug;
		};
		D17998CCD179A83E0000011F /* Release */ = {
			isa = XCBuildConfiguration;
			buildSettings = {
				PRODUCT_NAME = libmprssl;


			};
			name = Release;
		};
		D17998CCD179A83E00000120 /* Debug */ = {
			isa = XCBuildConfiguration;
			buildSettings = {
				PRODUCT_NAME = libpcre;

				GCC_PREPROCESSOR_DEFINITIONS = (
					"PCRE_CHAR=char",
					"ME_DEBUG",
					"$(inherited)"
				);
			};
			name = Debug;
		};
		D17998CCD179A83E00000121 /* Release */ = {
			isa = XCBuildConfiguration;
			buildSettings = {
				PRODUCT_NAME = libpcre;

				GCC_PREPROCESSOR_DEFINITIONS = (
					"PCRE_CHAR=char",
					"$(inherited)"
				);
			};
			name = Release;
		};
		D17998CCD179A83E00000122 /* Debug */ = {
			isa = XCBuildConfiguration;
			buildSettings = {
				PRODUCT_NAME = libzlib;

				GCC_PREPROCESSOR_DEFINITIONS = (
					"ME_DEBUG",
					"$(inherited)"
				);
			};
			name = Debug;
		};
		D17998CCD179A83E00000123 /* Release */ = {
			isa = XCBuildConfiguration;
			buildSettings = {
				PRODUCT_NAME = libzlib;


			};
			name = Release;
		};
		D17998CCD179A83E00000124 /* Debug */ = {
			isa = XCBuildConfiguration;
			buildSettings = {
				PRODUCT_NAME = me;

				GCC_PREPROCESSOR_DEFINITIONS = (
					"ME_DEBUG",
					"$(inherited)"
				);
			};
			name = Debug;
		};
		D17998CCD179A83E00000125 /* Release */ = {
			isa = XCBuildConfiguration;
			buildSettings = {
				PRODUCT_NAME = me;


			};
			name = Release;
		};
		D17998CCD179A83E00000126 /* Debug */ = {
			isa = XCBuildConfiguration;
			buildSettings = {
				PRODUCT_NAME = me-core;

				GCC_PREPROCESSOR_DEFINITIONS = (
					"ME_DEBUG",
					"$(inherited)"
				);
			};
			name = Debug;
		};
		D17998CCD179A83E00000127 /* Release */ = {
			isa = XCBuildConfiguration;
			buildSettings = {
				PRODUCT_NAME = me-core;


			};
			name = Release;
		};
		D17998CCD179A83E00000128 /* Debug */ = {
			isa = XCBuildConfiguration;
			buildSettings = {
				PRODUCT_NAME = All;

				GCC_PREPROCESSOR_DEFINITIONS = (
					"ME_DEBUG",
					"$(inherited)"
				);
			};
			name = Debug;
		};
		D17998CCD179A83E00000129 /* Release */ = {
			isa = XCBuildConfiguration;
			buildSettings = {
				PRODUCT_NAME = All;


			};
			name = Release;
		};
		D17998CCD179A83E0000012A /* Debug */ = {
			isa = XCBuildConfiguration;
			buildSettings = {
				PRODUCT_NAME = Prep;

				GCC_PREPROCESSOR_DEFINITIONS = (
					"ME_DEBUG",
					"$(inherited)"
				);
			};
			name = Debug;
		};
		D17998CCD179A83E0000012B /* Release */ = {
			isa = XCBuildConfiguration;
			buildSettings = {
				PRODUCT_NAME = Prep;


			};
			name = Release;
		};
/* End XCBuildConfiguration section */

/* Begin XCConfigurationList section */
		D17998CCD179A83E00000002 /* Build configuration list for PBXProject "me" */ = {
			isa = XCConfigurationList;
			buildConfigurations = (
				D17998CCD179A83E00000003 /* Debug */,
				D17998CCD179A83E00000004 /* Release */,
			);
			defaultConfigurationIsVisible = 0;
			defaultConfigurationName = Release;
		};
		D17998CCD179A83E00000005 /* Build configuration list for PBXNativeTarget "ejs.mod" */ = {
			isa = XCConfigurationList;
			buildConfigurations = (
				D17998CCD179A83E0000010C /* Debug */,
				D17998CCD179A83E0000010D /* Release */,
			);
			defaultConfigurationIsVisible = 0;
			defaultConfigurationName = Release;
		};
		D17998CCD179A83E000000CB /* Build configuration list for PBXNativeTarget "ejsc" */ = {
			isa = XCConfigurationList;
			buildConfigurations = (
				D17998CCD179A83E0000010E /* Debug */,
				D17998CCD179A83E0000010F /* Release */,
			);
			defaultConfigurationIsVisible = 0;
			defaultConfigurationName = Release;
		};
		D17998CCD179A83E000000D3 /* Build configuration list for PBXNativeTarget "ejscmd" */ = {
			isa = XCConfigurationList;
			buildConfigurations = (
				D17998CCD179A83E00000110 /* Debug */,
				D17998CCD179A83E00000111 /* Release */,
			);
			defaultConfigurationIsVisible = 0;
			defaultConfigurationName = Release;
		};
		D17998CCD179A83E0000000A /* Build configuration list for PBXNativeTarget "http-ca-crt" */ = {
			isa = XCConfigurationList;
			buildConfigurations = (
				D17998CCD179A83E00000112 /* Debug */,
				D17998CCD179A83E00000113 /* Release */,
			);
			defaultConfigurationIsVisible = 0;
			defaultConfigurationName = Release;
		};
		D17998CCD179A83E000000DB /* Build configuration list for PBXNativeTarget "httpcmd" */ = {
			isa = XCConfigurationList;
			buildConfigurations = (
				D17998CCD179A83E00000114 /* Debug */,
				D17998CCD179A83E00000115 /* Release */,
			);
			defaultConfigurationIsVisible = 0;
			defaultConfigurationName = Release;
		};
		D17998CCD179A83E000000E1 /* Build configuration list for PBXNativeTarget "libejs" */ = {
			isa = XCConfigurationList;
			buildConfigurations = (
				D17998CCD179A83E00000116 /* Debug */,
				D17998CCD179A83E00000117 /* Release */,
			);
			defaultConfigurationIsVisible = 0;
			defaultConfigurationName = Release;
		};
		D17998CCD179A83E000000E8 /* Build configuration list for PBXNativeTarget "libest" */ = {
			isa = XCConfigurationList;
			buildConfigurations = (
				D17998CCD179A83E00000118 /* Debug */,
				D17998CCD179A83E00000119 /* Release */,
			);
			defaultConfigurationIsVisible = 0;
			defaultConfigurationName = Release;
		};
		D17998CCD179A83E000000EB /* Build configuration list for PBXNativeTarget "libhttp" */ = {
			isa = XCConfigurationList;
			buildConfigurations = (
				D17998CCD179A83E0000011A /* Debug */,
				D17998CCD179A83E0000011B /* Release */,
			);
			defaultConfigurationIsVisible = 0;
			defaultConfigurationName = Release;
		};
		D17998CCD179A83E000000F0 /* Build configuration list for PBXNativeTarget "libmpr" */ = {
			isa = XCConfigurationList;
			buildConfigurations = (
				D17998CCD179A83E0000011C /* Debug */,
				D17998CCD179A83E0000011D /* Release */,
			);
			defaultConfigurationIsVisible = 0;
			defaultConfigurationName = Release;
		};
		D17998CCD179A83E000000F3 /* Build configuration list for PBXNativeTarget "libmprssl" */ = {
			isa = XCConfigurationList;
			buildConfigurations = (
				D17998CCD179A83E0000011E /* Debug */,
				D17998CCD179A83E0000011F /* Release */,
			);
			defaultConfigurationIsVisible = 0;
			defaultConfigurationName = Release;
		};
		D17998CCD179A83E000000F8 /* Build configuration list for PBXNativeTarget "libpcre" */ = {
			isa = XCConfigurationList;
			buildConfigurations = (
				D17998CCD179A83E00000120 /* Debug */,
				D17998CCD179A83E00000121 /* Release */,
			);
			defaultConfigurationIsVisible = 0;
			defaultConfigurationName = Release;
		};
		D17998CCD179A83E000000FB /* Build configuration list for PBXNativeTarget "libzlib" */ = {
			isa = XCConfigurationList;
			buildConfigurations = (
				D17998CCD179A83E00000122 /* Debug */,
				D17998CCD179A83E00000123 /* Release */,
			);
			defaultConfigurationIsVisible = 0;
			defaultConfigurationName = Release;
		};
		D17998CCD179A83E000000FE /* Build configuration list for PBXNativeTarget "me" */ = {
			isa = XCConfigurationList;
			buildConfigurations = (
				D17998CCD179A83E00000124 /* Debug */,
				D17998CCD179A83E00000125 /* Release */,
			);
			defaultConfigurationIsVisible = 0;
			defaultConfigurationName = Release;
		};
		D17998CCD179A83E0000000E /* Build configuration list for PBXNativeTarget "me-core" */ = {
			isa = XCConfigurationList;
			buildConfigurations = (
				D17998CCD179A83E00000126 /* Debug */,
				D17998CCD179A83E00000127 /* Release */,
			);
			defaultConfigurationIsVisible = 0;
			defaultConfigurationName = Release;
		};
		D17998CCD179A83E00000012 /* Build configuration list for PBXNativeTarget "All" */ = {
			isa = XCConfigurationList;
			buildConfigurations = (
				D17998CCD179A83E00000128 /* Debug */,
				D17998CCD179A83E00000129 /* Release */,
			);
			defaultConfigurationIsVisible = 0;
			defaultConfigurationName = Release;
		};
		D17998CCD179A83E00000022 /* Build configuration list for PBXNativeTarget "Prep" */ = {
			isa = XCConfigurationList;
			buildConfigurations = (
				D17998CCD179A83E0000012A /* Debug */,
				D17998CCD179A83E0000012B /* Release */,
			);
			defaultConfigurationIsVisible = 0;
			defaultConfigurationName = Release;
		};
/* End XCConfigurationList section */
	};
	rootObject = D17998CCD179A83E00000001 /* Project object */;
}
