// !$*UTF8*$!
{
    archiveVersion = 1;
    classes = {
    };
    objectVersion = 46;
    objects = {

/* Begin PBXAggregateTarget section */
		D17998CCD179A83E00000006 /* ejs.mod */ = {
			isa = PBXAggregateTarget;
			buildConfigurationList = D17998CCD179A83E00000005 /* Build configuration list for PBXAggregateTarget "ejs.mod" */;
			buildPhases = (
				D17998CCD179A83E00000007,
			);
			dependencies = (
				D17998CCD179A83E00000008 /* PBXTargetDependency ejsc */,
				D17998CCD179A83E00000009 /* PBXTargetDependency Prep */,
			);
			name = ejs.mod;
			productName = ejs.mod;
		};
		D17998CCD179A83E0000000B /* http-ca-crt */ = {
			isa = PBXAggregateTarget;
			buildConfigurationList = D17998CCD179A83E0000000A /* Build configuration list for PBXAggregateTarget "http-ca-crt" */;
			buildPhases = (
				D17998CCD179A83E0000000C,
			);
			dependencies = (
				D17998CCD179A83E0000000D /* PBXTargetDependency Prep */,
			);
			name = http-ca-crt;
			productName = http-ca-crt;
		};
		D17998CCD179A83E0000000F /* me-core */ = {
			isa = PBXAggregateTarget;
			buildConfigurationList = D17998CCD179A83E0000000E /* Build configuration list for PBXAggregateTarget "me-core" */;
			buildPhases = (
				D17998CCD179A83E00000010,
			);
			dependencies = (
				D17998CCD179A83E00000011 /* PBXTargetDependency Prep */,
			);
			name = me-core;
			productName = me-core;
		};
		D17998CCD179A83E00000013 /* All */ = {
			isa = PBXAggregateTarget;
			buildConfigurationList = D17998CCD179A83E00000012 /* Build configuration list for PBXAggregateTarget "All" */;
			buildPhases = (
				
			);
			dependencies = (
				D17998CCD179A83E00000014 /* PBXTargetDependency ejs.mod */,
				D17998CCD179A83E00000015 /* PBXTargetDependency ejsc */,
				D17998CCD179A83E00000016 /* PBXTargetDependency http-ca-crt */,
				D17998CCD179A83E00000017 /* PBXTargetDependency libejs */,
				D17998CCD179A83E00000018 /* PBXTargetDependency libest */,
				D17998CCD179A83E00000019 /* PBXTargetDependency libhttp */,
				D17998CCD179A83E0000001A /* PBXTargetDependency libmpr */,
				D17998CCD179A83E0000001B /* PBXTargetDependency libmprssl */,
				D17998CCD179A83E0000001C /* PBXTargetDependency libpcre */,
				D17998CCD179A83E0000001D /* PBXTargetDependency libzlib */,
				D17998CCD179A83E0000001E /* PBXTargetDependency me */,
				D17998CCD179A83E0000001F /* PBXTargetDependency me-core */,
			);
			name = All;
			productName = All;
		};
		D17998CCD179A83E00000021 /* Prep */ = {
			isa = PBXAggregateTarget;
			buildConfigurationList = D17998CCD179A83E00000020 /* Build configuration list for PBXAggregateTarget "Prep" */;
			buildPhases = (
				D17998CCD179A83E00000022,
			);
			dependencies = (
			);
			name = Prep;
			productName = Prep;
		};
/* End PBXAggregateTarget section */

/* Begin PBXBuildFile section */
		D17998CCD179A83E00000023 /* ejsc.c in Sources */ = {isa = PBXBuildFile; fileRef = D17998CCD179A83E00000024 /* ejsc.c */; };
		D17998CCD179A83E00000025 /* ejsLib.c in Sources */ = {isa = PBXBuildFile; fileRef = D17998CCD179A83E00000026 /* ejsLib.c */; };
		D17998CCD179A83E00000027 /* estLib.c in Sources */ = {isa = PBXBuildFile; fileRef = D17998CCD179A83E00000028 /* estLib.c */; };
		D17998CCD179A83E00000029 /* httpLib.c in Sources */ = {isa = PBXBuildFile; fileRef = D17998CCD179A83E0000002A /* httpLib.c */; };
		D17998CCD179A83E0000002B /* mprLib.c in Sources */ = {isa = PBXBuildFile; fileRef = D17998CCD179A83E0000002C /* mprLib.c */; };
		D17998CCD179A83E0000002D /* mprSsl.c in Sources */ = {isa = PBXBuildFile; fileRef = D17998CCD179A83E0000002E /* mprSsl.c */; };
		D17998CCD179A83E0000002F /* pcre.c in Sources */ = {isa = PBXBuildFile; fileRef = D17998CCD179A83E00000030 /* pcre.c */; };
		D17998CCD179A83E00000031 /* zlib.c in Sources */ = {isa = PBXBuildFile; fileRef = D17998CCD179A83E00000032 /* zlib.c */; };
		D17998CCD179A83E00000033 /* me.c in Sources */ = {isa = PBXBuildFile; fileRef = D17998CCD179A83E00000034 /* me.c */; };
		D17998CCD179A83E00000035 /* libejs.dylib for ejsc */ = {isa = PBXBuildFile; fileRef = D17998CCD179A83E00000036; };
		D17998CCD179A83E00000037 /* libhttp.dylib for ejsc */ = {isa = PBXBuildFile; fileRef = D17998CCD179A83E00000038; };
		D17998CCD179A83E00000039 /* libmpr.dylib for ejsc */ = {isa = PBXBuildFile; fileRef = D17998CCD179A83E0000003A; };
		D17998CCD179A83E0000003B /* libpcre.dylib for ejsc */ = {isa = PBXBuildFile; fileRef = D17998CCD179A83E0000003C; };
		D17998CCD179A83E0000003D /* libzlib.dylib for ejsc */ = {isa = PBXBuildFile; fileRef = D17998CCD179A83E0000003E; };
		D17998CCD179A83E0000003F /* libhttp.dylib for libejs */ = {isa = PBXBuildFile; fileRef = D17998CCD179A83E00000038; };
		D17998CCD179A83E00000040 /* libmpr.dylib for libejs */ = {isa = PBXBuildFile; fileRef = D17998CCD179A83E0000003A; };
		D17998CCD179A83E00000041 /* libpcre.dylib for libejs */ = {isa = PBXBuildFile; fileRef = D17998CCD179A83E0000003C; };
		D17998CCD179A83E00000042 /* libzlib.dylib for libejs */ = {isa = PBXBuildFile; fileRef = D17998CCD179A83E0000003E; };
		D17998CCD179A83E00000043 /* libmpr.dylib for libhttp */ = {isa = PBXBuildFile; fileRef = D17998CCD179A83E0000003A; };
		D17998CCD179A83E00000044 /* libpcre.dylib for libhttp */ = {isa = PBXBuildFile; fileRef = D17998CCD179A83E0000003C; };
		D17998CCD179A83E00000045 /* libmpr.dylib for libmprssl */ = {isa = PBXBuildFile; fileRef = D17998CCD179A83E0000003A; };
		D17998CCD179A83E00000046 /* libest.dylib for libmprssl */ = {isa = PBXBuildFile; fileRef = D17998CCD179A83E00000047; };
		D17998CCD179A83E00000048 /* libmpr.dylib for me */ = {isa = PBXBuildFile; fileRef = D17998CCD179A83E0000003A; };
		D17998CCD179A83E00000049 /* libhttp.dylib for me */ = {isa = PBXBuildFile; fileRef = D17998CCD179A83E00000038; };
		D17998CCD179A83E0000004A /* libpcre.dylib for me */ = {isa = PBXBuildFile; fileRef = D17998CCD179A83E0000003C; };
		D17998CCD179A83E0000004B /* libejs.dylib for me */ = {isa = PBXBuildFile; fileRef = D17998CCD179A83E00000036; };
		D17998CCD179A83E0000004C /* libzlib.dylib for me */ = {isa = PBXBuildFile; fileRef = D17998CCD179A83E0000003E; };
/* End PBXBuildFile section */

/* Begin PBXContainerItemProxy section */
		D17998CCD179A83E0000004D /* PBXContainerItemProxy Prep from ejs.mod */ = {
			isa = PBXContainerItemProxy;
			containerPortal = D17998CCD179A83E00000001 /* Project object */;
			proxyType = 1;
			remoteGlobalIDString = D17998CCD179A83E00000021;
			remoteInfo = Prep;
		};
		D17998CCD179A83E0000004E /* PBXContainerItemProxy libmpr from ejs.mod */ = {
			isa = PBXContainerItemProxy;
			containerPortal = D17998CCD179A83E00000001 /* Project object */;
			proxyType = 1;
			remoteGlobalIDString = D17998CCD179A83E0000004F;
			remoteInfo = libmpr;
		};
		D17998CCD179A83E00000050 /* PBXContainerItemProxy libpcre from ejs.mod */ = {
			isa = PBXContainerItemProxy;
			containerPortal = D17998CCD179A83E00000001 /* Project object */;
			proxyType = 1;
			remoteGlobalIDString = D17998CCD179A83E00000051;
			remoteInfo = libpcre;
		};
		D17998CCD179A83E00000052 /* PBXContainerItemProxy libhttp from ejs.mod */ = {
			isa = PBXContainerItemProxy;
			containerPortal = D17998CCD179A83E00000001 /* Project object */;
			proxyType = 1;
			remoteGlobalIDString = D17998CCD179A83E00000053;
			remoteInfo = libhttp;
		};
		D17998CCD179A83E00000054 /* PBXContainerItemProxy libzlib from ejs.mod */ = {
			isa = PBXContainerItemProxy;
			containerPortal = D17998CCD179A83E00000001 /* Project object */;
			proxyType = 1;
			remoteGlobalIDString = D17998CCD179A83E00000055;
			remoteInfo = libzlib;
		};
		D17998CCD179A83E00000056 /* PBXContainerItemProxy libejs from ejs.mod */ = {
			isa = PBXContainerItemProxy;
			containerPortal = D17998CCD179A83E00000001 /* Project object */;
			proxyType = 1;
			remoteGlobalIDString = D17998CCD179A83E00000057;
			remoteInfo = libejs;
		};
		D17998CCD179A83E00000058 /* PBXContainerItemProxy ejsc from ejs.mod */ = {
			isa = PBXContainerItemProxy;
			containerPortal = D17998CCD179A83E00000001 /* Project object */;
			proxyType = 1;
			remoteGlobalIDString = D17998CCD179A83E00000059;
			remoteInfo = ejsc;
		};
		D17998CCD179A83E0000005A /* PBXContainerItemProxy Prep from ejsc */ = {
			isa = PBXContainerItemProxy;
			containerPortal = D17998CCD179A83E00000001 /* Project object */;
			proxyType = 1;
			remoteGlobalIDString = D17998CCD179A83E00000021;
			remoteInfo = Prep;
		};
		D17998CCD179A83E0000005B /* PBXContainerItemProxy libmpr from ejsc */ = {
			isa = PBXContainerItemProxy;
			containerPortal = D17998CCD179A83E00000001 /* Project object */;
			proxyType = 1;
			remoteGlobalIDString = D17998CCD179A83E0000004F;
			remoteInfo = libmpr;
		};
		D17998CCD179A83E0000005C /* PBXContainerItemProxy libpcre from ejsc */ = {
			isa = PBXContainerItemProxy;
			containerPortal = D17998CCD179A83E00000001 /* Project object */;
			proxyType = 1;
			remoteGlobalIDString = D17998CCD179A83E00000051;
			remoteInfo = libpcre;
		};
		D17998CCD179A83E0000005D /* PBXContainerItemProxy libhttp from ejsc */ = {
			isa = PBXContainerItemProxy;
			containerPortal = D17998CCD179A83E00000001 /* Project object */;
			proxyType = 1;
			remoteGlobalIDString = D17998CCD179A83E00000053;
			remoteInfo = libhttp;
		};
		D17998CCD179A83E0000005E /* PBXContainerItemProxy libzlib from ejsc */ = {
			isa = PBXContainerItemProxy;
			containerPortal = D17998CCD179A83E00000001 /* Project object */;
			proxyType = 1;
			remoteGlobalIDString = D17998CCD179A83E00000055;
			remoteInfo = libzlib;
		};
		D17998CCD179A83E0000005F /* PBXContainerItemProxy libejs from ejsc */ = {
			isa = PBXContainerItemProxy;
			containerPortal = D17998CCD179A83E00000001 /* Project object */;
			proxyType = 1;
			remoteGlobalIDString = D17998CCD179A83E00000057;
			remoteInfo = libejs;
		};
		D17998CCD179A83E00000060 /* PBXContainerItemProxy Prep from http-ca-crt */ = {
			isa = PBXContainerItemProxy;
			containerPortal = D17998CCD179A83E00000001 /* Project object */;
			proxyType = 1;
			remoteGlobalIDString = D17998CCD179A83E00000021;
			remoteInfo = Prep;
		};
		D17998CCD179A83E00000061 /* PBXContainerItemProxy Prep from libejs */ = {
			isa = PBXContainerItemProxy;
			containerPortal = D17998CCD179A83E00000001 /* Project object */;
			proxyType = 1;
			remoteGlobalIDString = D17998CCD179A83E00000021;
			remoteInfo = Prep;
		};
		D17998CCD179A83E00000062 /* PBXContainerItemProxy libmpr from libejs */ = {
			isa = PBXContainerItemProxy;
			containerPortal = D17998CCD179A83E00000001 /* Project object */;
			proxyType = 1;
			remoteGlobalIDString = D17998CCD179A83E0000004F;
			remoteInfo = libmpr;
		};
		D17998CCD179A83E00000063 /* PBXContainerItemProxy libpcre from libejs */ = {
			isa = PBXContainerItemProxy;
			containerPortal = D17998CCD179A83E00000001 /* Project object */;
			proxyType = 1;
			remoteGlobalIDString = D17998CCD179A83E00000051;
			remoteInfo = libpcre;
		};
		D17998CCD179A83E00000064 /* PBXContainerItemProxy libhttp from libejs */ = {
			isa = PBXContainerItemProxy;
			containerPortal = D17998CCD179A83E00000001 /* Project object */;
			proxyType = 1;
			remoteGlobalIDString = D17998CCD179A83E00000053;
			remoteInfo = libhttp;
		};
		D17998CCD179A83E00000065 /* PBXContainerItemProxy libzlib from libejs */ = {
			isa = PBXContainerItemProxy;
			containerPortal = D17998CCD179A83E00000001 /* Project object */;
			proxyType = 1;
			remoteGlobalIDString = D17998CCD179A83E00000055;
			remoteInfo = libzlib;
		};
		D17998CCD179A83E00000066 /* PBXContainerItemProxy Prep from libest */ = {
			isa = PBXContainerItemProxy;
			containerPortal = D17998CCD179A83E00000001 /* Project object */;
			proxyType = 1;
			remoteGlobalIDString = D17998CCD179A83E00000021;
			remoteInfo = Prep;
		};
		D17998CCD179A83E00000067 /* PBXContainerItemProxy Prep from libhttp */ = {
			isa = PBXContainerItemProxy;
			containerPortal = D17998CCD179A83E00000001 /* Project object */;
			proxyType = 1;
			remoteGlobalIDString = D17998CCD179A83E00000021;
			remoteInfo = Prep;
		};
		D17998CCD179A83E00000068 /* PBXContainerItemProxy libmpr from libhttp */ = {
			isa = PBXContainerItemProxy;
			containerPortal = D17998CCD179A83E00000001 /* Project object */;
			proxyType = 1;
			remoteGlobalIDString = D17998CCD179A83E0000004F;
			remoteInfo = libmpr;
		};
		D17998CCD179A83E00000069 /* PBXContainerItemProxy libpcre from libhttp */ = {
			isa = PBXContainerItemProxy;
			containerPortal = D17998CCD179A83E00000001 /* Project object */;
			proxyType = 1;
			remoteGlobalIDString = D17998CCD179A83E00000051;
			remoteInfo = libpcre;
		};
		D17998CCD179A83E0000006A /* PBXContainerItemProxy Prep from libmpr */ = {
			isa = PBXContainerItemProxy;
			containerPortal = D17998CCD179A83E00000001 /* Project object */;
			proxyType = 1;
			remoteGlobalIDString = D17998CCD179A83E00000021;
			remoteInfo = Prep;
		};
		D17998CCD179A83E0000006B /* PBXContainerItemProxy Prep from libmprssl */ = {
			isa = PBXContainerItemProxy;
			containerPortal = D17998CCD179A83E00000001 /* Project object */;
			proxyType = 1;
			remoteGlobalIDString = D17998CCD179A83E00000021;
			remoteInfo = Prep;
		};
		D17998CCD179A83E0000006C /* PBXContainerItemProxy libmpr from libmprssl */ = {
			isa = PBXContainerItemProxy;
			containerPortal = D17998CCD179A83E00000001 /* Project object */;
			proxyType = 1;
			remoteGlobalIDString = D17998CCD179A83E0000004F;
			remoteInfo = libmpr;
		};
		D17998CCD179A83E0000006D /* PBXContainerItemProxy libest from libmprssl */ = {
			isa = PBXContainerItemProxy;
			containerPortal = D17998CCD179A83E00000001 /* Project object */;
			proxyType = 1;
			remoteGlobalIDString = D17998CCD179A83E0000006E;
			remoteInfo = libest;
		};
		D17998CCD179A83E0000006F /* PBXContainerItemProxy Prep from libpcre */ = {
			isa = PBXContainerItemProxy;
			containerPortal = D17998CCD179A83E00000001 /* Project object */;
			proxyType = 1;
			remoteGlobalIDString = D17998CCD179A83E00000021;
			remoteInfo = Prep;
		};
		D17998CCD179A83E00000070 /* PBXContainerItemProxy Prep from libzlib */ = {
			isa = PBXContainerItemProxy;
			containerPortal = D17998CCD179A83E00000001 /* Project object */;
			proxyType = 1;
			remoteGlobalIDString = D17998CCD179A83E00000021;
			remoteInfo = Prep;
		};
		D17998CCD179A83E00000071 /* PBXContainerItemProxy Prep from me */ = {
			isa = PBXContainerItemProxy;
			containerPortal = D17998CCD179A83E00000001 /* Project object */;
			proxyType = 1;
			remoteGlobalIDString = D17998CCD179A83E00000021;
			remoteInfo = Prep;
		};
		D17998CCD179A83E00000072 /* PBXContainerItemProxy libmpr from me */ = {
			isa = PBXContainerItemProxy;
			containerPortal = D17998CCD179A83E00000001 /* Project object */;
			proxyType = 1;
			remoteGlobalIDString = D17998CCD179A83E0000004F;
			remoteInfo = libmpr;
		};
		D17998CCD179A83E00000073 /* PBXContainerItemProxy libpcre from me */ = {
			isa = PBXContainerItemProxy;
			containerPortal = D17998CCD179A83E00000001 /* Project object */;
			proxyType = 1;
			remoteGlobalIDString = D17998CCD179A83E00000051;
			remoteInfo = libpcre;
		};
		D17998CCD179A83E00000074 /* PBXContainerItemProxy libhttp from me */ = {
			isa = PBXContainerItemProxy;
			containerPortal = D17998CCD179A83E00000001 /* Project object */;
			proxyType = 1;
			remoteGlobalIDString = D17998CCD179A83E00000053;
			remoteInfo = libhttp;
		};
		D17998CCD179A83E00000075 /* PBXContainerItemProxy libzlib from me */ = {
			isa = PBXContainerItemProxy;
			containerPortal = D17998CCD179A83E00000001 /* Project object */;
			proxyType = 1;
			remoteGlobalIDString = D17998CCD179A83E00000055;
			remoteInfo = libzlib;
		};
		D17998CCD179A83E00000076 /* PBXContainerItemProxy libejs from me */ = {
			isa = PBXContainerItemProxy;
			containerPortal = D17998CCD179A83E00000001 /* Project object */;
			proxyType = 1;
			remoteGlobalIDString = D17998CCD179A83E00000057;
			remoteInfo = libejs;
		};
		D17998CCD179A83E00000077 /* PBXContainerItemProxy ejsc from me */ = {
			isa = PBXContainerItemProxy;
			containerPortal = D17998CCD179A83E00000001 /* Project object */;
			proxyType = 1;
			remoteGlobalIDString = D17998CCD179A83E00000059;
			remoteInfo = ejsc;
		};
		D17998CCD179A83E00000078 /* PBXContainerItemProxy Prep from me-core */ = {
			isa = PBXContainerItemProxy;
			containerPortal = D17998CCD179A83E00000001 /* Project object */;
			proxyType = 1;
			remoteGlobalIDString = D17998CCD179A83E00000021;
			remoteInfo = Prep;
		};
		D17998CCD179A83E00000079 /* PBXContainerItemProxy Prep from All */ = {
			isa = PBXContainerItemProxy;
			containerPortal = D17998CCD179A83E00000001 /* Project object */;
			proxyType = 1;
			remoteGlobalIDString = D17998CCD179A83E00000021;
			remoteInfo = Prep;
		};
		D17998CCD179A83E0000007A /* PBXContainerItemProxy libmpr from All */ = {
			isa = PBXContainerItemProxy;
			containerPortal = D17998CCD179A83E00000001 /* Project object */;
			proxyType = 1;
			remoteGlobalIDString = D17998CCD179A83E0000004F;
			remoteInfo = libmpr;
		};
		D17998CCD179A83E0000007B /* PBXContainerItemProxy libpcre from All */ = {
			isa = PBXContainerItemProxy;
			containerPortal = D17998CCD179A83E00000001 /* Project object */;
			proxyType = 1;
			remoteGlobalIDString = D17998CCD179A83E00000051;
			remoteInfo = libpcre;
		};
		D17998CCD179A83E0000007C /* PBXContainerItemProxy libhttp from All */ = {
			isa = PBXContainerItemProxy;
			containerPortal = D17998CCD179A83E00000001 /* Project object */;
			proxyType = 1;
			remoteGlobalIDString = D17998CCD179A83E00000053;
			remoteInfo = libhttp;
		};
		D17998CCD179A83E0000007D /* PBXContainerItemProxy libzlib from All */ = {
			isa = PBXContainerItemProxy;
			containerPortal = D17998CCD179A83E00000001 /* Project object */;
			proxyType = 1;
			remoteGlobalIDString = D17998CCD179A83E00000055;
			remoteInfo = libzlib;
		};
		D17998CCD179A83E0000007E /* PBXContainerItemProxy libejs from All */ = {
			isa = PBXContainerItemProxy;
			containerPortal = D17998CCD179A83E00000001 /* Project object */;
			proxyType = 1;
			remoteGlobalIDString = D17998CCD179A83E00000057;
			remoteInfo = libejs;
		};
		D17998CCD179A83E0000007F /* PBXContainerItemProxy ejsc from All */ = {
			isa = PBXContainerItemProxy;
			containerPortal = D17998CCD179A83E00000001 /* Project object */;
			proxyType = 1;
			remoteGlobalIDString = D17998CCD179A83E00000059;
			remoteInfo = ejsc;
		};
		D17998CCD179A83E00000080 /* PBXContainerItemProxy ejs.mod from All */ = {
			isa = PBXContainerItemProxy;
			containerPortal = D17998CCD179A83E00000001 /* Project object */;
			proxyType = 1;
			remoteGlobalIDString = D17998CCD179A83E00000006;
			remoteInfo = ejs.mod;
		};
		D17998CCD179A83E00000081 /* PBXContainerItemProxy http-ca-crt from All */ = {
			isa = PBXContainerItemProxy;
			containerPortal = D17998CCD179A83E00000001 /* Project object */;
			proxyType = 1;
			remoteGlobalIDString = D17998CCD179A83E0000000B;
			remoteInfo = http-ca-crt;
		};
		D17998CCD179A83E00000082 /* PBXContainerItemProxy libest from All */ = {
			isa = PBXContainerItemProxy;
			containerPortal = D17998CCD179A83E00000001 /* Project object */;
			proxyType = 1;
			remoteGlobalIDString = D17998CCD179A83E0000006E;
			remoteInfo = libest;
		};
		D17998CCD179A83E00000083 /* PBXContainerItemProxy libmprssl from All */ = {
			isa = PBXContainerItemProxy;
			containerPortal = D17998CCD179A83E00000001 /* Project object */;
			proxyType = 1;
			remoteGlobalIDString = D17998CCD179A83E00000084;
			remoteInfo = libmprssl;
		};
		D17998CCD179A83E00000085 /* PBXContainerItemProxy me from All */ = {
			isa = PBXContainerItemProxy;
			containerPortal = D17998CCD179A83E00000001 /* Project object */;
			proxyType = 1;
			remoteGlobalIDString = D17998CCD179A83E00000086;
			remoteInfo = me;
		};
		D17998CCD179A83E00000087 /* PBXContainerItemProxy me-core from All */ = {
			isa = PBXContainerItemProxy;
			containerPortal = D17998CCD179A83E00000001 /* Project object */;
			proxyType = 1;
			remoteGlobalIDString = D17998CCD179A83E0000000F;
			remoteInfo = me-core;
		};
/* End PBXContainerItemProxy section */

/* Begin PBXFileReference section */
		D17998CCD179A83E00000024 /* ejsc.c */ = {isa = PBXFileReference; fileEncoding = 4; lastKnownFileType = sourcecode.c.c; name = ejsc.c; path = src/paks/ejs/ejsc.c; sourceTree = "<group>"; };
		D17998CCD179A83E00000088 /* me.h */ = {isa = PBXFileReference; fileEncoding = 4; lastKnownFileType = sourcecode.c.h; name = me.h; path = macosx-x64-default/inc/me.h; sourceTree = "<group>"; };
		D17998CCD179A83E00000089 /* ejs.h */ = {isa = PBXFileReference; fileEncoding = 4; lastKnownFileType = sourcecode.c.h; name = ejs.h; path = macosx-x64-default/inc/ejs.h; sourceTree = "<group>"; };
		D17998CCD179A83E0000008A /* ejsc */ = {isa = PBXFileReference; explicitFileType = "compiled.mach-o.executable"; includeInIndex = 0; path = ejsc; sourceTree = BUILT_PRODUCTS_DIR; };
		D17998CCD179A83E00000026 /* ejsLib.c */ = {isa = PBXFileReference; fileEncoding = 4; lastKnownFileType = sourcecode.c.c; name = ejsLib.c; path = src/paks/ejs/ejsLib.c; sourceTree = "<group>"; };
		D17998CCD179A83E0000008B /* mpr.h */ = {isa = PBXFileReference; fileEncoding = 4; lastKnownFileType = sourcecode.c.h; name = mpr.h; path = macosx-x64-default/inc/mpr.h; sourceTree = "<group>"; };
		D17998CCD179A83E0000008C /* pcre.h */ = {isa = PBXFileReference; fileEncoding = 4; lastKnownFileType = sourcecode.c.h; name = pcre.h; path = macosx-x64-default/inc/pcre.h; sourceTree = "<group>"; };
		D17998CCD179A83E0000008D /* osdep.h */ = {isa = PBXFileReference; fileEncoding = 4; lastKnownFileType = sourcecode.c.h; name = osdep.h; path = macosx-x64-default/inc/osdep.h; sourceTree = "<group>"; };
		D17998CCD179A83E0000008E /* http.h */ = {isa = PBXFileReference; fileEncoding = 4; lastKnownFileType = sourcecode.c.h; name = http.h; path = macosx-x64-default/inc/http.h; sourceTree = "<group>"; };
		D17998CCD179A83E0000008F /* ejs.slots.h */ = {isa = PBXFileReference; fileEncoding = 4; lastKnownFileType = sourcecode.c.h; name = ejs.slots.h; path = macosx-x64-default/inc/ejs.slots.h; sourceTree = "<group>"; };
		D17998CCD179A83E00000090 /* zlib.h */ = {isa = PBXFileReference; fileEncoding = 4; lastKnownFileType = sourcecode.c.h; name = zlib.h; path = macosx-x64-default/inc/zlib.h; sourceTree = "<group>"; };
		D17998CCD179A83E00000036 /* libejs */ = {isa = PBXFileReference; explicitFileType = "compiled.mach-o.dylib"; includeInIndex = 0; path = libejs.dylib; sourceTree = BUILT_PRODUCTS_DIR; };
		D17998CCD179A83E00000028 /* estLib.c */ = {isa = PBXFileReference; fileEncoding = 4; lastKnownFileType = sourcecode.c.c; name = estLib.c; path = src/paks/est/estLib.c; sourceTree = "<group>"; };
		D17998CCD179A83E00000091 /* est.h */ = {isa = PBXFileReference; fileEncoding = 4; lastKnownFileType = sourcecode.c.h; name = est.h; path = macosx-x64-default/inc/est.h; sourceTree = "<group>"; };
		D17998CCD179A83E00000047 /* libest */ = {isa = PBXFileReference; explicitFileType = "compiled.mach-o.dylib"; includeInIndex = 0; path = libest.dylib; sourceTree = BUILT_PRODUCTS_DIR; };
		D17998CCD179A83E0000002A /* httpLib.c */ = {isa = PBXFileReference; fileEncoding = 4; lastKnownFileType = sourcecode.c.c; name = httpLib.c; path = src/paks/http/httpLib.c; sourceTree = "<group>"; };
		D17998CCD179A83E00000038 /* libhttp */ = {isa = PBXFileReference; explicitFileType = "compiled.mach-o.dylib"; includeInIndex = 0; path = libhttp.dylib; sourceTree = BUILT_PRODUCTS_DIR; };
		D17998CCD179A83E0000002C /* mprLib.c */ = {isa = PBXFileReference; fileEncoding = 4; lastKnownFileType = sourcecode.c.c; name = mprLib.c; path = src/paks/mpr/mprLib.c; sourceTree = "<group>"; };
		D17998CCD179A83E0000003A /* libmpr */ = {isa = PBXFileReference; explicitFileType = "compiled.mach-o.dylib"; includeInIndex = 0; path = libmpr.dylib; sourceTree = BUILT_PRODUCTS_DIR; };
		D17998CCD179A83E0000002E /* mprSsl.c */ = {isa = PBXFileReference; fileEncoding = 4; lastKnownFileType = sourcecode.c.c; name = mprSsl.c; path = src/paks/mpr/mprSsl.c; sourceTree = "<group>"; };
		D17998CCD179A83E00000092 /* libmprssl */ = {isa = PBXFileReference; explicitFileType = "compiled.mach-o.dylib"; includeInIndex = 0; path = libmprssl.dylib; sourceTree = BUILT_PRODUCTS_DIR; };
		D17998CCD179A83E00000030 /* pcre.c */ = {isa = PBXFileReference; fileEncoding = 4; lastKnownFileType = sourcecode.c.c; name = pcre.c; path = src/paks/pcre/pcre.c; sourceTree = "<group>"; };
		D17998CCD179A83E0000003C /* libpcre */ = {isa = PBXFileReference; explicitFileType = "compiled.mach-o.dylib"; includeInIndex = 0; path = libpcre.dylib; sourceTree = BUILT_PRODUCTS_DIR; };
		D17998CCD179A83E00000032 /* zlib.c */ = {isa = PBXFileReference; fileEncoding = 4; lastKnownFileType = sourcecode.c.c; name = zlib.c; path = src/paks/zlib/zlib.c; sourceTree = "<group>"; };
		D17998CCD179A83E0000003E /* libzlib */ = {isa = PBXFileReference; explicitFileType = "compiled.mach-o.dylib"; includeInIndex = 0; path = libzlib.dylib; sourceTree = BUILT_PRODUCTS_DIR; };
		D17998CCD179A83E00000034 /* me.c */ = {isa = PBXFileReference; fileEncoding = 4; lastKnownFileType = sourcecode.c.c; name = me.c; path = src/me.c; sourceTree = "<group>"; };
		D17998CCD179A83E00000093 /* me */ = {isa = PBXFileReference; explicitFileType = "compiled.mach-o.executable"; includeInIndex = 0; path = me; sourceTree = BUILT_PRODUCTS_DIR; };
/* End PBXFileReference section */

/* Begin PBXFrameworksBuildPhase section */
		D17998CCD179A83E00000094 /* Frameworks and Libraries for ejsc */ = {
            isa = PBXFrameworksBuildPhase;
            buildActionMask = 2147483647;
            files = (
				D17998CCD179A83E00000035 /* libejs */,
				D17998CCD179A83E00000037 /* libhttp */,
				D17998CCD179A83E00000039 /* libmpr */,
				D17998CCD179A83E0000003B /* libpcre */,
				D17998CCD179A83E0000003D /* libzlib */,				
            );
            runOnlyForDeploymentPostprocessing = 0;
        };
		D17998CCD179A83E00000095 /* Frameworks and Libraries for libejs */ = {
            isa = PBXFrameworksBuildPhase;
            buildActionMask = 2147483647;
            files = (
				D17998CCD179A83E0000003F /* libhttp */,
				D17998CCD179A83E00000040 /* libmpr */,
				D17998CCD179A83E00000041 /* libpcre */,
				D17998CCD179A83E00000042 /* libzlib */,				
            );
            runOnlyForDeploymentPostprocessing = 0;
        };
		D17998CCD179A83E00000096 /* Frameworks and Libraries for libest */ = {
            isa = PBXFrameworksBuildPhase;
            buildActionMask = 2147483647;
            files = (
				
            );
            runOnlyForDeploymentPostprocessing = 0;
        };
		D17998CCD179A83E00000097 /* Frameworks and Libraries for libhttp */ = {
            isa = PBXFrameworksBuildPhase;
            buildActionMask = 2147483647;
            files = (
				D17998CCD179A83E00000043 /* libmpr */,
				D17998CCD179A83E00000044 /* libpcre */,				
            );
            runOnlyForDeploymentPostprocessing = 0;
        };
		D17998CCD179A83E00000098 /* Frameworks and Libraries for libmpr */ = {
            isa = PBXFrameworksBuildPhase;
            buildActionMask = 2147483647;
            files = (
				
            );
            runOnlyForDeploymentPostprocessing = 0;
        };
		D17998CCD179A83E00000099 /* Frameworks and Libraries for libmprssl */ = {
            isa = PBXFrameworksBuildPhase;
            buildActionMask = 2147483647;
            files = (
				D17998CCD179A83E00000045 /* libmpr */,
				D17998CCD179A83E00000046 /* libest */,				
            );
            runOnlyForDeploymentPostprocessing = 0;
        };
		D17998CCD179A83E0000009A /* Frameworks and Libraries for libpcre */ = {
            isa = PBXFrameworksBuildPhase;
            buildActionMask = 2147483647;
            files = (
				
            );
            runOnlyForDeploymentPostprocessing = 0;
        };
		D17998CCD179A83E0000009B /* Frameworks and Libraries for libzlib */ = {
            isa = PBXFrameworksBuildPhase;
            buildActionMask = 2147483647;
            files = (
				
            );
            runOnlyForDeploymentPostprocessing = 0;
        };
		D17998CCD179A83E0000009C /* Frameworks and Libraries for me */ = {
            isa = PBXFrameworksBuildPhase;
            buildActionMask = 2147483647;
            files = (
				D17998CCD179A83E00000048 /* libmpr */,
				D17998CCD179A83E00000049 /* libhttp */,
				D17998CCD179A83E0000004A /* libpcre */,
				D17998CCD179A83E0000004B /* libejs */,
				D17998CCD179A83E0000004C /* libzlib */,				
            );
            runOnlyForDeploymentPostprocessing = 0;
        };
/* End PBXFrameworksBuildPhase section */

/* Begin PBXGroup section */
		D17998CCD179A83E0000009D /* Top Group */ = {
            isa = PBXGroup;
            children = (
				D17998CCD179A83E0000009E /* libejs */,
				D17998CCD179A83E0000009F /* libest */,
				D17998CCD179A83E000000A0 /* libhttp */,
				D17998CCD179A83E000000A1 /* libmpr */,
				D17998CCD179A83E000000A2 /* libmprssl */,
				D17998CCD179A83E000000A3 /* libpcre */,
				D17998CCD179A83E000000A4 /* libzlib */,
				D17998CCD179A83E000000A5 /* ejsc */,
				D17998CCD179A83E000000A6 /* me */,
				D17998CCD179A83E000000A7 /* Products */,
			);
            sourceTree = "<group>";
        };
		D17998CCD179A83E000000A5 /* ejsc */ = {
            isa = PBXGroup;
            children = (
				D17998CCD179A83E00000088 /* me.h */,
				D17998CCD179A83E00000089 /* ejs.h */,
				D17998CCD179A83E00000024 /* ejsc.c */,
			);
            name = "ejsc";
            path = ..;
            sourceTree = SOURCE_ROOT;
        };
		D17998CCD179A83E0000009E /* libejs */ = {
            isa = PBXGroup;
            children = (
				D17998CCD179A83E00000088 /* me.h */,
				D17998CCD179A83E00000089 /* ejs.h */,
				D17998CCD179A83E0000008B /* mpr.h */,
				D17998CCD179A83E0000008C /* pcre.h */,
				D17998CCD179A83E0000008D /* osdep.h */,
				D17998CCD179A83E0000008E /* http.h */,
				D17998CCD179A83E0000008F /* ejs.slots.h */,
				D17998CCD179A83E00000090 /* zlib.h */,
				D17998CCD179A83E00000026 /* ejsLib.c */,
			);
            name = "libejs";
            path = ..;
            sourceTree = SOURCE_ROOT;
        };
		D17998CCD179A83E0000009F /* libest */ = {
            isa = PBXGroup;
            children = (
				D17998CCD179A83E00000088 /* me.h */,
				D17998CCD179A83E00000091 /* est.h */,
				D17998CCD179A83E0000008D /* osdep.h */,
				D17998CCD179A83E00000028 /* estLib.c */,
			);
            name = "libest";
            path = ..;
            sourceTree = SOURCE_ROOT;
        };
		D17998CCD179A83E000000A0 /* libhttp */ = {
            isa = PBXGroup;
            children = (
				D17998CCD179A83E00000088 /* me.h */,
				D17998CCD179A83E0000008E /* http.h */,
				D17998CCD179A83E0000008B /* mpr.h */,
				D17998CCD179A83E0000002A /* httpLib.c */,
			);
            name = "libhttp";
            path = ..;
            sourceTree = SOURCE_ROOT;
        };
		D17998CCD179A83E000000A1 /* libmpr */ = {
            isa = PBXGroup;
            children = (
				D17998CCD179A83E00000088 /* me.h */,
				D17998CCD179A83E0000008B /* mpr.h */,
				D17998CCD179A83E0000008D /* osdep.h */,
				D17998CCD179A83E0000002C /* mprLib.c */,
			);
            name = "libmpr";
            path = ..;
            sourceTree = SOURCE_ROOT;
        };
		D17998CCD179A83E000000A2 /* libmprssl */ = {
            isa = PBXGroup;
            children = (
				D17998CCD179A83E00000088 /* me.h */,
				D17998CCD179A83E0000008B /* mpr.h */,
				D17998CCD179A83E00000091 /* est.h */,
				D17998CCD179A83E0000002E /* mprSsl.c */,
			);
            name = "libmprssl";
            path = ..;
            sourceTree = SOURCE_ROOT;
        };
		D17998CCD179A83E000000A3 /* libpcre */ = {
            isa = PBXGroup;
            children = (
				D17998CCD179A83E00000088 /* me.h */,
				D17998CCD179A83E0000008C /* pcre.h */,
				D17998CCD179A83E00000030 /* pcre.c */,
			);
            name = "libpcre";
            path = ..;
            sourceTree = SOURCE_ROOT;
        };
		D17998CCD179A83E000000A4 /* libzlib */ = {
            isa = PBXGroup;
            children = (
				D17998CCD179A83E00000088 /* me.h */,
				D17998CCD179A83E00000090 /* zlib.h */,
				D17998CCD179A83E00000032 /* zlib.c */,
			);
            name = "libzlib";
            path = ..;
            sourceTree = SOURCE_ROOT;
        };
		D17998CCD179A83E000000A6 /* me */ = {
            isa = PBXGroup;
            children = (
				D17998CCD179A83E00000088 /* me.h */,
				D17998CCD179A83E00000089 /* ejs.h */,
				D17998CCD179A83E00000034 /* me.c */,
			);
            name = "me";
            path = ..;
            sourceTree = SOURCE_ROOT;
        };
		D17998CCD179A83E000000A7 /* Products */ = {
            isa = PBXGroup;
            children = (
				D17998CCD179A83E0000008A /* ejsc */,
				D17998CCD179A83E00000036 /* libejs */,
				D17998CCD179A83E00000047 /* libest */,
				D17998CCD179A83E00000038 /* libhttp */,
				D17998CCD179A83E0000003A /* libmpr */,
				D17998CCD179A83E00000092 /* libmprssl */,
				D17998CCD179A83E0000003C /* libpcre */,
				D17998CCD179A83E0000003E /* libzlib */,
				D17998CCD179A83E00000093 /* me */,
			);
            name = "Products";
            path = ..;
            sourceTree = SOURCE_ROOT;
        };
/* End PBXGroup section */

/* Begin PBXNativeTarget section */
		D17998CCD179A83E00000059 /* ejsc */ = {
			isa = PBXNativeTarget;
			buildConfigurationList = D17998CCD179A83E000000A9 /* Build configuration list for PBXNativeTarget "ejsc" */;
			buildPhases = (
				D17998CCD179A83E000000A8 /* Sources */,
				D17998CCD179A83E00000094 /* Frameworks */,
			);
			buildRules = (
			);
			dependencies = (
				D17998CCD179A83E000000AA /* Prep */,
				D17998CCD179A83E000000AB /* libmpr */,
				D17998CCD179A83E000000AC /* libpcre */,
				D17998CCD179A83E000000AD /* libhttp */,
				D17998CCD179A83E000000AE /* libzlib */,
				D17998CCD179A83E000000AF /* libejs */,				
			);
			name = ejsc;
			productName = me;
			productReference = D17998CCD179A83E0000008A /* ejsc */;
			productType = "com.apple.product-type.tool";
		};
		D17998CCD179A83E00000057 /* libejs */ = {
			isa = PBXNativeTarget;
			buildConfigurationList = D17998CCD179A83E000000B1 /* Build configuration list for PBXNativeTarget "libejs" */;
			buildPhases = (
				D17998CCD179A83E000000B0 /* Sources */,
				D17998CCD179A83E00000095 /* Frameworks */,
			);
			buildRules = (
			);
			dependencies = (
				D17998CCD179A83E000000B2 /* Prep */,
				D17998CCD179A83E000000B3 /* libmpr */,
				D17998CCD179A83E000000B4 /* libpcre */,
				D17998CCD179A83E000000B5 /* libhttp */,
				D17998CCD179A83E000000B6 /* libzlib */,				
			);
			name = libejs;
			productName = me;
			productReference = D17998CCD179A83E00000036 /* libejs */;
			productType = "com.apple.product-type.library.dynamic";
		};
		D17998CCD179A83E0000006E /* libest */ = {
			isa = PBXNativeTarget;
			buildConfigurationList = D17998CCD179A83E000000B8 /* Build configuration list for PBXNativeTarget "libest" */;
			buildPhases = (
				D17998CCD179A83E000000B7 /* Sources */,
				D17998CCD179A83E00000096 /* Frameworks */,
			);
			buildRules = (
			);
			dependencies = (
				D17998CCD179A83E000000B9 /* Prep */,				
			);
			name = libest;
			productName = me;
			productReference = D17998CCD179A83E00000047 /* libest */;
			productType = "com.apple.product-type.library.dynamic";
		};
		D17998CCD179A83E00000053 /* libhttp */ = {
			isa = PBXNativeTarget;
			buildConfigurationList = D17998CCD179A83E000000BB /* Build configuration list for PBXNativeTarget "libhttp" */;
			buildPhases = (
				D17998CCD179A83E000000BA /* Sources */,
				D17998CCD179A83E00000097 /* Frameworks */,
			);
			buildRules = (
			);
			dependencies = (
				D17998CCD179A83E000000BC /* Prep */,
				D17998CCD179A83E000000BD /* libmpr */,
				D17998CCD179A83E000000BE /* libpcre */,				
			);
			name = libhttp;
			productName = me;
			productReference = D17998CCD179A83E00000038 /* libhttp */;
			productType = "com.apple.product-type.library.dynamic";
		};
		D17998CCD179A83E0000004F /* libmpr */ = {
			isa = PBXNativeTarget;
			buildConfigurationList = D17998CCD179A83E000000C0 /* Build configuration list for PBXNativeTarget "libmpr" */;
			buildPhases = (
				D17998CCD179A83E000000BF /* Sources */,
				D17998CCD179A83E00000098 /* Frameworks */,
			);
			buildRules = (
			);
			dependencies = (
				D17998CCD179A83E000000C1 /* Prep */,				
			);
			name = libmpr;
			productName = me;
			productReference = D17998CCD179A83E0000003A /* libmpr */;
			productType = "com.apple.product-type.library.dynamic";
		};
		D17998CCD179A83E00000084 /* libmprssl */ = {
			isa = PBXNativeTarget;
			buildConfigurationList = D17998CCD179A83E000000C3 /* Build configuration list for PBXNativeTarget "libmprssl" */;
			buildPhases = (
				D17998CCD179A83E000000C2 /* Sources */,
				D17998CCD179A83E00000099 /* Frameworks */,
			);
			buildRules = (
			);
			dependencies = (
				D17998CCD179A83E000000C4 /* Prep */,
				D17998CCD179A83E000000C5 /* libmpr */,
				D17998CCD179A83E000000C6 /* libest */,				
			);
			name = libmprssl;
			productName = me;
			productReference = D17998CCD179A83E00000092 /* libmprssl */;
			productType = "com.apple.product-type.library.dynamic";
		};
		D17998CCD179A83E00000051 /* libpcre */ = {
			isa = PBXNativeTarget;
			buildConfigurationList = D17998CCD179A83E000000C8 /* Build configuration list for PBXNativeTarget "libpcre" */;
			buildPhases = (
				D17998CCD179A83E000000C7 /* Sources */,
				D17998CCD179A83E0000009A /* Frameworks */,
			);
			buildRules = (
			);
			dependencies = (
				D17998CCD179A83E000000C9 /* Prep */,				
			);
			name = libpcre;
			productName = me;
			productReference = D17998CCD179A83E0000003C /* libpcre */;
			productType = "com.apple.product-type.library.dynamic";
		};
		D17998CCD179A83E00000055 /* libzlib */ = {
			isa = PBXNativeTarget;
			buildConfigurationList = D17998CCD179A83E000000CB /* Build configuration list for PBXNativeTarget "libzlib" */;
			buildPhases = (
				D17998CCD179A83E000000CA /* Sources */,
				D17998CCD179A83E0000009B /* Frameworks */,
			);
			buildRules = (
			);
			dependencies = (
				D17998CCD179A83E000000CC /* Prep */,				
			);
			name = libzlib;
			productName = me;
			productReference = D17998CCD179A83E0000003E /* libzlib */;
			productType = "com.apple.product-type.library.dynamic";
		};
		D17998CCD179A83E00000086 /* me */ = {
			isa = PBXNativeTarget;
			buildConfigurationList = D17998CCD179A83E000000CE /* Build configuration list for PBXNativeTarget "me" */;
			buildPhases = (
				D17998CCD179A83E000000CD /* Sources */,
				D17998CCD179A83E0000009C /* Frameworks */,
			);
			buildRules = (
			);
			dependencies = (
				D17998CCD179A83E000000CF /* Prep */,
				D17998CCD179A83E000000D0 /* libmpr */,
				D17998CCD179A83E000000D1 /* libpcre */,
				D17998CCD179A83E000000D2 /* libhttp */,
				D17998CCD179A83E000000D3 /* libzlib */,
				D17998CCD179A83E000000D4 /* libejs */,
				D17998CCD179A83E000000D5 /* ejsc */,				
			);
			name = me;
			productName = me;
			productReference = D17998CCD179A83E00000093 /* me */;
			productType = "com.apple.product-type.tool";
		};
/* End PBXNativeTarget section */

/* Begin PBXShellScriptBuildPhase section */
		D17998CCD179A83E00000007 /* ShellScript for ejs.mod */ = {
			isa = PBXShellScriptBuildPhase;
			buildActionMask = 2147483647;
			files = (
			);
			inputPaths = (
../src/paks/ejs/ejs.es
			);
			outputPaths = (
../macosx-x64-default/bin/ejs.mod
			);
			runOnlyForDeploymentPostprocessing = 0;
			shellPath = /bin/bash;
			shellScript = "PATH=$PATH:/usr/local/bin
cd ../src/paks/ejs
../../../macosx-x64-default/bin/ejsc --out ../../../macosx-x64-default/bin/ejs.mod --optimize 9 --bind --require null ejs.es";
		};
		D17998CCD179A83E0000000C /* ShellScript for http-ca-crt */ = {
			isa = PBXShellScriptBuildPhase;
			buildActionMask = 2147483647;
			files = (
			);
			inputPaths = (
../src/paks/http/ca.crt
			);
			outputPaths = (
../macosx-x64-default/bin/ca.crt
			);
			runOnlyForDeploymentPostprocessing = 0;
			shellPath = /bin/bash;
			shellScript = "PATH=$PATH:/usr/local/bin
cd ../src/paks/http
mkdir -p ../../${OUT_DIR}/bin
cp -r ca.crt ../../${OUT_DIR}/bin/ca.crt
";
		};
		D17998CCD179A83E00000010 /* ShellScript for me-core */ = {
			isa = PBXShellScriptBuildPhase;
			buildActionMask = 2147483647;
			files = (
			);
			inputPaths = (
../src/configure/appweb.me,
../src/configure/compiler.me,
../src/configure/lib.me,
../src/configure/link.me,
../src/configure/rc.me,
../src/configure/vxworks.me,
../src/configure/winsdk.me,
../src/configure.es,
../src/generate.es,
../src/me.es,
../src/os/freebsd.me,
../src/os/gcc.me,
../src/os/linux.me,
../src/os/macosx.me,
../src/os/solaris.me,
../src/os/unix.me,
../src/os/vxworks.me,
../src/os/windows.me,
../src/simple.me,
../src/standard.me,
../src/vstudio.es,
../src/xcode.es
			);
			outputPaths = (
../macosx-x64-default/bin/.updated
			);
			runOnlyForDeploymentPostprocessing = 0;
			shellPath = /bin/bash;
			shellScript = "PATH=$PATH:/usr/local/bin
cd ..
mkdir -p macosx-x64-default/bin/configure
cp -r src/configure/appweb.me macosx-x64-default/bin/configure/appweb.me
mkdir -p macosx-x64-default/bin/configure
cp -r src/configure/compiler.me macosx-x64-default/bin/configure/compiler.me
mkdir -p macosx-x64-default/bin/configure
cp -r src/configure/lib.me macosx-x64-default/bin/configure/lib.me
mkdir -p macosx-x64-default/bin/configure
cp -r src/configure/link.me macosx-x64-default/bin/configure/link.me
mkdir -p macosx-x64-default/bin/configure
cp -r src/configure/rc.me macosx-x64-default/bin/configure/rc.me
mkdir -p macosx-x64-default/bin/configure
cp -r src/configure/vxworks.me macosx-x64-default/bin/configure/vxworks.me
mkdir -p macosx-x64-default/bin/configure
cp -r src/configure/winsdk.me macosx-x64-default/bin/configure/winsdk.me
mkdir -p macosx-x64-default/bin
cp -r src/configure.es macosx-x64-default/bin/configure.es
mkdir -p macosx-x64-default/bin
cp -r src/generate.es macosx-x64-default/bin/generate.es
mkdir -p macosx-x64-default/bin
cp -r src/me.es macosx-x64-default/bin/me.es
mkdir -p macosx-x64-default/bin/os
cp -r src/os/freebsd.me macosx-x64-default/bin/os/freebsd.me
mkdir -p macosx-x64-default/bin/os
cp -r src/os/gcc.me macosx-x64-default/bin/os/gcc.me
mkdir -p macosx-x64-default/bin/os
cp -r src/os/linux.me macosx-x64-default/bin/os/linux.me
mkdir -p macosx-x64-default/bin/os
cp -r src/os/macosx.me macosx-x64-default/bin/os/macosx.me
mkdir -p macosx-x64-default/bin/os
cp -r src/os/solaris.me macosx-x64-default/bin/os/solaris.me
mkdir -p macosx-x64-default/bin/os
cp -r src/os/unix.me macosx-x64-default/bin/os/unix.me
mkdir -p macosx-x64-default/bin/os
cp -r src/os/vxworks.me macosx-x64-default/bin/os/vxworks.me
mkdir -p macosx-x64-default/bin/os
cp -r src/os/windows.me macosx-x64-default/bin/os/windows.me
mkdir -p macosx-x64-default/bin
cp -r src/simple.me macosx-x64-default/bin/simple.me
mkdir -p macosx-x64-default/bin
cp -r src/standard.me macosx-x64-default/bin/standard.me
mkdir -p macosx-x64-default/bin
cp -r src/vstudio.es macosx-x64-default/bin/vstudio.es
mkdir -p macosx-x64-default/bin
cp -r src/xcode.es macosx-x64-default/bin/xcode.es
touch macosx-x64-default/bin/.updated
";
		};
		D17998CCD179A83E00000022 /* ShellScript for Prep */ = {
			isa = PBXShellScriptBuildPhase;
			buildActionMask = 2147483647;
			files = (
			);
			inputPaths = (

			);
			outputPaths = (

			);
			runOnlyForDeploymentPostprocessing = 0;
			shellPath = /bin/bash;
			shellScript = "PATH=$PATH:/usr/local/bin
[ ! -x ${INC_DIR} ] && mkdir -p ${INC_DIR} ${OBJ_DIR} ${LIB_DIR} ${BIN_DIR}
[ ! -f ${INC_DIR}/me.h ] && cp me-macosx-default-me.h ${INC_DIR}/me.h
[ ! -f ${INC_DIR}/osdep.h ] && cp ${SRC_DIR}/src/paks/osdep/osdep.h ${INC_DIR}/osdep.h
if ! diff ${INC_DIR}/me.h me-macosx-default-me.h >/dev/null ; then
cp me-macosx-default-me.h ${INC_DIR}/me.h
fi
if [ ../src/paks/ejs/ejs.h -nt ${OUT_DIR}/inc/ejs.h ] ; then
cp ../src/paks/ejs/ejs.h ${OUT_DIR}/inc/ejs.h
fi
if [ ../src/paks/ejs/ejs.slots.h -nt ${OUT_DIR}/inc/ejs.slots.h ] ; then
cp ../src/paks/ejs/ejs.slots.h ${OUT_DIR}/inc/ejs.slots.h
fi
if [ ../src/paks/ejs/ejsByteGoto.h -nt ${OUT_DIR}/inc/ejsByteGoto.h ] ; then
cp ../src/paks/ejs/ejsByteGoto.h ${OUT_DIR}/inc/ejsByteGoto.h
fi
if [ ../src/paks/est/est.h -nt ${OUT_DIR}/inc/est.h ] ; then
cp ../src/paks/est/est.h ${OUT_DIR}/inc/est.h
fi
if [ ../src/paks/http/http.h -nt ${OUT_DIR}/inc/http.h ] ; then
cp ../src/paks/http/http.h ${OUT_DIR}/inc/http.h
fi
if [ ../src/paks/mpr/mpr.h -nt ${OUT_DIR}/inc/mpr.h ] ; then
cp ../src/paks/mpr/mpr.h ${OUT_DIR}/inc/mpr.h
fi
if [ ../src/paks/pcre/pcre.h -nt ${OUT_DIR}/inc/pcre.h ] ; then
cp ../src/paks/pcre/pcre.h ${OUT_DIR}/inc/pcre.h
fi
if [ ../src/paks/zlib/zlib.h -nt ${OUT_DIR}/inc/zlib.h ] ; then
cp ../src/paks/zlib/zlib.h ${OUT_DIR}/inc/zlib.h
fi";
		};
/* End PBXShellScriptBuildPhase section */

/* Begin PBXProject section */
		D17998CCD179A83E00000001 /* Project object */ = {
			isa = PBXProject;
			attributes = {
				LastUpgradeCheck = 0430;
				ORGANIZATIONNAME = "embedthis";
			};
			buildConfigurationList = D17998CCD179A83E00000002 /* Build configuration list for PBXProject "me" */;
			compatibilityVersion = "Xcode 3.2";
			developmentRegion = English;
			hasScannedForEncodings = 0;
			knownRegions = (
				en,
			);
			mainGroup = D17998CCD179A83E0000009D;
			productRefGroup = D17998CCD179A83E000000A7 /* Products */;
			projectDirPath = "";
			projectRoot = "";
			targets = (
				D17998CCD179A83E00000013 /* All */,
				D17998CCD179A83E00000021 /* Prep */,
				D17998CCD179A83E00000057 /* libejs */,
				D17998CCD179A83E0000006E /* libest */,
				D17998CCD179A83E00000053 /* libhttp */,
				D17998CCD179A83E0000004F /* libmpr */,
				D17998CCD179A83E00000084 /* libmprssl */,
				D17998CCD179A83E00000051 /* libpcre */,
				D17998CCD179A83E00000055 /* libzlib */,
				D17998CCD179A83E00000059 /* ejsc */,
				D17998CCD179A83E00000086 /* me */,
				D17998CCD179A83E00000006 /* ejs.mod */,
				D17998CCD179A83E0000000B /* http-ca-crt */,
				D17998CCD179A83E0000000F /* me-core */,
			);
		};
/* End PBXProject section */

/* Begin PBXSourcesBuildPhase section */
		D17998CCD179A83E000000A8 /* ejsc Sources */ = {
			isa = PBXSourcesBuildPhase;
			buildActionMask = 2147483647;
			files = (
				D17998CCD179A83E00000023 /* ejsc.c in Sources */,
			);
			runOnlyForDeploymentPostprocessing = 0;
		};
		D17998CCD179A83E000000B0 /* libejs Sources */ = {
			isa = PBXSourcesBuildPhase;
			buildActionMask = 2147483647;
			files = (
				D17998CCD179A83E00000025 /* ejsLib.c in Sources */,
			);
			runOnlyForDeploymentPostprocessing = 0;
		};
		D17998CCD179A83E000000B7 /* libest Sources */ = {
			isa = PBXSourcesBuildPhase;
			buildActionMask = 2147483647;
			files = (
				D17998CCD179A83E00000027 /* estLib.c in Sources */,
			);
			runOnlyForDeploymentPostprocessing = 0;
		};
		D17998CCD179A83E000000BA /* libhttp Sources */ = {
			isa = PBXSourcesBuildPhase;
			buildActionMask = 2147483647;
			files = (
				D17998CCD179A83E00000029 /* httpLib.c in Sources */,
			);
			runOnlyForDeploymentPostprocessing = 0;
		};
		D17998CCD179A83E000000BF /* libmpr Sources */ = {
			isa = PBXSourcesBuildPhase;
			buildActionMask = 2147483647;
			files = (
				D17998CCD179A83E0000002B /* mprLib.c in Sources */,
			);
			runOnlyForDeploymentPostprocessing = 0;
		};
		D17998CCD179A83E000000C2 /* libmprssl Sources */ = {
			isa = PBXSourcesBuildPhase;
			buildActionMask = 2147483647;
			files = (
				D17998CCD179A83E0000002D /* mprSsl.c in Sources */,
			);
			runOnlyForDeploymentPostprocessing = 0;
		};
		D17998CCD179A83E000000C7 /* libpcre Sources */ = {
			isa = PBXSourcesBuildPhase;
			buildActionMask = 2147483647;
			files = (
				D17998CCD179A83E0000002F /* pcre.c in Sources */,
			);
			runOnlyForDeploymentPostprocessing = 0;
		};
		D17998CCD179A83E000000CA /* libzlib Sources */ = {
			isa = PBXSourcesBuildPhase;
			buildActionMask = 2147483647;
			files = (
				D17998CCD179A83E00000031 /* zlib.c in Sources */,
			);
			runOnlyForDeploymentPostprocessing = 0;
		};
		D17998CCD179A83E000000CD /* me Sources */ = {
			isa = PBXSourcesBuildPhase;
			buildActionMask = 2147483647;
			files = (
				D17998CCD179A83E00000033 /* me.c in Sources */,
			);
			runOnlyForDeploymentPostprocessing = 0;
		};
/* End PBXSourcesBuildPhase section */

/* Begin PBXTargetDependency section */
		D17998CCD179A83E00000009 /* PBXTargetDependency ejs.mod depends on Prep */ = {
			isa = PBXTargetDependency;
			target = D17998CCD179A83E00000021 /* Prep */;
			targetProxy = D17998CCD179A83E0000004D /* PBXContainerItemProxy */;
		};
		D17998CCD179A83E000000D6 /* PBXTargetDependency ejs.mod depends on libmpr */ = {
			isa = PBXTargetDependency;
			target = D17998CCD179A83E0000004F /* libmpr */;
			targetProxy = D17998CCD179A83E0000004E /* PBXContainerItemProxy */;
		};
		D17998CCD179A83E000000D7 /* PBXTargetDependency ejs.mod depends on libpcre */ = {
			isa = PBXTargetDependency;
			target = D17998CCD179A83E00000051 /* libpcre */;
			targetProxy = D17998CCD179A83E00000050 /* PBXContainerItemProxy */;
		};
		D17998CCD179A83E000000D8 /* PBXTargetDependency ejs.mod depends on libhttp */ = {
			isa = PBXTargetDependency;
			target = D17998CCD179A83E00000053 /* libhttp */;
			targetProxy = D17998CCD179A83E00000052 /* PBXContainerItemProxy */;
		};
		D17998CCD179A83E000000D9 /* PBXTargetDependency ejs.mod depends on libzlib */ = {
			isa = PBXTargetDependency;
			target = D17998CCD179A83E00000055 /* libzlib */;
			targetProxy = D17998CCD179A83E00000054 /* PBXContainerItemProxy */;
		};
		D17998CCD179A83E000000DA /* PBXTargetDependency ejs.mod depends on libejs */ = {
			isa = PBXTargetDependency;
			target = D17998CCD179A83E00000057 /* libejs */;
			targetProxy = D17998CCD179A83E00000056 /* PBXContainerItemProxy */;
		};
		D17998CCD179A83E00000008 /* PBXTargetDependency ejs.mod depends on ejsc */ = {
			isa = PBXTargetDependency;
			target = D17998CCD179A83E00000059 /* ejsc */;
			targetProxy = D17998CCD179A83E00000058 /* PBXContainerItemProxy */;
		};
		D17998CCD179A83E000000AA /* PBXTargetDependency ejsc depends on Prep */ = {
			isa = PBXTargetDependency;
			target = D17998CCD179A83E00000021 /* Prep */;
			targetProxy = D17998CCD179A83E0000005A /* PBXContainerItemProxy */;
		};
		D17998CCD179A83E000000AB /* PBXTargetDependency ejsc depends on libmpr */ = {
			isa = PBXTargetDependency;
			target = D17998CCD179A83E0000004F /* libmpr */;
			targetProxy = D17998CCD179A83E0000005B /* PBXContainerItemProxy */;
		};
		D17998CCD179A83E000000AC /* PBXTargetDependency ejsc depends on libpcre */ = {
			isa = PBXTargetDependency;
			target = D17998CCD179A83E00000051 /* libpcre */;
			targetProxy = D17998CCD179A83E0000005C /* PBXContainerItemProxy */;
		};
		D17998CCD179A83E000000AD /* PBXTargetDependency ejsc depends on libhttp */ = {
			isa = PBXTargetDependency;
			target = D17998CCD179A83E00000053 /* libhttp */;
			targetProxy = D17998CCD179A83E0000005D /* PBXContainerItemProxy */;
		};
		D17998CCD179A83E000000AE /* PBXTargetDependency ejsc depends on libzlib */ = {
			isa = PBXTargetDependency;
			target = D17998CCD179A83E00000055 /* libzlib */;
			targetProxy = D17998CCD179A83E0000005E /* PBXContainerItemProxy */;
		};
		D17998CCD179A83E000000AF /* PBXTargetDependency ejsc depends on libejs */ = {
			isa = PBXTargetDependency;
			target = D17998CCD179A83E00000057 /* libejs */;
			targetProxy = D17998CCD179A83E0000005F /* PBXContainerItemProxy */;
		};
		D17998CCD179A83E0000000D /* PBXTargetDependency http-ca-crt depends on Prep */ = {
			isa = PBXTargetDependency;
			target = D17998CCD179A83E00000021 /* Prep */;
			targetProxy = D17998CCD179A83E00000060 /* PBXContainerItemProxy */;
		};
		D17998CCD179A83E000000B2 /* PBXTargetDependency libejs depends on Prep */ = {
			isa = PBXTargetDependency;
			target = D17998CCD179A83E00000021 /* Prep */;
			targetProxy = D17998CCD179A83E00000061 /* PBXContainerItemProxy */;
		};
		D17998CCD179A83E000000B3 /* PBXTargetDependency libejs depends on libmpr */ = {
			isa = PBXTargetDependency;
			target = D17998CCD179A83E0000004F /* libmpr */;
			targetProxy = D17998CCD179A83E00000062 /* PBXContainerItemProxy */;
		};
		D17998CCD179A83E000000B4 /* PBXTargetDependency libejs depends on libpcre */ = {
			isa = PBXTargetDependency;
			target = D17998CCD179A83E00000051 /* libpcre */;
			targetProxy = D17998CCD179A83E00000063 /* PBXContainerItemProxy */;
		};
		D17998CCD179A83E000000B5 /* PBXTargetDependency libejs depends on libhttp */ = {
			isa = PBXTargetDependency;
			target = D17998CCD179A83E00000053 /* libhttp */;
			targetProxy = D17998CCD179A83E00000064 /* PBXContainerItemProxy */;
		};
		D17998CCD179A83E000000B6 /* PBXTargetDependency libejs depends on libzlib */ = {
			isa = PBXTargetDependency;
			target = D17998CCD179A83E00000055 /* libzlib */;
			targetProxy = D17998CCD179A83E00000065 /* PBXContainerItemProxy */;
		};
		D17998CCD179A83E000000B9 /* PBXTargetDependency libest depends on Prep */ = {
			isa = PBXTargetDependency;
			target = D17998CCD179A83E00000021 /* Prep */;
			targetProxy = D17998CCD179A83E00000066 /* PBXContainerItemProxy */;
		};
		D17998CCD179A83E000000BC /* PBXTargetDependency libhttp depends on Prep */ = {
			isa = PBXTargetDependency;
			target = D17998CCD179A83E00000021 /* Prep */;
			targetProxy = D17998CCD179A83E00000067 /* PBXContainerItemProxy */;
		};
		D17998CCD179A83E000000BD /* PBXTargetDependency libhttp depends on libmpr */ = {
			isa = PBXTargetDependency;
			target = D17998CCD179A83E0000004F /* libmpr */;
			targetProxy = D17998CCD179A83E00000068 /* PBXContainerItemProxy */;
		};
		D17998CCD179A83E000000BE /* PBXTargetDependency libhttp depends on libpcre */ = {
			isa = PBXTargetDependency;
			target = D17998CCD179A83E00000051 /* libpcre */;
			targetProxy = D17998CCD179A83E00000069 /* PBXContainerItemProxy */;
		};
		D17998CCD179A83E000000C1 /* PBXTargetDependency libmpr depends on Prep */ = {
			isa = PBXTargetDependency;
			target = D17998CCD179A83E00000021 /* Prep */;
			targetProxy = D17998CCD179A83E0000006A /* PBXContainerItemProxy */;
		};
		D17998CCD179A83E000000C4 /* PBXTargetDependency libmprssl depends on Prep */ = {
			isa = PBXTargetDependency;
			target = D17998CCD179A83E00000021 /* Prep */;
			targetProxy = D17998CCD179A83E0000006B /* PBXContainerItemProxy */;
		};
		D17998CCD179A83E000000C5 /* PBXTargetDependency libmprssl depends on libmpr */ = {
			isa = PBXTargetDependency;
			target = D17998CCD179A83E0000004F /* libmpr */;
			targetProxy = D17998CCD179A83E0000006C /* PBXContainerItemProxy */;
		};
		D17998CCD179A83E000000C6 /* PBXTargetDependency libmprssl depends on libest */ = {
			isa = PBXTargetDependency;
			target = D17998CCD179A83E0000006E /* libest */;
			targetProxy = D17998CCD179A83E0000006D /* PBXContainerItemProxy */;
		};
		D17998CCD179A83E000000C9 /* PBXTargetDependency libpcre depends on Prep */ = {
			isa = PBXTargetDependency;
			target = D17998CCD179A83E00000021 /* Prep */;
			targetProxy = D17998CCD179A83E0000006F /* PBXContainerItemProxy */;
		};
		D17998CCD179A83E000000CC /* PBXTargetDependency libzlib depends on Prep */ = {
			isa = PBXTargetDependency;
			target = D17998CCD179A83E00000021 /* Prep */;
			targetProxy = D17998CCD179A83E00000070 /* PBXContainerItemProxy */;
		};
		D17998CCD179A83E000000CF /* PBXTargetDependency me depends on Prep */ = {
			isa = PBXTargetDependency;
			target = D17998CCD179A83E00000021 /* Prep */;
			targetProxy = D17998CCD179A83E00000071 /* PBXContainerItemProxy */;
		};
		D17998CCD179A83E000000D0 /* PBXTargetDependency me depends on libmpr */ = {
			isa = PBXTargetDependency;
			target = D17998CCD179A83E0000004F /* libmpr */;
			targetProxy = D17998CCD179A83E00000072 /* PBXContainerItemProxy */;
		};
		D17998CCD179A83E000000D1 /* PBXTargetDependency me depends on libpcre */ = {
			isa = PBXTargetDependency;
			target = D17998CCD179A83E00000051 /* libpcre */;
			targetProxy = D17998CCD179A83E00000073 /* PBXContainerItemProxy */;
		};
		D17998CCD179A83E000000D2 /* PBXTargetDependency me depends on libhttp */ = {
			isa = PBXTargetDependency;
			target = D17998CCD179A83E00000053 /* libhttp */;
			targetProxy = D17998CCD179A83E00000074 /* PBXContainerItemProxy */;
		};
		D17998CCD179A83E000000D3 /* PBXTargetDependency me depends on libzlib */ = {
			isa = PBXTargetDependency;
			target = D17998CCD179A83E00000055 /* libzlib */;
			targetProxy = D17998CCD179A83E00000075 /* PBXContainerItemProxy */;
		};
		D17998CCD179A83E000000D4 /* PBXTargetDependency me depends on libejs */ = {
			isa = PBXTargetDependency;
			target = D17998CCD179A83E00000057 /* libejs */;
			targetProxy = D17998CCD179A83E00000076 /* PBXContainerItemProxy */;
		};
		D17998CCD179A83E000000D5 /* PBXTargetDependency me depends on ejsc */ = {
			isa = PBXTargetDependency;
			target = D17998CCD179A83E00000059 /* ejsc */;
			targetProxy = D17998CCD179A83E00000077 /* PBXContainerItemProxy */;
		};
		D17998CCD179A83E00000011 /* PBXTargetDependency me-core depends on Prep */ = {
			isa = PBXTargetDependency;
			target = D17998CCD179A83E00000021 /* Prep */;
			targetProxy = D17998CCD179A83E00000078 /* PBXContainerItemProxy */;
		};
		D17998CCD179A83E000000DB /* PBXTargetDependency All depends on Prep */ = {
			isa = PBXTargetDependency;
			target = D17998CCD179A83E00000021 /* Prep */;
			targetProxy = D17998CCD179A83E00000079 /* PBXContainerItemProxy */;
		};
		D17998CCD179A83E0000001A /* PBXTargetDependency All depends on libmpr */ = {
			isa = PBXTargetDependency;
			target = D17998CCD179A83E0000004F /* libmpr */;
			targetProxy = D17998CCD179A83E0000007A /* PBXContainerItemProxy */;
		};
		D17998CCD179A83E0000001C /* PBXTargetDependency All depends on libpcre */ = {
			isa = PBXTargetDependency;
			target = D17998CCD179A83E00000051 /* libpcre */;
			targetProxy = D17998CCD179A83E0000007B /* PBXContainerItemProxy */;
		};
		D17998CCD179A83E00000019 /* PBXTargetDependency All depends on libhttp */ = {
			isa = PBXTargetDependency;
			target = D17998CCD179A83E00000053 /* libhttp */;
			targetProxy = D17998CCD179A83E0000007C /* PBXContainerItemProxy */;
		};
		D17998CCD179A83E0000001D /* PBXTargetDependency All depends on libzlib */ = {
			isa = PBXTargetDependency;
			target = D17998CCD179A83E00000055 /* libzlib */;
			targetProxy = D17998CCD179A83E0000007D /* PBXContainerItemProxy */;
		};
		D17998CCD179A83E00000017 /* PBXTargetDependency All depends on libejs */ = {
			isa = PBXTargetDependency;
			target = D17998CCD179A83E00000057 /* libejs */;
			targetProxy = D17998CCD179A83E0000007E /* PBXContainerItemProxy */;
		};
		D17998CCD179A83E00000015 /* PBXTargetDependency All depends on ejsc */ = {
			isa = PBXTargetDependency;
			target = D17998CCD179A83E00000059 /* ejsc */;
			targetProxy = D17998CCD179A83E0000007F /* PBXContainerItemProxy */;
		};
		D17998CCD179A83E00000014 /* PBXTargetDependency All depends on ejs.mod */ = {
			isa = PBXTargetDependency;
			target = D17998CCD179A83E00000006 /* ejs.mod */;
			targetProxy = D17998CCD179A83E00000080 /* PBXContainerItemProxy */;
		};
		D17998CCD179A83E00000016 /* PBXTargetDependency All depends on http-ca-crt */ = {
			isa = PBXTargetDependency;
			target = D17998CCD179A83E0000000B /* http-ca-crt */;
			targetProxy = D17998CCD179A83E00000081 /* PBXContainerItemProxy */;
		};
		D17998CCD179A83E00000018 /* PBXTargetDependency All depends on libest */ = {
			isa = PBXTargetDependency;
			target = D17998CCD179A83E0000006E /* libest */;
			targetProxy = D17998CCD179A83E00000082 /* PBXContainerItemProxy */;
		};
		D17998CCD179A83E0000001B /* PBXTargetDependency All depends on libmprssl */ = {
			isa = PBXTargetDependency;
			target = D17998CCD179A83E00000084 /* libmprssl */;
			targetProxy = D17998CCD179A83E00000083 /* PBXContainerItemProxy */;
		};
		D17998CCD179A83E0000001E /* PBXTargetDependency All depends on me */ = {
			isa = PBXTargetDependency;
			target = D17998CCD179A83E00000086 /* me */;
			targetProxy = D17998CCD179A83E00000085 /* PBXContainerItemProxy */;
		};
		D17998CCD179A83E0000001F /* PBXTargetDependency All depends on me-core */ = {
			isa = PBXTargetDependency;
			target = D17998CCD179A83E0000000F /* me-core */;
			targetProxy = D17998CCD179A83E00000087 /* PBXContainerItemProxy */;
		};
/* End PBXTargetDependency section */

/* Begin XCBuildConfiguration section */
		D17998CCD179A83E00000003 /* Debug */ = {
			isa = XCBuildConfiguration;
			buildSettings = {

                /* Common Settings */
				ALWAYS_SEARCH_USER_PATHS = NO;
                ONLY_ACTIVE_ARCH = YES;
                CURRENT_PROJECT_VERSION = 0.8.0;
                DYLIB_COMPATIBILITY_VERSION = "$(CURRENT_PROJECT_VERSION)";
                DYLIB_CURRENT_VERSION = "$(CURRENT_PROJECT_VERSION)";
				GCC_C_LANGUAGE_STANDARD = gnu99;
				GCC_VERSION = com.apple.compilers.llvm.clang.1_0;
				GCC_WARN_ABOUT_RETURN_TYPE = YES;
                LD_DYLIB_INSTALL_NAME = "@rpath/$(EXECUTABLE_PATH)";
				MACOSX_DEPLOYMENT_TARGET = 10.7;
				SDKROOT = macosx;

                OUT_DIR = "../macosx-x64-default";
                BIN_DIR = "../macosx-x64-default/bin";
                LIB_DIR = "../macosx-x64-default/bin";
                INC_DIR = "../macosx-x64-default/inc";
                OBJ_DIR = "../macosx-x64-default/obj";
                SRC_DIR = "..";

                CONFIGURATION_TEMP_DIR = "$(OBJ_DIR)/tmp/$(CONFIGURATION)";
                CONFIGURATION_BUILD_DIR = "$(BIN_DIR)";
                INSTALL_PATH = "/usr/lib/me";
                DSTROOT = "/tmp/me.dst";
                OBJROOT = "$(OBJ_DIR)";
                SYMROOT = "$(BIN_DIR)";
				GCC_WARN_64_TO_32_ME_CONVERSION = YES;
				GCC_WARN_64_TO_32_ME_CONVERSION = YES;
				GCC_WARN_UNUSED_VARIABLE = NO;
				GCC_WARN_UNUSED_FUNCTION = NO;
				GCC_WARN_UNUSED_LABEL = NO;
				GCC_WARN_64_TO_32_ME_CONVERSION = YES;
				GCC_WARN_64_TO_32_ME_CONVERSION = YES;
				GCC_WARN_UNUSED_VARIABLE = NO;
				GCC_WARN_UNUSED_FUNCTION = NO;
				GCC_WARN_UNUSED_LABEL = NO;

                /* Debug Settings */
				COPY_PHASE_STRIP = NO;
				GCC_OPTIMIZATION_LEVEL = 0;
				GCC_SYMBOLS_PRIVATE_EXTERN = NO;
				HEADER_SEARCH_PATHS = (
					"../macosx-x64-default/inc",
					"$(inherited)"
				);
				GCC_PREPROCESSOR_DEFINITIONS = (
					"ME_DEBUG",
					"$(inherited)"
				);
				LIBRARY_SEARCH_PATHS = (
					"../macosx-x64-default/bin",
					"$(inherited)"
				);
				OTHER_LDFLAGS = (
					"-Wl,-rpath,@executable_path/",
					"-Wl,-rpath,@loader_path/",
					"-ldl",
					"-lpthread",
					"-lm",
					"$(inherited)"
				);

			};
			name = Debug;
		};
		D17998CCD179A83E00000004 /* Release */ = {
			isa = XCBuildConfiguration;
			buildSettings = {

                /* Common Settings */
				ALWAYS_SEARCH_USER_PATHS = NO;
                ONLY_ACTIVE_ARCH = YES;
                CURRENT_PROJECT_VERSION = 0.8.0;
                DYLIB_COMPATIBILITY_VERSION = "$(CURRENT_PROJECT_VERSION)";
                DYLIB_CURRENT_VERSION = "$(CURRENT_PROJECT_VERSION)";
				GCC_C_LANGUAGE_STANDARD = gnu99;
				GCC_VERSION = com.apple.compilers.llvm.clang.1_0;
				GCC_WARN_ABOUT_RETURN_TYPE = YES;
                LD_DYLIB_INSTALL_NAME = "@rpath/$(EXECUTABLE_PATH)";
				MACOSX_DEPLOYMENT_TARGET = 10.7;
				SDKROOT = macosx;

                OUT_DIR = "../macosx-x64-default";
                BIN_DIR = "../macosx-x64-default/bin";
                LIB_DIR = "../macosx-x64-default/bin";
                INC_DIR = "../macosx-x64-default/inc";
                OBJ_DIR = "../macosx-x64-default/obj";
                SRC_DIR = "..";

                CONFIGURATION_TEMP_DIR = "$(OBJ_DIR)/tmp/$(CONFIGURATION)";
                CONFIGURATION_BUILD_DIR = "$(BIN_DIR)";
                INSTALL_PATH = "/usr/lib/me";
                DSTROOT = "/tmp/me.dst";
                OBJROOT = "$(OBJ_DIR)";
                SYMROOT = "$(BIN_DIR)";
				GCC_WARN_64_TO_32_ME_CONVERSION = YES;
				GCC_WARN_64_TO_32_ME_CONVERSION = YES;
				GCC_WARN_UNUSED_VARIABLE = NO;
				GCC_WARN_UNUSED_FUNCTION = NO;
				GCC_WARN_UNUSED_LABEL = NO;
				GCC_WARN_64_TO_32_ME_CONVERSION = YES;
				GCC_WARN_64_TO_32_ME_CONVERSION = YES;
				GCC_WARN_UNUSED_VARIABLE = NO;
				GCC_WARN_UNUSED_FUNCTION = NO;
				GCC_WARN_UNUSED_LABEL = NO;

                /* Release Settings */
				COPY_PHASE_STRIP = YES;
				DEBUG_INFORMATION_FORMAT = "dwarf-with-dsym";
				GCC_OPTIMIZATION_LEVEL = s;
                GCC_WARN_UNINITIALIZED_AUTOS = NO;
				HEADER_SEARCH_PATHS = (
					"../macosx-x64-default/inc",
					"$(inherited)"
				);

				LIBRARY_SEARCH_PATHS = (
					"../macosx-x64-default/bin",
					"$(inherited)"
				);
				OTHER_LDFLAGS = (
					"-Wl,-rpath,@executable_path/",
					"-Wl,-rpath,@loader_path/",
					"-ldl",
					"-lpthread",
					"-lm",
					"$(inherited)"
				);

			};
			name = Release;
		};
		D17998CCD179A83E000000DC /* Debug */ = {
			isa = XCBuildConfiguration;
			buildSettings = {
				PRODUCT_NAME = ejs.mod;

				GCC_PREPROCESSOR_DEFINITIONS = (
					"ME_DEBUG",
					"$(inherited)"
				);
			};
			name = Debug;
		};
		D17998CCD179A83E000000DD /* Release */ = {
			isa = XCBuildConfiguration;
			buildSettings = {
				PRODUCT_NAME = ejs.mod;


			};
			name = Release;
		};
		D17998CCD179A83E000000DE /* Debug */ = {
			isa = XCBuildConfiguration;
			buildSettings = {
				PRODUCT_NAME = ejsc;

				GCC_PREPROCESSOR_DEFINITIONS = (
					"ME_DEBUG",
					"$(inherited)"
				);
			};
			name = Debug;
		};
		D17998CCD179A83E000000DF /* Release */ = {
			isa = XCBuildConfiguration;
			buildSettings = {
				PRODUCT_NAME = ejsc;


			};
			name = Release;
		};
		D17998CCD179A83E000000E0 /* Debug */ = {
			isa = XCBuildConfiguration;
			buildSettings = {
				PRODUCT_NAME = http-ca-crt;

				GCC_PREPROCESSOR_DEFINITIONS = (
					"ME_DEBUG",
					"$(inherited)"
				);
			};
			name = Debug;
		};
		D17998CCD179A83E000000E1 /* Release */ = {
			isa = XCBuildConfiguration;
			buildSettings = {
				PRODUCT_NAME = http-ca-crt;


			};
			name = Release;
		};
		D17998CCD179A83E000000E2 /* Debug */ = {
			isa = XCBuildConfiguration;
			buildSettings = {
				PRODUCT_NAME = libejs;

				GCC_PREPROCESSOR_DEFINITIONS = (
					"ME_DEBUG",
					"$(inherited)"
				);
			};
			name = Debug;
		};
		D17998CCD179A83E000000E3 /* Release */ = {
			isa = XCBuildConfiguration;
			buildSettings = {
				PRODUCT_NAME = libejs;


			};
			name = Release;
		};
		D17998CCD179A83E000000E4 /* Debug */ = {
			isa = XCBuildConfiguration;
			buildSettings = {
				PRODUCT_NAME = libest;

				GCC_PREPROCESSOR_DEFINITIONS = (
					"ME_DEBUG",
					"$(inherited)"
				);
			};
			name = Debug;
		};
		D17998CCD179A83E000000E5 /* Release */ = {
			isa = XCBuildConfiguration;
			buildSettings = {
				PRODUCT_NAME = libest;


			};
			name = Release;
		};
		D17998CCD179A83E000000E6 /* Debug */ = {
			isa = XCBuildConfiguration;
			buildSettings = {
				PRODUCT_NAME = libhttp;

				GCC_PREPROCESSOR_DEFINITIONS = (
					"ME_DEBUG",
					"$(inherited)"
				);
			};
			name = Debug;
		};
		D17998CCD179A83E000000E7 /* Release */ = {
			isa = XCBuildConfiguration;
			buildSettings = {
				PRODUCT_NAME = libhttp;


			};
			name = Release;
		};
		D17998CCD179A83E000000E8 /* Debug */ = {
			isa = XCBuildConfiguration;
			buildSettings = {
				PRODUCT_NAME = libmpr;

				GCC_PREPROCESSOR_DEFINITIONS = (
					"ME_DEBUG",
					"$(inherited)"
				);
			};
			name = Debug;
		};
		D17998CCD179A83E000000E9 /* Release */ = {
			isa = XCBuildConfiguration;
			buildSettings = {
				PRODUCT_NAME = libmpr;


			};
			name = Release;
		};
		D17998CCD179A83E000000EA /* Debug */ = {
			isa = XCBuildConfiguration;
			buildSettings = {
				PRODUCT_NAME = libmprssl;

				GCC_PREPROCESSOR_DEFINITIONS = (
					"ME_DEBUG",
					"$(inherited)"
				);
			};
			name = Debug;
		};
		D17998CCD179A83E000000EB /* Release */ = {
			isa = XCBuildConfiguration;
			buildSettings = {
				PRODUCT_NAME = libmprssl;


			};
			name = Release;
		};
		D17998CCD179A83E000000EC /* Debug */ = {
			isa = XCBuildConfiguration;
			buildSettings = {
				PRODUCT_NAME = libpcre;

				GCC_PREPROCESSOR_DEFINITIONS = (
					"PCRE_CHAR=char",
					"ME_DEBUG",
					"$(inherited)"
				);
			};
			name = Debug;
		};
		D17998CCD179A83E000000ED /* Release */ = {
			isa = XCBuildConfiguration;
			buildSettings = {
				PRODUCT_NAME = libpcre;

				GCC_PREPROCESSOR_DEFINITIONS = (
					"PCRE_CHAR=char",
					"$(inherited)"
				);
			};
			name = Release;
		};
		D17998CCD179A83E000000EE /* Debug */ = {
			isa = XCBuildConfiguration;
			buildSettings = {
				PRODUCT_NAME = libzlib;

				GCC_PREPROCESSOR_DEFINITIONS = (
					"ME_DEBUG",
					"$(inherited)"
				);
			};
			name = Debug;
		};
		D17998CCD179A83E000000EF /* Release */ = {
			isa = XCBuildConfiguration;
			buildSettings = {
				PRODUCT_NAME = libzlib;


			};
			name = Release;
		};
		D17998CCD179A83E000000F0 /* Debug */ = {
			isa = XCBuildConfiguration;
			buildSettings = {
				PRODUCT_NAME = me;

				GCC_PREPROCESSOR_DEFINITIONS = (
					"ME_DEBUG",
					"$(inherited)"
				);
			};
			name = Debug;
		};
		D17998CCD179A83E000000F1 /* Release */ = {
			isa = XCBuildConfiguration;
			buildSettings = {
				PRODUCT_NAME = me;


			};
			name = Release;
		};
		D17998CCD179A83E000000F2 /* Debug */ = {
			isa = XCBuildConfiguration;
			buildSettings = {
				PRODUCT_NAME = me-core;

				GCC_PREPROCESSOR_DEFINITIONS = (
					"ME_DEBUG",
					"$(inherited)"
				);
			};
			name = Debug;
		};
		D17998CCD179A83E000000F3 /* Release */ = {
			isa = XCBuildConfiguration;
			buildSettings = {
				PRODUCT_NAME = me-core;


			};
			name = Release;
		};
		D17998CCD179A83E000000F4 /* Debug */ = {
			isa = XCBuildConfiguration;
			buildSettings = {
				PRODUCT_NAME = All;

				GCC_PREPROCESSOR_DEFINITIONS = (
					"ME_DEBUG",
					"$(inherited)"
				);
			};
			name = Debug;
		};
		D17998CCD179A83E000000F5 /* Release */ = {
			isa = XCBuildConfiguration;
			buildSettings = {
				PRODUCT_NAME = All;


			};
			name = Release;
		};
		D17998CCD179A83E000000F6 /* Debug */ = {
			isa = XCBuildConfiguration;
			buildSettings = {
				PRODUCT_NAME = Prep;

				GCC_PREPROCESSOR_DEFINITIONS = (
					"ME_DEBUG",
					"$(inherited)"
				);
			};
			name = Debug;
		};
		D17998CCD179A83E000000F7 /* Release */ = {
			isa = XCBuildConfiguration;
			buildSettings = {
				PRODUCT_NAME = Prep;


			};
			name = Release;
		};
/* End XCBuildConfiguration section */

/* Begin XCConfigurationList section */
		D17998CCD179A83E00000002 /* Build configuration list for PBXProject "me" */ = {
			isa = XCConfigurationList;
			buildConfigurations = (
				D17998CCD179A83E00000003 /* Debug */,
				D17998CCD179A83E00000004 /* Release */,
			);
			defaultConfigurationIsVisible = 0;
			defaultConfigurationName = Release;
		};
		D17998CCD179A83E00000005 /* Build configuration list for PBXNativeTarget "ejs.mod" */ = {
			isa = XCConfigurationList;
			buildConfigurations = (
				D17998CCD179A83E000000DC /* Debug */,
				D17998CCD179A83E000000DD /* Release */,
			);
			defaultConfigurationIsVisible = 0;
			defaultConfigurationName = Release;
		};
		D17998CCD179A83E000000A9 /* Build configuration list for PBXNativeTarget "ejsc" */ = {
			isa = XCConfigurationList;
			buildConfigurations = (
				D17998CCD179A83E000000DE /* Debug */,
				D17998CCD179A83E000000DF /* Release */,
			);
			defaultConfigurationIsVisible = 0;
			defaultConfigurationName = Release;
		};
		D17998CCD179A83E0000000A /* Build configuration list for PBXNativeTarget "http-ca-crt" */ = {
			isa = XCConfigurationList;
			buildConfigurations = (
				D17998CCD179A83E000000E0 /* Debug */,
				D17998CCD179A83E000000E1 /* Release */,
			);
			defaultConfigurationIsVisible = 0;
			defaultConfigurationName = Release;
		};
		D17998CCD179A83E000000B1 /* Build configuration list for PBXNativeTarget "libejs" */ = {
			isa = XCConfigurationList;
			buildConfigurations = (
				D17998CCD179A83E000000E2 /* Debug */,
				D17998CCD179A83E000000E3 /* Release */,
			);
			defaultConfigurationIsVisible = 0;
			defaultConfigurationName = Release;
		};
		D17998CCD179A83E000000B8 /* Build configuration list for PBXNativeTarget "libest" */ = {
			isa = XCConfigurationList;
			buildConfigurations = (
				D17998CCD179A83E000000E4 /* Debug */,
				D17998CCD179A83E000000E5 /* Release */,
			);
			defaultConfigurationIsVisible = 0;
			defaultConfigurationName = Release;
		};
		D17998CCD179A83E000000BB /* Build configuration list for PBXNativeTarget "libhttp" */ = {
			isa = XCConfigurationList;
			buildConfigurations = (
				D17998CCD179A83E000000E6 /* Debug */,
				D17998CCD179A83E000000E7 /* Release */,
			);
			defaultConfigurationIsVisible = 0;
			defaultConfigurationName = Release;
		};
		D17998CCD179A83E000000C0 /* Build configuration list for PBXNativeTarget "libmpr" */ = {
			isa = XCConfigurationList;
			buildConfigurations = (
				D17998CCD179A83E000000E8 /* Debug */,
				D17998CCD179A83E000000E9 /* Release */,
			);
			defaultConfigurationIsVisible = 0;
			defaultConfigurationName = Release;
		};
		D17998CCD179A83E000000C3 /* Build configuration list for PBXNativeTarget "libmprssl" */ = {
			isa = XCConfigurationList;
			buildConfigurations = (
				D17998CCD179A83E000000EA /* Debug */,
				D17998CCD179A83E000000EB /* Release */,
			);
			defaultConfigurationIsVisible = 0;
			defaultConfigurationName = Release;
		};
		D17998CCD179A83E000000C8 /* Build configuration list for PBXNativeTarget "libpcre" */ = {
			isa = XCConfigurationList;
			buildConfigurations = (
				D17998CCD179A83E000000EC /* Debug */,
				D17998CCD179A83E000000ED /* Release */,
			);
			defaultConfigurationIsVisible = 0;
			defaultConfigurationName = Release;
		};
		D17998CCD179A83E000000CB /* Build configuration list for PBXNativeTarget "libzlib" */ = {
			isa = XCConfigurationList;
			buildConfigurations = (
				D17998CCD179A83E000000EE /* Debug */,
				D17998CCD179A83E000000EF /* Release */,
			);
			defaultConfigurationIsVisible = 0;
			defaultConfigurationName = Release;
		};
		D17998CCD179A83E000000CE /* Build configuration list for PBXNativeTarget "me" */ = {
			isa = XCConfigurationList;
			buildConfigurations = (
				D17998CCD179A83E000000F0 /* Debug */,
				D17998CCD179A83E000000F1 /* Release */,
			);
			defaultConfigurationIsVisible = 0;
			defaultConfigurationName = Release;
		};
		D17998CCD179A83E0000000E /* Build configuration list for PBXNativeTarget "me-core" */ = {
			isa = XCConfigurationList;
			buildConfigurations = (
				D17998CCD179A83E000000F2 /* Debug */,
				D17998CCD179A83E000000F3 /* Release */,
			);
			defaultConfigurationIsVisible = 0;
			defaultConfigurationName = Release;
		};
		D17998CCD179A83E00000012 /* Build configuration list for PBXNativeTarget "All" */ = {
			isa = XCConfigurationList;
			buildConfigurations = (
				D17998CCD179A83E000000F4 /* Debug */,
				D17998CCD179A83E000000F5 /* Release */,
			);
			defaultConfigurationIsVisible = 0;
			defaultConfigurationName = Release;
		};
		D17998CCD179A83E00000020 /* Build configuration list for PBXNativeTarget "Prep" */ = {
			isa = XCConfigurationList;
			buildConfigurations = (
				D17998CCD179A83E000000F6 /* Debug */,
				D17998CCD179A83E000000F7 /* Release */,
			);
			defaultConfigurationIsVisible = 0;
			defaultConfigurationName = Release;
		};
/* End XCConfigurationList section */
	};
	rootObject = D17998CCD179A83E00000001 /* Project object */;
}
